
Microsoft Visual Studio Solution File, Format Version 12.00
# Visual Studio 15
VisualStudioVersion = 15.0.28307.168
MinimumVisualStudioVersion = 10.0.40219.1
Project("{8BC9CEB8-8B4A-11D0-8D11-00A0C91BC942}") = "arrayone", "arrayone\arrayone.vcxproj", "{71663EC7-6BE3-4273-A565-BC8026EE3254}"
EndProject
Project("{8BC9CEB8-8B4A-11D0-8D11-00A0C91BC942}") = "strings", "strings\strings.vcxproj", "{C705ADEA-B0CB-4465-A35A-C12E82D5E2A3}"
EndProject
Project("{8BC9CEB8-8B4A-11D0-8D11-00A0C91BC942}") = "instr1", "instr1\instr1.vcxproj", "{ECB93022-70B5-499F-9DDE-5D6B8DDAC467}"
EndProject
Project("{8BC9CEB8-8B4A-11D0-8D11-00A0C91BC942}") = "instr2", "instr2\instr2.vcxproj", "{B449989E-C0A7-49B0-8ACC-971176227F95}"
EndProject
Project("{8BC9CEB8-8B4A-11D0-8D11-00A0C91BC942}") = "instr3", "instr3\instr3.vcxproj", "{C948D42A-73BD-4F8D-B402-35BE847653DF}"
EndProject
Project("{8BC9CEB8-8B4A-11D0-8D11-00A0C91BC942}") = "numstr", "numstr\numstr.vcxproj", "{6B8A75E6-9395-4FF0-AA44-3D2F13F41738}"
EndProject
Project("{8BC9CEB8-8B4A-11D0-8D11-00A0C91BC942}") = "strtype1", "strtype1\strtype1.vcxproj", "{D5EF89C6-EE47-4FE7-A950-4610CBE8A449}"
EndProject
Project("{8BC9CEB8-8B4A-11D0-8D11-00A0C91BC942}") = "strtype2", "strtype2\strtype2.vcxproj", "{53D82511-C180-4692-A27D-2606198D4FF9}"
EndProject
Project("{8BC9CEB8-8B4A-11D0-8D11-00A0C91BC942}") = "strtype3", "strtype3\strtype3.vcxproj", "{CA44E12B-8D5B-4F51-A131-E7B75DAEAB96}"
EndProject
Project("{8BC9CEB8-8B4A-11D0-8D11-00A0C91BC942}") = "strtype4", "strtype4\strtype4.vcxproj", "{8ADC0FB2-76D7-4DAA-99CF-C85A7CAB4116}"
EndProject
Global
	GlobalSection(SolutionConfigurationPlatforms) = preSolution
		Debug|x64 = Debug|x64
		Debug|x86 = Debug|x86
		Release|x64 = Release|x64
		Release|x86 = Release|x86
	EndGlobalSection
	GlobalSection(ProjectConfigurationPlatforms) = postSolution
		{71663EC7-6BE3-4273-A565-BC8026EE3254}.Debug|x64.ActiveCfg = Debug|x64
		{71663EC7-6BE3-4273-A565-BC8026EE3254}.Debug|x64.Build.0 = Debug|x64
		{71663EC7-6BE3-4273-A565-BC8026EE3254}.Debug|x86.ActiveCfg = Debug|Win32
		{71663EC7-6BE3-4273-A565-BC8026EE3254}.Debug|x86.Build.0 = Debug|Win32
		{71663EC7-6BE3-4273-A565-BC8026EE3254}.Release|x64.ActiveCfg = Release|x64
		{71663EC7-6BE3-4273-A565-BC8026EE3254}.Release|x64.Build.0 = Release|x64
		{71663EC7-6BE3-4273-A565-BC8026EE3254}.Release|x86.ActiveCfg = Release|Win32
		{71663EC7-6BE3-4273-A565-BC8026EE3254}.Release|x86.Build.0 = Release|Win32
		{C705ADEA-B0CB-4465-A35A-C12E82D5E2A3}.Debug|x64.ActiveCfg = Debug|x64
		{C705ADEA-B0CB-4465-A35A-C12E82D5E2A3}.Debug|x64.Build.0 = Debug|x64
		{C705ADEA-B0CB-4465-A35A-C12E82D5E2A3}.Debug|x86.ActiveCfg = Debug|Win32
		{C705ADEA-B0CB-4465-A35A-C12E82D5E2A3}.Debug|x86.Build.0 = Debug|Win32
		{C705ADEA-B0CB-4465-A35A-C12E82D5E2A3}.Release|x64.ActiveCfg = Release|x64
		{C705ADEA-B0CB-4465-A35A-C12E82D5E2A3}.Release|x64.Build.0 = Release|x64
		{C705ADEA-B0CB-4465-A35A-C12E82D5E2A3}.Release|x86.ActiveCfg = Release|Win32
		{C705ADEA-B0CB-4465-A35A-C12E82D5E2A3}.Release|x86.Build.0 = Release|Win32
		{ECB93022-70B5-499F-9DDE-5D6B8DDAC467}.Debug|x64.ActiveCfg = Debug|x64
		{ECB93022-70B5-499F-9DDE-5D6B8DDAC467}.Debug|x64.Build.0 = Debug|x64
		{ECB93022-70B5-499F-9DDE-5D6B8DDAC467}.Debug|x86.ActiveCfg = Debug|Win32
		{ECB93022-70B5-499F-9DDE-5D6B8DDAC467}.Debug|x86.Build.0 = Debug|Win32
		{ECB93022-70B5-499F-9DDE-5D6B8DDAC467}.Release|x64.ActiveCfg = Release|x64
		{ECB93022-70B5-499F-9DDE-5D6B8DDAC467}.Release|x64.Build.0 = Release|x64
		{ECB93022-70B5-499F-9DDE-5D6B8DDAC467}.Release|x86.ActiveCfg = Release|Win32
		{ECB93022-70B5-499F-9DDE-5D6B8DDAC467}.Release|x86.Build.0 = Release|Win32
		{B449989E-C0A7-49B0-8ACC-971176227F95}.Debug|x64.ActiveCfg = Debug|x64
		{B449989E-C0A7-49B0-8ACC-971176227F95}.Debug|x64.Build.0 = Debug|x64
		{B449989E-C0A7-49B0-8ACC-971176227F95}.Debug|x86.ActiveCfg = Debug|Win32
		{B449989E-C0A7-49B0-8ACC-971176227F95}.Debug|x86.Build.0 = Debug|Win32
		{B449989E-C0A7-49B0-8ACC-971176227F95}.Release|x64.ActiveCfg = Release|x64
		{B449989E-C0A7-49B0-8ACC-971176227F95}.Release|x64.Build.0 = Release|x64
		{B449989E-C0A7-49B0-8ACC-971176227F95}.Release|x86.ActiveCfg = Release|Win32
		{B449989E-C0A7-49B0-8ACC-971176227F95}.Release|x86.Build.0 = Release|Win32
		{C948D42A-73BD-4F8D-B402-35BE847653DF}.Debug|x64.ActiveCfg = Debug|x64
		{C948D42A-73BD-4F8D-B402-35BE847653DF}.Debug|x64.Build.0 = Debug|x64
		{C948D42A-73BD-4F8D-B402-35BE847653DF}.Debug|x86.ActiveCfg = Debug|Win32
		{C948D42A-73BD-4F8D-B402-35BE847653DF}.Debug|x86.Build.0 = Debug|Win32
		{C948D42A-73BD-4F8D-B402-35BE847653DF}.Release|x64.ActiveCfg = Release|x64
		{C948D42A-73BD-4F8D-B402-35BE847653DF}.Release|x64.Build.0 = Release|x64
		{C948D42A-73BD-4F8D-B402-35BE847653DF}.Release|x86.ActiveCfg = Release|Win32
		{C948D42A-73BD-4F8D-B402-35BE847653DF}.Release|x86.Build.0 = Release|Win32
		{6B8A75E6-9395-4FF0-AA44-3D2F13F41738}.Debug|x64.ActiveCfg = Debug|x64
		{6B8A75E6-9395-4FF0-AA44-3D2F13F41738}.Debug|x64.Build.0 = Debug|x64
		{6B8A75E6-9395-4FF0-AA44-3D2F13F41738}.Debug|x86.ActiveCfg = Debug|Win32
		{6B8A75E6-9395-4FF0-AA44-3D2F13F41738}.Debug|x86.Build.0 = Debug|Win32
		{6B8A75E6-9395-4FF0-AA44-3D2F13F41738}.Release|x64.ActiveCfg = Release|x64
		{6B8A75E6-9395-4FF0-AA44-3D2F13F41738}.Release|x64.Build.0 = Release|x64
		{6B8A75E6-9395-4FF0-AA44-3D2F13F41738}.Release|x86.ActiveCfg = Release|Win32
		{6B8A75E6-9395-4FF0-AA44-3D2F13F41738}.Release|x86.Build.0 = Release|Win32
		{D5EF89C6-EE47-4FE7-A950-4610CBE8A449}.Debug|x64.ActiveCfg = Debug|x64
		{D5EF89C6-EE47-4FE7-A950-4610CBE8A449}.Debug|x64.Build.0 = Debug|x64
		{D5EF89C6-EE47-4FE7-A950-4610CBE8A449}.Debug|x86.ActiveCfg = Debug|Win32
		{D5EF89C6-EE47-4FE7-A950-4610CBE8A449}.Debug|x86.Build.0 = Debug|Win32
		{D5EF89C6-EE47-4FE7-A950-4610CBE8A449}.Release|x64.ActiveCfg = Release|x64
		{D5EF89C6-EE47-4FE7-A950-4610CBE8A449}.Release|x64.Build.0 = Release|x64
		{D5EF89C6-EE47-4FE7-A950-4610CBE8A449}.Release|x86.ActiveCfg = Release|Win32
		{D5EF89C6-EE47-4FE7-A950-4610CBE8A449}.Release|x86.Build.0 = Release|Win32
		{53D82511-C180-4692-A27D-2606198D4FF9}.Debug|x64.ActiveCfg = Debug|x64
		{53D82511-C180-4692-A27D-2606198D4FF9}.Debug|x64.Build.0 = Debug|x64
		{53D82511-C180-4692-A27D-2606198D4FF9}.Debug|x86.ActiveCfg = Debug|Win32
		{53D82511-C180-4692-A27D-2606198D4FF9}.Debug|x86.Build.0 = Debug|Win32
		{53D82511-C180-4692-A27D-2606198D4FF9}.Release|x64.ActiveCfg = Release|x64
		{53D82511-C180-4692-A27D-2606198D4FF9}.Release|x64.Build.0 = Release|x64
		{53D82511-C180-4692-A27D-2606198D4FF9}.Release|x86.ActiveCfg = Release|Win32
		{53D82511-C180-4692-A27D-2606198D4FF9}.Release|x86.Build.0 = Release|Win32
		{CA44E12B-8D5B-4F51-A131-E7B75DAEAB96}.Debug|x64.ActiveCfg = Debug|x64
		{CA44E12B-8D5B-4F51-A131-E7B75DAEAB96}.Debug|x64.Build.0 = Debug|x64
		{CA44E12B-8D5B-4F51-A131-E7B75DAEAB96}.Debug|x86.ActiveCfg = Debug|Win32
		{CA44E12B-8D5B-4F51-A131-E7B75DAEAB96}.Debug|x86.Build.0 = Debug|Win32
		{CA44E12B-8D5B-4F51-A131-E7B75DAEAB96}.Release|x64.ActiveCfg = Release|x64
		{CA44E12B-8D5B-4F51-A131-E7B75DAEAB96}.Release|x64.Build.0 = Release|x64
		{CA44E12B-8D5B-4F51-A131-E7B75DAEAB96}.Release|x86.ActiveCfg = Release|Win32
		{CA44E12B-8D5B-4F51-A131-E7B75DAEAB96}.Release|x86.Build.0 = Release|Win32
		{8ADC0FB2-76D7-4DAA-99CF-C85A7CAB4116}.Debug|x64.ActiveCfg = Debug|x64
		{8ADC0FB2-76D7-4DAA-99CF-C85A7CAB4116}.Debug|x64.Build.0 = Debug|x64
		{8ADC0FB2-76D7-4DAA-99CF-C85A7CAB4116}.Debug|x86.ActiveCfg = Debug|Win32
		{8ADC0FB2-76D7-4DAA-99CF-C85A7CAB4116}.Debug|x86.Build.0 = Debug|Win32
		{8ADC0FB2-76D7-4DAA-99CF-C85A7CAB4116}.Release|x64.ActiveCfg = Release|x64
		{8ADC0FB2-76D7-4DAA-99CF-C85A7CAB4116}.Release|x64.Build.0 = Release|x64
		{8ADC0FB2-76D7-4DAA-99CF-C85A7CAB4116}.Release|x86.ActiveCfg = Release|Win32
		{8ADC0FB2-76D7-4DAA-99CF-C85A7CAB4116}.Release|x86.Build.0 = Release|Win32
	EndGlobalSection
	GlobalSection(SolutionProperties) = preSolution
		HideSolutionNode = FALSE
	EndGlobalSection
	GlobalSection(ExtensibilityGlobals) = postSolution
		SolutionGuid = {DDB64B37-FEA4-4394-AD64-65BEA9BFEC3C}
	EndGlobalSection
EndGlobal
