
Microsoft Visual Studio Solution File, Format Version 12.00
# Visual Studio 15
VisualStudioVersion = 15.0.28307.168
MinimumVisualStudioVersion = 10.0.40219.1
Project("{8BC9CEB8-8B4A-11D0-8D11-00A0C91BC942}") = "arrayone", "arrayone\arrayone.vcxproj", "{71663EC7-6BE3-4273-A565-BC8026EE3254}"
EndProject
Project("{8BC9CEB8-8B4A-11D0-8D11-00A0C91BC942}") = "strings", "strings\strings.vcxproj", "{C705ADEA-B0CB-4465-A35A-C12E82D5E2A3}"
EndProject
Project("{8BC9CEB8-8B4A-11D0-8D11-00A0C91BC942}") = "instr1", "instr1\instr1.vcxproj", "{ECB93022-70B5-499F-9DDE-5D6B8DDAC467}"
EndProject
Project("{8BC9CEB8-8B4A-11D0-8D11-00A0C91BC942}") = "instr2", "instr2\instr2.vcxproj", "{B449989E-C0A7-49B0-8ACC-971176227F95}"
EndProject
Project("{8BC9CEB8-8B4A-11D0-8D11-00A0C91BC942}") = "instr3", "instr3\instr3.vcxproj", "{C948D42A-73BD-4F8D-B402-35BE847653DF}"
EndProject
Project("{8BC9CEB8-8B4A-11D0-8D11-00A0C91BC942}") = "numstr", "numstr\numstr.vcxproj", "{6B8A75E6-9395-4FF0-AA44-3D2F13F41738}"
EndProject
Project("{8BC9CEB8-8B4A-11D0-8D11-00A0C91BC942}") = "strtype1", "strtype1\strtype1.vcxproj", "{D5EF89C6-EE47-4FE7-A950-4610CBE8A449}"
EndProject
Project("{8BC9CEB8-8B4A-11D0-8D11-00A0C91BC942}") = "strtype2", "strtype2\strtype2.vcxproj", "{53D82511-C180-4692-A27D-2606198D4FF9}"
EndProject
Project("{8BC9CEB8-8B4A-11D0-8D11-00A0C91BC942}") = "strtype3", "strtype3\strtype3.vcxproj", "{CA44E12B-8D5B-4F51-A131-E7B75DAEAB96}"
EndProject
Project("{8BC9CEB8-8B4A-11D0-8D11-00A0C91BC942}") = "strtype4", "strtype4\strtype4.vcxproj", "{8ADC0FB2-76D7-4DAA-99CF-C85A7CAB4116}"
EndProject
Project("{8BC9CEB8-8B4A-11D0-8D11-00A0C91BC942}") = "structur", "structur\structur.vcxproj", "{315EEF59-A55E-4A88-B40F-1D4D743C2181}"
EndProject
Project("{8BC9CEB8-8B4A-11D0-8D11-00A0C91BC942}") = "assgn_st", "assgn_st\assgn_st.vcxproj", "{B7B56FC5-F48F-4E5D-90B7-40D56DF9957D}"
EndProject
Project("{8BC9CEB8-8B4A-11D0-8D11-00A0C91BC942}") = "arrstruc", "arrstruc\arrstruc.vcxproj", "{61E5298D-BDA0-437E-9FD8-DF038B9F0B27}"
EndProject
Project("{8BC9CEB8-8B4A-11D0-8D11-00A0C91BC942}") = "address", "address\address.vcxproj", "{D790467A-4827-40E0-A37F-1DDE364CBD02}"
EndProject
Project("{8BC9CEB8-8B4A-11D0-8D11-00A0C91BC942}") = "pointer", "pointer\pointer.vcxproj", "{9538324D-B92C-4F2E-8EB8-142ECB301666}"
EndProject
Project("{8BC9CEB8-8B4A-11D0-8D11-00A0C91BC942}") = "init_ptr", "init_ptr\init_ptr.vcxproj", "{D525910D-F4A8-4682-B135-C0F387554BCC}"
EndProject
Project("{8BC9CEB8-8B4A-11D0-8D11-00A0C91BC942}") = "use_new", "use_new\use_new.vcxproj", "{97F7E743-5E2D-4499-A5C7-C7AAAC7A01C8}"
EndProject
Project("{8BC9CEB8-8B4A-11D0-8D11-00A0C91BC942}") = "arraynew", "arraynew\arraynew.vcxproj", "{9B308B3B-2B36-4C71-9F88-117DB892A194}"
EndProject
Project("{8BC9CEB8-8B4A-11D0-8D11-00A0C91BC942}") = "addpntrs", "addpntrs\addpntrs.vcxproj", "{5F3D4342-3703-489C-ACA2-394E676CBDEB}"
EndProject
Project("{8BC9CEB8-8B4A-11D0-8D11-00A0C91BC942}") = "ptrstr", "ptrstr\ptrstr.vcxproj", "{BC367261-8778-4D55-824A-BA2085BE6AAC}"
EndProject
Project("{8BC9CEB8-8B4A-11D0-8D11-00A0C91BC942}") = "newstrct", "newstrct\newstrct.vcxproj", "{661ED479-A01F-47C6-A763-668E0C1AB5C6}"
EndProject
Project("{8BC9CEB8-8B4A-11D0-8D11-00A0C91BC942}") = "delete", "delete\delete.vcxproj", "{EF949D56-9A40-407E-8652-87B01F22D2F9}"
EndProject
Project("{8BC9CEB8-8B4A-11D0-8D11-00A0C91BC942}") = "mixtypes", "mixtypes\mixtypes.vcxproj", "{77040C61-C09B-4D7B-8F27-4752AC9D45AF}"
EndProject
Project("{2150E333-8FDC-42A3-9474-1A3956D46DE8}") = "Chapter Review", "Chapter Review", "{3DEBBCDD-1642-4CD1-8CF4-EF9E8425C2CC}"
	ProjectSection(SolutionItems) = preProject
		ChapterReview02.txt = ChapterReview02.txt
		ChapterReview14.txt = ChapterReview14.txt
		ChapterReview16.txt = ChapterReview16.txt
	EndProjectSection
EndProject
Project("{8BC9CEB8-8B4A-11D0-8D11-00A0C91BC942}") = "ChapterReview01", "ChapterReview01\ChapterReview01.vcxproj", "{70D18A87-B906-4338-9ABE-4FD08F0F2FBF}"
EndProject
Project("{8BC9CEB8-8B4A-11D0-8D11-00A0C91BC942}") = "ChapterReview03", "ChapterReview03\ChapterReview03.vcxproj", "{F8100BEE-439C-415A-8DF9-C7B3FE8AE63F}"
EndProject
Project("{8BC9CEB8-8B4A-11D0-8D11-00A0C91BC942}") = "ChapterReview04", "ChapterReview04\ChapterReview04.vcxproj", "{7ACCD3A8-9CF6-4555-AE37-847EEA03364E}"
EndProject
Project("{8BC9CEB8-8B4A-11D0-8D11-00A0C91BC942}") = "ChapterReview05", "ChapterReview05\ChapterReview05.vcxproj", "{B1B91646-2408-4E69-B825-14768F46EFF4}"
EndProject
Project("{8BC9CEB8-8B4A-11D0-8D11-00A0C91BC942}") = "ChapterReview06", "ChapterReview06\ChapterReview06.vcxproj", "{3E5C8E59-D108-4431-AE48-FA7F7775B66C}"
EndProject
Project("{8BC9CEB8-8B4A-11D0-8D11-00A0C91BC942}") = "ChapterReview07", "ChapterReview07\ChapterReview07.vcxproj", "{A19A9970-5A6C-4E31-85A7-957CD96971FB}"
EndProject
Project("{8BC9CEB8-8B4A-11D0-8D11-00A0C91BC942}") = "ChapterReview08", "ChapterReview08\ChapterReview08.vcxproj", "{36347D56-70B8-43D0-B1FB-027523A765B9}"
EndProject
Project("{8BC9CEB8-8B4A-11D0-8D11-00A0C91BC942}") = "ChapterReview09", "ChapterReview09\ChapterReview09.vcxproj", "{86D1833B-1FB5-4DED-BBAF-0E42462E269A}"
EndProject
Project("{8BC9CEB8-8B4A-11D0-8D11-00A0C91BC942}") = "ChapterReview10", "ChapterReview10\ChapterReview10.vcxproj", "{A9163545-2A15-428F-AAB5-5035E1682B43}"
EndProject
Project("{8BC9CEB8-8B4A-11D0-8D11-00A0C91BC942}") = "ChapterReview11", "ChapterReview11\ChapterReview11.vcxproj", "{CFC1E2EB-8116-4850-82C8-7D46930A2F11}"
EndProject
Project("{8BC9CEB8-8B4A-11D0-8D11-00A0C91BC942}") = "ChapterReview12", "ChapterReview12\ChapterReview12.vcxproj", "{C19A7DCD-EB79-4B78-91DE-FDECD58B3A17}"
EndProject
Project("{8BC9CEB8-8B4A-11D0-8D11-00A0C91BC942}") = "ChapterReview13", "ChapterReview13\ChapterReview13.vcxproj", "{8A843E9E-21FA-45C2-AF9A-60322C42AD62}"
EndProject
Project("{8BC9CEB8-8B4A-11D0-8D11-00A0C91BC942}") = "ChapterReview15", "ChapterReview15\ChapterReview15.vcxproj", "{A05EBC99-467A-4069-BFDC-19EE34E1E1C8}"
EndProject
Project("{8BC9CEB8-8B4A-11D0-8D11-00A0C91BC942}") = "ChapterReview17", "ChapterReview17\ChapterReview17.vcxproj", "{D3230584-23BD-4AFE-B67F-B7648C75E854}"
EndProject
Global
	GlobalSection(SolutionConfigurationPlatforms) = preSolution
		Debug|x64 = Debug|x64
		Debug|x86 = Debug|x86
		Release|x64 = Release|x64
		Release|x86 = Release|x86
	EndGlobalSection
	GlobalSection(ProjectConfigurationPlatforms) = postSolution
		{71663EC7-6BE3-4273-A565-BC8026EE3254}.Debug|x64.ActiveCfg = Debug|x64
		{71663EC7-6BE3-4273-A565-BC8026EE3254}.Debug|x64.Build.0 = Debug|x64
		{71663EC7-6BE3-4273-A565-BC8026EE3254}.Debug|x86.ActiveCfg = Debug|Win32
		{71663EC7-6BE3-4273-A565-BC8026EE3254}.Debug|x86.Build.0 = Debug|Win32
		{71663EC7-6BE3-4273-A565-BC8026EE3254}.Release|x64.ActiveCfg = Release|x64
		{71663EC7-6BE3-4273-A565-BC8026EE3254}.Release|x64.Build.0 = Release|x64
		{71663EC7-6BE3-4273-A565-BC8026EE3254}.Release|x86.ActiveCfg = Release|Win32
		{71663EC7-6BE3-4273-A565-BC8026EE3254}.Release|x86.Build.0 = Release|Win32
		{C705ADEA-B0CB-4465-A35A-C12E82D5E2A3}.Debug|x64.ActiveCfg = Debug|x64
		{C705ADEA-B0CB-4465-A35A-C12E82D5E2A3}.Debug|x64.Build.0 = Debug|x64
		{C705ADEA-B0CB-4465-A35A-C12E82D5E2A3}.Debug|x86.ActiveCfg = Debug|Win32
		{C705ADEA-B0CB-4465-A35A-C12E82D5E2A3}.Debug|x86.Build.0 = Debug|Win32
		{C705ADEA-B0CB-4465-A35A-C12E82D5E2A3}.Release|x64.ActiveCfg = Release|x64
		{C705ADEA-B0CB-4465-A35A-C12E82D5E2A3}.Release|x64.Build.0 = Release|x64
		{C705ADEA-B0CB-4465-A35A-C12E82D5E2A3}.Release|x86.ActiveCfg = Release|Win32
		{C705ADEA-B0CB-4465-A35A-C12E82D5E2A3}.Release|x86.Build.0 = Release|Win32
		{ECB93022-70B5-499F-9DDE-5D6B8DDAC467}.Debug|x64.ActiveCfg = Debug|x64
		{ECB93022-70B5-499F-9DDE-5D6B8DDAC467}.Debug|x64.Build.0 = Debug|x64
		{ECB93022-70B5-499F-9DDE-5D6B8DDAC467}.Debug|x86.ActiveCfg = Debug|Win32
		{ECB93022-70B5-499F-9DDE-5D6B8DDAC467}.Debug|x86.Build.0 = Debug|Win32
		{ECB93022-70B5-499F-9DDE-5D6B8DDAC467}.Release|x64.ActiveCfg = Release|x64
		{ECB93022-70B5-499F-9DDE-5D6B8DDAC467}.Release|x64.Build.0 = Release|x64
		{ECB93022-70B5-499F-9DDE-5D6B8DDAC467}.Release|x86.ActiveCfg = Release|Win32
		{ECB93022-70B5-499F-9DDE-5D6B8DDAC467}.Release|x86.Build.0 = Release|Win32
		{B449989E-C0A7-49B0-8ACC-971176227F95}.Debug|x64.ActiveCfg = Debug|x64
		{B449989E-C0A7-49B0-8ACC-971176227F95}.Debug|x64.Build.0 = Debug|x64
		{B449989E-C0A7-49B0-8ACC-971176227F95}.Debug|x86.ActiveCfg = Debug|Win32
		{B449989E-C0A7-49B0-8ACC-971176227F95}.Debug|x86.Build.0 = Debug|Win32
		{B449989E-C0A7-49B0-8ACC-971176227F95}.Release|x64.ActiveCfg = Release|x64
		{B449989E-C0A7-49B0-8ACC-971176227F95}.Release|x64.Build.0 = Release|x64
		{B449989E-C0A7-49B0-8ACC-971176227F95}.Release|x86.ActiveCfg = Release|Win32
		{B449989E-C0A7-49B0-8ACC-971176227F95}.Release|x86.Build.0 = Release|Win32
		{C948D42A-73BD-4F8D-B402-35BE847653DF}.Debug|x64.ActiveCfg = Debug|x64
		{C948D42A-73BD-4F8D-B402-35BE847653DF}.Debug|x64.Build.0 = Debug|x64
		{C948D42A-73BD-4F8D-B402-35BE847653DF}.Debug|x86.ActiveCfg = Debug|Win32
		{C948D42A-73BD-4F8D-B402-35BE847653DF}.Debug|x86.Build.0 = Debug|Win32
		{C948D42A-73BD-4F8D-B402-35BE847653DF}.Release|x64.ActiveCfg = Release|x64
		{C948D42A-73BD-4F8D-B402-35BE847653DF}.Release|x64.Build.0 = Release|x64
		{C948D42A-73BD-4F8D-B402-35BE847653DF}.Release|x86.ActiveCfg = Release|Win32
		{C948D42A-73BD-4F8D-B402-35BE847653DF}.Release|x86.Build.0 = Release|Win32
		{6B8A75E6-9395-4FF0-AA44-3D2F13F41738}.Debug|x64.ActiveCfg = Debug|x64
		{6B8A75E6-9395-4FF0-AA44-3D2F13F41738}.Debug|x64.Build.0 = Debug|x64
		{6B8A75E6-9395-4FF0-AA44-3D2F13F41738}.Debug|x86.ActiveCfg = Debug|Win32
		{6B8A75E6-9395-4FF0-AA44-3D2F13F41738}.Debug|x86.Build.0 = Debug|Win32
		{6B8A75E6-9395-4FF0-AA44-3D2F13F41738}.Release|x64.ActiveCfg = Release|x64
		{6B8A75E6-9395-4FF0-AA44-3D2F13F41738}.Release|x64.Build.0 = Release|x64
		{6B8A75E6-9395-4FF0-AA44-3D2F13F41738}.Release|x86.ActiveCfg = Release|Win32
		{6B8A75E6-9395-4FF0-AA44-3D2F13F41738}.Release|x86.Build.0 = Release|Win32
		{D5EF89C6-EE47-4FE7-A950-4610CBE8A449}.Debug|x64.ActiveCfg = Debug|x64
		{D5EF89C6-EE47-4FE7-A950-4610CBE8A449}.Debug|x64.Build.0 = Debug|x64
		{D5EF89C6-EE47-4FE7-A950-4610CBE8A449}.Debug|x86.ActiveCfg = Debug|Win32
		{D5EF89C6-EE47-4FE7-A950-4610CBE8A449}.Debug|x86.Build.0 = Debug|Win32
		{D5EF89C6-EE47-4FE7-A950-4610CBE8A449}.Release|x64.ActiveCfg = Release|x64
		{D5EF89C6-EE47-4FE7-A950-4610CBE8A449}.Release|x64.Build.0 = Release|x64
		{D5EF89C6-EE47-4FE7-A950-4610CBE8A449}.Release|x86.ActiveCfg = Release|Win32
		{D5EF89C6-EE47-4FE7-A950-4610CBE8A449}.Release|x86.Build.0 = Release|Win32
		{53D82511-C180-4692-A27D-2606198D4FF9}.Debug|x64.ActiveCfg = Debug|x64
		{53D82511-C180-4692-A27D-2606198D4FF9}.Debug|x64.Build.0 = Debug|x64
		{53D82511-C180-4692-A27D-2606198D4FF9}.Debug|x86.ActiveCfg = Debug|Win32
		{53D82511-C180-4692-A27D-2606198D4FF9}.Debug|x86.Build.0 = Debug|Win32
		{53D82511-C180-4692-A27D-2606198D4FF9}.Release|x64.ActiveCfg = Release|x64
		{53D82511-C180-4692-A27D-2606198D4FF9}.Release|x64.Build.0 = Release|x64
		{53D82511-C180-4692-A27D-2606198D4FF9}.Release|x86.ActiveCfg = Release|Win32
		{53D82511-C180-4692-A27D-2606198D4FF9}.Release|x86.Build.0 = Release|Win32
		{CA44E12B-8D5B-4F51-A131-E7B75DAEAB96}.Debug|x64.ActiveCfg = Debug|x64
		{CA44E12B-8D5B-4F51-A131-E7B75DAEAB96}.Debug|x64.Build.0 = Debug|x64
		{CA44E12B-8D5B-4F51-A131-E7B75DAEAB96}.Debug|x86.ActiveCfg = Debug|Win32
		{CA44E12B-8D5B-4F51-A131-E7B75DAEAB96}.Debug|x86.Build.0 = Debug|Win32
		{CA44E12B-8D5B-4F51-A131-E7B75DAEAB96}.Release|x64.ActiveCfg = Release|x64
		{CA44E12B-8D5B-4F51-A131-E7B75DAEAB96}.Release|x64.Build.0 = Release|x64
		{CA44E12B-8D5B-4F51-A131-E7B75DAEAB96}.Release|x86.ActiveCfg = Release|Win32
		{CA44E12B-8D5B-4F51-A131-E7B75DAEAB96}.Release|x86.Build.0 = Release|Win32
		{8ADC0FB2-76D7-4DAA-99CF-C85A7CAB4116}.Debug|x64.ActiveCfg = Debug|x64
		{8ADC0FB2-76D7-4DAA-99CF-C85A7CAB4116}.Debug|x64.Build.0 = Debug|x64
		{8ADC0FB2-76D7-4DAA-99CF-C85A7CAB4116}.Debug|x86.ActiveCfg = Debug|Win32
		{8ADC0FB2-76D7-4DAA-99CF-C85A7CAB4116}.Debug|x86.Build.0 = Debug|Win32
		{8ADC0FB2-76D7-4DAA-99CF-C85A7CAB4116}.Release|x64.ActiveCfg = Release|x64
		{8ADC0FB2-76D7-4DAA-99CF-C85A7CAB4116}.Release|x64.Build.0 = Release|x64
		{8ADC0FB2-76D7-4DAA-99CF-C85A7CAB4116}.Release|x86.ActiveCfg = Release|Win32
		{8ADC0FB2-76D7-4DAA-99CF-C85A7CAB4116}.Release|x86.Build.0 = Release|Win32
		{315EEF59-A55E-4A88-B40F-1D4D743C2181}.Debug|x64.ActiveCfg = Debug|x64
		{315EEF59-A55E-4A88-B40F-1D4D743C2181}.Debug|x64.Build.0 = Debug|x64
		{315EEF59-A55E-4A88-B40F-1D4D743C2181}.Debug|x86.ActiveCfg = Debug|Win32
		{315EEF59-A55E-4A88-B40F-1D4D743C2181}.Debug|x86.Build.0 = Debug|Win32
		{315EEF59-A55E-4A88-B40F-1D4D743C2181}.Release|x64.ActiveCfg = Release|x64
		{315EEF59-A55E-4A88-B40F-1D4D743C2181}.Release|x64.Build.0 = Release|x64
		{315EEF59-A55E-4A88-B40F-1D4D743C2181}.Release|x86.ActiveCfg = Release|Win32
		{315EEF59-A55E-4A88-B40F-1D4D743C2181}.Release|x86.Build.0 = Release|Win32
		{B7B56FC5-F48F-4E5D-90B7-40D56DF9957D}.Debug|x64.ActiveCfg = Debug|x64
		{B7B56FC5-F48F-4E5D-90B7-40D56DF9957D}.Debug|x64.Build.0 = Debug|x64
		{B7B56FC5-F48F-4E5D-90B7-40D56DF9957D}.Debug|x86.ActiveCfg = Debug|Win32
		{B7B56FC5-F48F-4E5D-90B7-40D56DF9957D}.Debug|x86.Build.0 = Debug|Win32
		{B7B56FC5-F48F-4E5D-90B7-40D56DF9957D}.Release|x64.ActiveCfg = Release|x64
		{B7B56FC5-F48F-4E5D-90B7-40D56DF9957D}.Release|x64.Build.0 = Release|x64
		{B7B56FC5-F48F-4E5D-90B7-40D56DF9957D}.Release|x86.ActiveCfg = Release|Win32
		{B7B56FC5-F48F-4E5D-90B7-40D56DF9957D}.Release|x86.Build.0 = Release|Win32
		{61E5298D-BDA0-437E-9FD8-DF038B9F0B27}.Debug|x64.ActiveCfg = Debug|x64
		{61E5298D-BDA0-437E-9FD8-DF038B9F0B27}.Debug|x64.Build.0 = Debug|x64
		{61E5298D-BDA0-437E-9FD8-DF038B9F0B27}.Debug|x86.ActiveCfg = Debug|Win32
		{61E5298D-BDA0-437E-9FD8-DF038B9F0B27}.Debug|x86.Build.0 = Debug|Win32
		{61E5298D-BDA0-437E-9FD8-DF038B9F0B27}.Release|x64.ActiveCfg = Release|x64
		{61E5298D-BDA0-437E-9FD8-DF038B9F0B27}.Release|x64.Build.0 = Release|x64
		{61E5298D-BDA0-437E-9FD8-DF038B9F0B27}.Release|x86.ActiveCfg = Release|Win32
		{61E5298D-BDA0-437E-9FD8-DF038B9F0B27}.Release|x86.Build.0 = Release|Win32
		{D790467A-4827-40E0-A37F-1DDE364CBD02}.Debug|x64.ActiveCfg = Debug|x64
		{D790467A-4827-40E0-A37F-1DDE364CBD02}.Debug|x64.Build.0 = Debug|x64
		{D790467A-4827-40E0-A37F-1DDE364CBD02}.Debug|x86.ActiveCfg = Debug|Win32
		{D790467A-4827-40E0-A37F-1DDE364CBD02}.Debug|x86.Build.0 = Debug|Win32
		{D790467A-4827-40E0-A37F-1DDE364CBD02}.Release|x64.ActiveCfg = Release|x64
		{D790467A-4827-40E0-A37F-1DDE364CBD02}.Release|x64.Build.0 = Release|x64
		{D790467A-4827-40E0-A37F-1DDE364CBD02}.Release|x86.ActiveCfg = Release|Win32
		{D790467A-4827-40E0-A37F-1DDE364CBD02}.Release|x86.Build.0 = Release|Win32
		{9538324D-B92C-4F2E-8EB8-142ECB301666}.Debug|x64.ActiveCfg = Debug|x64
		{9538324D-B92C-4F2E-8EB8-142ECB301666}.Debug|x64.Build.0 = Debug|x64
		{9538324D-B92C-4F2E-8EB8-142ECB301666}.Debug|x86.ActiveCfg = Debug|Win32
		{9538324D-B92C-4F2E-8EB8-142ECB301666}.Debug|x86.Build.0 = Debug|Win32
		{9538324D-B92C-4F2E-8EB8-142ECB301666}.Release|x64.ActiveCfg = Release|x64
		{9538324D-B92C-4F2E-8EB8-142ECB301666}.Release|x64.Build.0 = Release|x64
		{9538324D-B92C-4F2E-8EB8-142ECB301666}.Release|x86.ActiveCfg = Release|Win32
		{9538324D-B92C-4F2E-8EB8-142ECB301666}.Release|x86.Build.0 = Release|Win32
		{D525910D-F4A8-4682-B135-C0F387554BCC}.Debug|x64.ActiveCfg = Debug|x64
		{D525910D-F4A8-4682-B135-C0F387554BCC}.Debug|x64.Build.0 = Debug|x64
		{D525910D-F4A8-4682-B135-C0F387554BCC}.Debug|x86.ActiveCfg = Debug|Win32
		{D525910D-F4A8-4682-B135-C0F387554BCC}.Debug|x86.Build.0 = Debug|Win32
		{D525910D-F4A8-4682-B135-C0F387554BCC}.Release|x64.ActiveCfg = Release|x64
		{D525910D-F4A8-4682-B135-C0F387554BCC}.Release|x64.Build.0 = Release|x64
		{D525910D-F4A8-4682-B135-C0F387554BCC}.Release|x86.ActiveCfg = Release|Win32
		{D525910D-F4A8-4682-B135-C0F387554BCC}.Release|x86.Build.0 = Release|Win32
		{97F7E743-5E2D-4499-A5C7-C7AAAC7A01C8}.Debug|x64.ActiveCfg = Debug|x64
		{97F7E743-5E2D-4499-A5C7-C7AAAC7A01C8}.Debug|x64.Build.0 = Debug|x64
		{97F7E743-5E2D-4499-A5C7-C7AAAC7A01C8}.Debug|x86.ActiveCfg = Debug|Win32
		{97F7E743-5E2D-4499-A5C7-C7AAAC7A01C8}.Debug|x86.Build.0 = Debug|Win32
		{97F7E743-5E2D-4499-A5C7-C7AAAC7A01C8}.Release|x64.ActiveCfg = Release|x64
		{97F7E743-5E2D-4499-A5C7-C7AAAC7A01C8}.Release|x64.Build.0 = Release|x64
		{97F7E743-5E2D-4499-A5C7-C7AAAC7A01C8}.Release|x86.ActiveCfg = Release|Win32
		{97F7E743-5E2D-4499-A5C7-C7AAAC7A01C8}.Release|x86.Build.0 = Release|Win32
		{9B308B3B-2B36-4C71-9F88-117DB892A194}.Debug|x64.ActiveCfg = Debug|x64
		{9B308B3B-2B36-4C71-9F88-117DB892A194}.Debug|x64.Build.0 = Debug|x64
		{9B308B3B-2B36-4C71-9F88-117DB892A194}.Debug|x86.ActiveCfg = Debug|Win32
		{9B308B3B-2B36-4C71-9F88-117DB892A194}.Debug|x86.Build.0 = Debug|Win32
		{9B308B3B-2B36-4C71-9F88-117DB892A194}.Release|x64.ActiveCfg = Release|x64
		{9B308B3B-2B36-4C71-9F88-117DB892A194}.Release|x64.Build.0 = Release|x64
		{9B308B3B-2B36-4C71-9F88-117DB892A194}.Release|x86.ActiveCfg = Release|Win32
		{9B308B3B-2B36-4C71-9F88-117DB892A194}.Release|x86.Build.0 = Release|Win32
		{5F3D4342-3703-489C-ACA2-394E676CBDEB}.Debug|x64.ActiveCfg = Debug|x64
		{5F3D4342-3703-489C-ACA2-394E676CBDEB}.Debug|x64.Build.0 = Debug|x64
		{5F3D4342-3703-489C-ACA2-394E676CBDEB}.Debug|x86.ActiveCfg = Debug|Win32
		{5F3D4342-3703-489C-ACA2-394E676CBDEB}.Debug|x86.Build.0 = Debug|Win32
		{5F3D4342-3703-489C-ACA2-394E676CBDEB}.Release|x64.ActiveCfg = Release|x64
		{5F3D4342-3703-489C-ACA2-394E676CBDEB}.Release|x64.Build.0 = Release|x64
		{5F3D4342-3703-489C-ACA2-394E676CBDEB}.Release|x86.ActiveCfg = Release|Win32
		{5F3D4342-3703-489C-ACA2-394E676CBDEB}.Release|x86.Build.0 = Release|Win32
		{BC367261-8778-4D55-824A-BA2085BE6AAC}.Debug|x64.ActiveCfg = Debug|x64
		{BC367261-8778-4D55-824A-BA2085BE6AAC}.Debug|x64.Build.0 = Debug|x64
		{BC367261-8778-4D55-824A-BA2085BE6AAC}.Debug|x86.ActiveCfg = Debug|Win32
		{BC367261-8778-4D55-824A-BA2085BE6AAC}.Debug|x86.Build.0 = Debug|Win32
		{BC367261-8778-4D55-824A-BA2085BE6AAC}.Release|x64.ActiveCfg = Release|x64
		{BC367261-8778-4D55-824A-BA2085BE6AAC}.Release|x64.Build.0 = Release|x64
		{BC367261-8778-4D55-824A-BA2085BE6AAC}.Release|x86.ActiveCfg = Release|Win32
		{BC367261-8778-4D55-824A-BA2085BE6AAC}.Release|x86.Build.0 = Release|Win32
		{661ED479-A01F-47C6-A763-668E0C1AB5C6}.Debug|x64.ActiveCfg = Debug|x64
		{661ED479-A01F-47C6-A763-668E0C1AB5C6}.Debug|x64.Build.0 = Debug|x64
		{661ED479-A01F-47C6-A763-668E0C1AB5C6}.Debug|x86.ActiveCfg = Debug|Win32
		{661ED479-A01F-47C6-A763-668E0C1AB5C6}.Debug|x86.Build.0 = Debug|Win32
		{661ED479-A01F-47C6-A763-668E0C1AB5C6}.Release|x64.ActiveCfg = Release|x64
		{661ED479-A01F-47C6-A763-668E0C1AB5C6}.Release|x64.Build.0 = Release|x64
		{661ED479-A01F-47C6-A763-668E0C1AB5C6}.Release|x86.ActiveCfg = Release|Win32
		{661ED479-A01F-47C6-A763-668E0C1AB5C6}.Release|x86.Build.0 = Release|Win32
		{EF949D56-9A40-407E-8652-87B01F22D2F9}.Debug|x64.ActiveCfg = Debug|x64
		{EF949D56-9A40-407E-8652-87B01F22D2F9}.Debug|x64.Build.0 = Debug|x64
		{EF949D56-9A40-407E-8652-87B01F22D2F9}.Debug|x86.ActiveCfg = Debug|Win32
		{EF949D56-9A40-407E-8652-87B01F22D2F9}.Debug|x86.Build.0 = Debug|Win32
		{EF949D56-9A40-407E-8652-87B01F22D2F9}.Release|x64.ActiveCfg = Release|x64
		{EF949D56-9A40-407E-8652-87B01F22D2F9}.Release|x64.Build.0 = Release|x64
		{EF949D56-9A40-407E-8652-87B01F22D2F9}.Release|x86.ActiveCfg = Release|Win32
		{EF949D56-9A40-407E-8652-87B01F22D2F9}.Release|x86.Build.0 = Release|Win32
		{77040C61-C09B-4D7B-8F27-4752AC9D45AF}.Debug|x64.ActiveCfg = Debug|x64
		{77040C61-C09B-4D7B-8F27-4752AC9D45AF}.Debug|x64.Build.0 = Debug|x64
		{77040C61-C09B-4D7B-8F27-4752AC9D45AF}.Debug|x86.ActiveCfg = Debug|Win32
		{77040C61-C09B-4D7B-8F27-4752AC9D45AF}.Debug|x86.Build.0 = Debug|Win32
		{77040C61-C09B-4D7B-8F27-4752AC9D45AF}.Release|x64.ActiveCfg = Release|x64
		{77040C61-C09B-4D7B-8F27-4752AC9D45AF}.Release|x64.Build.0 = Release|x64
		{77040C61-C09B-4D7B-8F27-4752AC9D45AF}.Release|x86.ActiveCfg = Release|Win32
		{77040C61-C09B-4D7B-8F27-4752AC9D45AF}.Release|x86.Build.0 = Release|Win32
		{70D18A87-B906-4338-9ABE-4FD08F0F2FBF}.Debug|x64.ActiveCfg = Debug|x64
		{70D18A87-B906-4338-9ABE-4FD08F0F2FBF}.Debug|x64.Build.0 = Debug|x64
		{70D18A87-B906-4338-9ABE-4FD08F0F2FBF}.Debug|x86.ActiveCfg = Debug|Win32
		{70D18A87-B906-4338-9ABE-4FD08F0F2FBF}.Debug|x86.Build.0 = Debug|Win32
		{70D18A87-B906-4338-9ABE-4FD08F0F2FBF}.Release|x64.ActiveCfg = Release|x64
		{70D18A87-B906-4338-9ABE-4FD08F0F2FBF}.Release|x64.Build.0 = Release|x64
		{70D18A87-B906-4338-9ABE-4FD08F0F2FBF}.Release|x86.ActiveCfg = Release|Win32
		{70D18A87-B906-4338-9ABE-4FD08F0F2FBF}.Release|x86.Build.0 = Release|Win32
		{F8100BEE-439C-415A-8DF9-C7B3FE8AE63F}.Debug|x64.ActiveCfg = Debug|x64
		{F8100BEE-439C-415A-8DF9-C7B3FE8AE63F}.Debug|x64.Build.0 = Debug|x64
		{F8100BEE-439C-415A-8DF9-C7B3FE8AE63F}.Debug|x86.ActiveCfg = Debug|Win32
		{F8100BEE-439C-415A-8DF9-C7B3FE8AE63F}.Debug|x86.Build.0 = Debug|Win32
		{F8100BEE-439C-415A-8DF9-C7B3FE8AE63F}.Release|x64.ActiveCfg = Release|x64
		{F8100BEE-439C-415A-8DF9-C7B3FE8AE63F}.Release|x64.Build.0 = Release|x64
		{F8100BEE-439C-415A-8DF9-C7B3FE8AE63F}.Release|x86.ActiveCfg = Release|Win32
		{F8100BEE-439C-415A-8DF9-C7B3FE8AE63F}.Release|x86.Build.0 = Release|Win32
		{7ACCD3A8-9CF6-4555-AE37-847EEA03364E}.Debug|x64.ActiveCfg = Debug|x64
		{7ACCD3A8-9CF6-4555-AE37-847EEA03364E}.Debug|x64.Build.0 = Debug|x64
		{7ACCD3A8-9CF6-4555-AE37-847EEA03364E}.Debug|x86.ActiveCfg = Debug|Win32
		{7ACCD3A8-9CF6-4555-AE37-847EEA03364E}.Debug|x86.Build.0 = Debug|Win32
		{7ACCD3A8-9CF6-4555-AE37-847EEA03364E}.Release|x64.ActiveCfg = Release|x64
		{7ACCD3A8-9CF6-4555-AE37-847EEA03364E}.Release|x64.Build.0 = Release|x64
		{7ACCD3A8-9CF6-4555-AE37-847EEA03364E}.Release|x86.ActiveCfg = Release|Win32
		{7ACCD3A8-9CF6-4555-AE37-847EEA03364E}.Release|x86.Build.0 = Release|Win32
		{B1B91646-2408-4E69-B825-14768F46EFF4}.Debug|x64.ActiveCfg = Debug|x64
		{B1B91646-2408-4E69-B825-14768F46EFF4}.Debug|x64.Build.0 = Debug|x64
		{B1B91646-2408-4E69-B825-14768F46EFF4}.Debug|x86.ActiveCfg = Debug|Win32
		{B1B91646-2408-4E69-B825-14768F46EFF4}.Debug|x86.Build.0 = Debug|Win32
		{B1B91646-2408-4E69-B825-14768F46EFF4}.Release|x64.ActiveCfg = Release|x64
		{B1B91646-2408-4E69-B825-14768F46EFF4}.Release|x64.Build.0 = Release|x64
		{B1B91646-2408-4E69-B825-14768F46EFF4}.Release|x86.ActiveCfg = Release|Win32
		{B1B91646-2408-4E69-B825-14768F46EFF4}.Release|x86.Build.0 = Release|Win32
		{3E5C8E59-D108-4431-AE48-FA7F7775B66C}.Debug|x64.ActiveCfg = Debug|x64
		{3E5C8E59-D108-4431-AE48-FA7F7775B66C}.Debug|x64.Build.0 = Debug|x64
		{3E5C8E59-D108-4431-AE48-FA7F7775B66C}.Debug|x86.ActiveCfg = Debug|Win32
		{3E5C8E59-D108-4431-AE48-FA7F7775B66C}.Debug|x86.Build.0 = Debug|Win32
		{3E5C8E59-D108-4431-AE48-FA7F7775B66C}.Release|x64.ActiveCfg = Release|x64
		{3E5C8E59-D108-4431-AE48-FA7F7775B66C}.Release|x64.Build.0 = Release|x64
		{3E5C8E59-D108-4431-AE48-FA7F7775B66C}.Release|x86.ActiveCfg = Release|Win32
		{3E5C8E59-D108-4431-AE48-FA7F7775B66C}.Release|x86.Build.0 = Release|Win32
		{A19A9970-5A6C-4E31-85A7-957CD96971FB}.Debug|x64.ActiveCfg = Debug|x64
		{A19A9970-5A6C-4E31-85A7-957CD96971FB}.Debug|x64.Build.0 = Debug|x64
		{A19A9970-5A6C-4E31-85A7-957CD96971FB}.Debug|x86.ActiveCfg = Debug|Win32
		{A19A9970-5A6C-4E31-85A7-957CD96971FB}.Debug|x86.Build.0 = Debug|Win32
		{A19A9970-5A6C-4E31-85A7-957CD96971FB}.Release|x64.ActiveCfg = Release|x64
		{A19A9970-5A6C-4E31-85A7-957CD96971FB}.Release|x64.Build.0 = Release|x64
		{A19A9970-5A6C-4E31-85A7-957CD96971FB}.Release|x86.ActiveCfg = Release|Win32
		{A19A9970-5A6C-4E31-85A7-957CD96971FB}.Release|x86.Build.0 = Release|Win32
		{36347D56-70B8-43D0-B1FB-027523A765B9}.Debug|x64.ActiveCfg = Debug|x64
		{36347D56-70B8-43D0-B1FB-027523A765B9}.Debug|x64.Build.0 = Debug|x64
		{36347D56-70B8-43D0-B1FB-027523A765B9}.Debug|x86.ActiveCfg = Debug|Win32
		{36347D56-70B8-43D0-B1FB-027523A765B9}.Debug|x86.Build.0 = Debug|Win32
		{36347D56-70B8-43D0-B1FB-027523A765B9}.Release|x64.ActiveCfg = Release|x64
		{36347D56-70B8-43D0-B1FB-027523A765B9}.Release|x64.Build.0 = Release|x64
		{36347D56-70B8-43D0-B1FB-027523A765B9}.Release|x86.ActiveCfg = Release|Win32
		{36347D56-70B8-43D0-B1FB-027523A765B9}.Release|x86.Build.0 = Release|Win32
		{86D1833B-1FB5-4DED-BBAF-0E42462E269A}.Debug|x64.ActiveCfg = Debug|x64
		{86D1833B-1FB5-4DED-BBAF-0E42462E269A}.Debug|x64.Build.0 = Debug|x64
		{86D1833B-1FB5-4DED-BBAF-0E42462E269A}.Debug|x86.ActiveCfg = Debug|Win32
		{86D1833B-1FB5-4DED-BBAF-0E42462E269A}.Debug|x86.Build.0 = Debug|Win32
		{86D1833B-1FB5-4DED-BBAF-0E42462E269A}.Release|x64.ActiveCfg = Release|x64
		{86D1833B-1FB5-4DED-BBAF-0E42462E269A}.Release|x64.Build.0 = Release|x64
		{86D1833B-1FB5-4DED-BBAF-0E42462E269A}.Release|x86.ActiveCfg = Release|Win32
		{86D1833B-1FB5-4DED-BBAF-0E42462E269A}.Release|x86.Build.0 = Release|Win32
		{A9163545-2A15-428F-AAB5-5035E1682B43}.Debug|x64.ActiveCfg = Debug|x64
		{A9163545-2A15-428F-AAB5-5035E1682B43}.Debug|x64.Build.0 = Debug|x64
		{A9163545-2A15-428F-AAB5-5035E1682B43}.Debug|x86.ActiveCfg = Debug|Win32
		{A9163545-2A15-428F-AAB5-5035E1682B43}.Debug|x86.Build.0 = Debug|Win32
		{A9163545-2A15-428F-AAB5-5035E1682B43}.Release|x64.ActiveCfg = Release|x64
		{A9163545-2A15-428F-AAB5-5035E1682B43}.Release|x64.Build.0 = Release|x64
		{A9163545-2A15-428F-AAB5-5035E1682B43}.Release|x86.ActiveCfg = Release|Win32
		{A9163545-2A15-428F-AAB5-5035E1682B43}.Release|x86.Build.0 = Release|Win32
		{CFC1E2EB-8116-4850-82C8-7D46930A2F11}.Debug|x64.ActiveCfg = Debug|x64
		{CFC1E2EB-8116-4850-82C8-7D46930A2F11}.Debug|x64.Build.0 = Debug|x64
		{CFC1E2EB-8116-4850-82C8-7D46930A2F11}.Debug|x86.ActiveCfg = Debug|Win32
		{CFC1E2EB-8116-4850-82C8-7D46930A2F11}.Debug|x86.Build.0 = Debug|Win32
		{CFC1E2EB-8116-4850-82C8-7D46930A2F11}.Release|x64.ActiveCfg = Release|x64
		{CFC1E2EB-8116-4850-82C8-7D46930A2F11}.Release|x64.Build.0 = Release|x64
		{CFC1E2EB-8116-4850-82C8-7D46930A2F11}.Release|x86.ActiveCfg = Release|Win32
		{CFC1E2EB-8116-4850-82C8-7D46930A2F11}.Release|x86.Build.0 = Release|Win32
		{C19A7DCD-EB79-4B78-91DE-FDECD58B3A17}.Debug|x64.ActiveCfg = Debug|x64
		{C19A7DCD-EB79-4B78-91DE-FDECD58B3A17}.Debug|x64.Build.0 = Debug|x64
		{C19A7DCD-EB79-4B78-91DE-FDECD58B3A17}.Debug|x86.ActiveCfg = Debug|Win32
		{C19A7DCD-EB79-4B78-91DE-FDECD58B3A17}.Debug|x86.Build.0 = Debug|Win32
		{C19A7DCD-EB79-4B78-91DE-FDECD58B3A17}.Release|x64.ActiveCfg = Release|x64
		{C19A7DCD-EB79-4B78-91DE-FDECD58B3A17}.Release|x64.Build.0 = Release|x64
		{C19A7DCD-EB79-4B78-91DE-FDECD58B3A17}.Release|x86.ActiveCfg = Release|Win32
		{C19A7DCD-EB79-4B78-91DE-FDECD58B3A17}.Release|x86.Build.0 = Release|Win32
		{8A843E9E-21FA-45C2-AF9A-60322C42AD62}.Debug|x64.ActiveCfg = Debug|x64
		{8A843E9E-21FA-45C2-AF9A-60322C42AD62}.Debug|x64.Build.0 = Debug|x64
		{8A843E9E-21FA-45C2-AF9A-60322C42AD62}.Debug|x86.ActiveCfg = Debug|Win32
		{8A843E9E-21FA-45C2-AF9A-60322C42AD62}.Debug|x86.Build.0 = Debug|Win32
		{8A843E9E-21FA-45C2-AF9A-60322C42AD62}.Release|x64.ActiveCfg = Release|x64
		{8A843E9E-21FA-45C2-AF9A-60322C42AD62}.Release|x64.Build.0 = Release|x64
		{8A843E9E-21FA-45C2-AF9A-60322C42AD62}.Release|x86.ActiveCfg = Release|Win32
		{8A843E9E-21FA-45C2-AF9A-60322C42AD62}.Release|x86.Build.0 = Release|Win32
		{A05EBC99-467A-4069-BFDC-19EE34E1E1C8}.Debug|x64.ActiveCfg = Debug|x64
		{A05EBC99-467A-4069-BFDC-19EE34E1E1C8}.Debug|x64.Build.0 = Debug|x64
		{A05EBC99-467A-4069-BFDC-19EE34E1E1C8}.Debug|x86.ActiveCfg = Debug|Win32
		{A05EBC99-467A-4069-BFDC-19EE34E1E1C8}.Debug|x86.Build.0 = Debug|Win32
		{A05EBC99-467A-4069-BFDC-19EE34E1E1C8}.Release|x64.ActiveCfg = Release|x64
		{A05EBC99-467A-4069-BFDC-19EE34E1E1C8}.Release|x64.Build.0 = Release|x64
		{A05EBC99-467A-4069-BFDC-19EE34E1E1C8}.Release|x86.ActiveCfg = Release|Win32
		{A05EBC99-467A-4069-BFDC-19EE34E1E1C8}.Release|x86.Build.0 = Release|Win32
		{D3230584-23BD-4AFE-B67F-B7648C75E854}.Debug|x64.ActiveCfg = Debug|x64
		{D3230584-23BD-4AFE-B67F-B7648C75E854}.Debug|x64.Build.0 = Debug|x64
		{D3230584-23BD-4AFE-B67F-B7648C75E854}.Debug|x86.ActiveCfg = Debug|Win32
		{D3230584-23BD-4AFE-B67F-B7648C75E854}.Debug|x86.Build.0 = Debug|Win32
		{D3230584-23BD-4AFE-B67F-B7648C75E854}.Release|x64.ActiveCfg = Release|x64
		{D3230584-23BD-4AFE-B67F-B7648C75E854}.Release|x64.Build.0 = Release|x64
		{D3230584-23BD-4AFE-B67F-B7648C75E854}.Release|x86.ActiveCfg = Release|Win32
		{D3230584-23BD-4AFE-B67F-B7648C75E854}.Release|x86.Build.0 = Release|Win32
	EndGlobalSection
	GlobalSection(SolutionProperties) = preSolution
		HideSolutionNode = FALSE
	EndGlobalSection
	GlobalSection(NestedProjects) = preSolution
		{70D18A87-B906-4338-9ABE-4FD08F0F2FBF} = {3DEBBCDD-1642-4CD1-8CF4-EF9E8425C2CC}
		{F8100BEE-439C-415A-8DF9-C7B3FE8AE63F} = {3DEBBCDD-1642-4CD1-8CF4-EF9E8425C2CC}
		{7ACCD3A8-9CF6-4555-AE37-847EEA03364E} = {3DEBBCDD-1642-4CD1-8CF4-EF9E8425C2CC}
		{B1B91646-2408-4E69-B825-14768F46EFF4} = {3DEBBCDD-1642-4CD1-8CF4-EF9E8425C2CC}
		{3E5C8E59-D108-4431-AE48-FA7F7775B66C} = {3DEBBCDD-1642-4CD1-8CF4-EF9E8425C2CC}
		{A19A9970-5A6C-4E31-85A7-957CD96971FB} = {3DEBBCDD-1642-4CD1-8CF4-EF9E8425C2CC}
		{36347D56-70B8-43D0-B1FB-027523A765B9} = {3DEBBCDD-1642-4CD1-8CF4-EF9E8425C2CC}
		{86D1833B-1FB5-4DED-BBAF-0E42462E269A} = {3DEBBCDD-1642-4CD1-8CF4-EF9E8425C2CC}
		{A9163545-2A15-428F-AAB5-5035E1682B43} = {3DEBBCDD-1642-4CD1-8CF4-EF9E8425C2CC}
		{CFC1E2EB-8116-4850-82C8-7D46930A2F11} = {3DEBBCDD-1642-4CD1-8CF4-EF9E8425C2CC}
		{C19A7DCD-EB79-4B78-91DE-FDECD58B3A17} = {3DEBBCDD-1642-4CD1-8CF4-EF9E8425C2CC}
		{8A843E9E-21FA-45C2-AF9A-60322C42AD62} = {3DEBBCDD-1642-4CD1-8CF4-EF9E8425C2CC}
		{A05EBC99-467A-4069-BFDC-19EE34E1E1C8} = {3DEBBCDD-1642-4CD1-8CF4-EF9E8425C2CC}
		{D3230584-23BD-4AFE-B67F-B7648C75E854} = {3DEBBCDD-1642-4CD1-8CF4-EF9E8425C2CC}
	EndGlobalSection
	GlobalSection(ExtensibilityGlobals) = postSolution
		SolutionGuid = {DDB64B37-FEA4-4394-AD64-65BEA9BFEC3C}
	EndGlobalSection
EndGlobal
