
Microsoft Visual Studio Solution File, Format Version 12.00
# Visual Studio Version 16
VisualStudioVersion = 16.0.28917.182
MinimumVisualStudioVersion = 10.0.40219.1
Project("{8BC9CEB8-8B4A-11D0-8D11-00A0C91BC942}") = "strfile", "strfile\strfile.vcxproj", "{5E47B748-D2E7-47D0-A0D0-0549E672C03C}"
EndProject
Project("{8BC9CEB8-8B4A-11D0-8D11-00A0C91BC942}") = "hangman", "hangman\hangman.vcxproj", "{0B1FA905-71EC-41C6-AB16-87E8F5344342}"
EndProject
Project("{8BC9CEB8-8B4A-11D0-8D11-00A0C91BC942}") = "str2", "str2\str2.vcxproj", "{2D0051C9-1388-4DE5-9DE8-68E162CEB6C4}"
EndProject
Project("{8BC9CEB8-8B4A-11D0-8D11-00A0C91BC942}") = "smrtptrs", "smrtptrs\smrtptrs.vcxproj", "{DB7C06CE-8ECB-4536-A155-8F69A8D25752}"
EndProject
Project("{8BC9CEB8-8B4A-11D0-8D11-00A0C91BC942}") = "fowl", "fowl\fowl.vcxproj", "{9352B39F-C957-4284-BCAB-DAB3ED0643AE}"
EndProject
Project("{8BC9CEB8-8B4A-11D0-8D11-00A0C91BC942}") = "vect1", "vect1\vect1.vcxproj", "{64FE4F0C-CE38-4688-976D-0249C2EDF5AA}"
EndProject
Project("{8BC9CEB8-8B4A-11D0-8D11-00A0C91BC942}") = "vect2", "vect2\vect2.vcxproj", "{4F0F380E-7A65-4D60-8EFD-BA1FA54C9B29}"
EndProject
Project("{8BC9CEB8-8B4A-11D0-8D11-00A0C91BC942}") = "vect3", "vect3\vect3.vcxproj", "{4B1A4900-F646-432B-B152-FEDB33CFBDB5}"
EndProject
Project("{8BC9CEB8-8B4A-11D0-8D11-00A0C91BC942}") = "copyit", "copyit\copyit.vcxproj", "{2D508532-BB9D-49FA-A842-63307E3F9785}"
EndProject
Project("{8BC9CEB8-8B4A-11D0-8D11-00A0C91BC942}") = "inserts", "inserts\inserts.vcxproj", "{7776064F-5CBC-4843-AB6A-4FE620EED52E}"
EndProject
Project("{8BC9CEB8-8B4A-11D0-8D11-00A0C91BC942}") = "list", "list\list.vcxproj", "{FD04EAF2-A8C5-41C9-979F-6AE1FDA362BF}"
EndProject
Project("{8BC9CEB8-8B4A-11D0-8D11-00A0C91BC942}") = "setops", "setops\setops.vcxproj", "{4EEB58CD-43D1-44D5-BF49-88ED4155A1C5}"
EndProject
Project("{8BC9CEB8-8B4A-11D0-8D11-00A0C91BC942}") = "multmap", "multmap\multmap.vcxproj", "{60C24FA1-285E-4DA7-ACF3-D211C9408E92}"
EndProject
Project("{8BC9CEB8-8B4A-11D0-8D11-00A0C91BC942}") = "functor", "functor\functor.vcxproj", "{827EB268-5968-450F-9FC0-9A804CB774EC}"
EndProject
Project("{8BC9CEB8-8B4A-11D0-8D11-00A0C91BC942}") = "funadap", "funadap\funadap.vcxproj", "{62031519-E0AA-4A2E-BBA8-B9DA42682BB0}"
EndProject
Project("{8BC9CEB8-8B4A-11D0-8D11-00A0C91BC942}") = "strgst1", "strgst1\strgst1.vcxproj", "{5F3444C2-B365-46FC-99D3-B7DCE6C797BB}"
EndProject
Project("{8BC9CEB8-8B4A-11D0-8D11-00A0C91BC942}") = "listrmv", "listrmv\listrmv.vcxproj", "{4216B188-80AB-45C8-A170-A9575F7DB94E}"
EndProject
Project("{8BC9CEB8-8B4A-11D0-8D11-00A0C91BC942}") = "usealgo", "usealgo\usealgo.vcxproj", "{5287E494-E278-46DD-AAE9-1B7A22435260}"
EndProject
Project("{8BC9CEB8-8B4A-11D0-8D11-00A0C91BC942}") = "valvect", "valvect\valvect.vcxproj", "{BFB0B65D-3665-4BB3-B500-353C97F62476}"
EndProject
Project("{8BC9CEB8-8B4A-11D0-8D11-00A0C91BC942}") = "vslice", "vslice\vslice.vcxproj", "{AF3E39F6-952F-4E48-BD45-50E997DF6FB6}"
EndProject
Project("{8BC9CEB8-8B4A-11D0-8D11-00A0C91BC942}") = "ilist", "ilist\ilist.vcxproj", "{CA7F82A6-5A00-4F16-A9ED-46FB16768EA9}"
EndProject
Global
	GlobalSection(SolutionConfigurationPlatforms) = preSolution
		Debug|x64 = Debug|x64
		Debug|x86 = Debug|x86
		Release|x64 = Release|x64
		Release|x86 = Release|x86
	EndGlobalSection
	GlobalSection(ProjectConfigurationPlatforms) = postSolution
		{5E47B748-D2E7-47D0-A0D0-0549E672C03C}.Debug|x64.ActiveCfg = Debug|x64
		{5E47B748-D2E7-47D0-A0D0-0549E672C03C}.Debug|x64.Build.0 = Debug|x64
		{5E47B748-D2E7-47D0-A0D0-0549E672C03C}.Debug|x86.ActiveCfg = Debug|Win32
		{5E47B748-D2E7-47D0-A0D0-0549E672C03C}.Debug|x86.Build.0 = Debug|Win32
		{5E47B748-D2E7-47D0-A0D0-0549E672C03C}.Release|x64.ActiveCfg = Release|x64
		{5E47B748-D2E7-47D0-A0D0-0549E672C03C}.Release|x64.Build.0 = Release|x64
		{5E47B748-D2E7-47D0-A0D0-0549E672C03C}.Release|x86.ActiveCfg = Release|Win32
		{5E47B748-D2E7-47D0-A0D0-0549E672C03C}.Release|x86.Build.0 = Release|Win32
		{0B1FA905-71EC-41C6-AB16-87E8F5344342}.Debug|x64.ActiveCfg = Debug|x64
		{0B1FA905-71EC-41C6-AB16-87E8F5344342}.Debug|x64.Build.0 = Debug|x64
		{0B1FA905-71EC-41C6-AB16-87E8F5344342}.Debug|x86.ActiveCfg = Debug|Win32
		{0B1FA905-71EC-41C6-AB16-87E8F5344342}.Debug|x86.Build.0 = Debug|Win32
		{0B1FA905-71EC-41C6-AB16-87E8F5344342}.Release|x64.ActiveCfg = Release|x64
		{0B1FA905-71EC-41C6-AB16-87E8F5344342}.Release|x64.Build.0 = Release|x64
		{0B1FA905-71EC-41C6-AB16-87E8F5344342}.Release|x86.ActiveCfg = Release|Win32
		{0B1FA905-71EC-41C6-AB16-87E8F5344342}.Release|x86.Build.0 = Release|Win32
		{2D0051C9-1388-4DE5-9DE8-68E162CEB6C4}.Debug|x64.ActiveCfg = Debug|x64
		{2D0051C9-1388-4DE5-9DE8-68E162CEB6C4}.Debug|x64.Build.0 = Debug|x64
		{2D0051C9-1388-4DE5-9DE8-68E162CEB6C4}.Debug|x86.ActiveCfg = Debug|Win32
		{2D0051C9-1388-4DE5-9DE8-68E162CEB6C4}.Debug|x86.Build.0 = Debug|Win32
		{2D0051C9-1388-4DE5-9DE8-68E162CEB6C4}.Release|x64.ActiveCfg = Release|x64
		{2D0051C9-1388-4DE5-9DE8-68E162CEB6C4}.Release|x64.Build.0 = Release|x64
		{2D0051C9-1388-4DE5-9DE8-68E162CEB6C4}.Release|x86.ActiveCfg = Release|Win32
		{2D0051C9-1388-4DE5-9DE8-68E162CEB6C4}.Release|x86.Build.0 = Release|Win32
		{DB7C06CE-8ECB-4536-A155-8F69A8D25752}.Debug|x64.ActiveCfg = Debug|x64
		{DB7C06CE-8ECB-4536-A155-8F69A8D25752}.Debug|x64.Build.0 = Debug|x64
		{DB7C06CE-8ECB-4536-A155-8F69A8D25752}.Debug|x86.ActiveCfg = Debug|Win32
		{DB7C06CE-8ECB-4536-A155-8F69A8D25752}.Debug|x86.Build.0 = Debug|Win32
		{DB7C06CE-8ECB-4536-A155-8F69A8D25752}.Release|x64.ActiveCfg = Release|x64
		{DB7C06CE-8ECB-4536-A155-8F69A8D25752}.Release|x64.Build.0 = Release|x64
		{DB7C06CE-8ECB-4536-A155-8F69A8D25752}.Release|x86.ActiveCfg = Release|Win32
		{DB7C06CE-8ECB-4536-A155-8F69A8D25752}.Release|x86.Build.0 = Release|Win32
		{9352B39F-C957-4284-BCAB-DAB3ED0643AE}.Debug|x64.ActiveCfg = Debug|x64
		{9352B39F-C957-4284-BCAB-DAB3ED0643AE}.Debug|x64.Build.0 = Debug|x64
		{9352B39F-C957-4284-BCAB-DAB3ED0643AE}.Debug|x86.ActiveCfg = Debug|Win32
		{9352B39F-C957-4284-BCAB-DAB3ED0643AE}.Debug|x86.Build.0 = Debug|Win32
		{9352B39F-C957-4284-BCAB-DAB3ED0643AE}.Release|x64.ActiveCfg = Release|x64
		{9352B39F-C957-4284-BCAB-DAB3ED0643AE}.Release|x64.Build.0 = Release|x64
		{9352B39F-C957-4284-BCAB-DAB3ED0643AE}.Release|x86.ActiveCfg = Release|Win32
		{9352B39F-C957-4284-BCAB-DAB3ED0643AE}.Release|x86.Build.0 = Release|Win32
		{64FE4F0C-CE38-4688-976D-0249C2EDF5AA}.Debug|x64.ActiveCfg = Debug|x64
		{64FE4F0C-CE38-4688-976D-0249C2EDF5AA}.Debug|x64.Build.0 = Debug|x64
		{64FE4F0C-CE38-4688-976D-0249C2EDF5AA}.Debug|x86.ActiveCfg = Debug|Win32
		{64FE4F0C-CE38-4688-976D-0249C2EDF5AA}.Debug|x86.Build.0 = Debug|Win32
		{64FE4F0C-CE38-4688-976D-0249C2EDF5AA}.Release|x64.ActiveCfg = Release|x64
		{64FE4F0C-CE38-4688-976D-0249C2EDF5AA}.Release|x64.Build.0 = Release|x64
		{64FE4F0C-CE38-4688-976D-0249C2EDF5AA}.Release|x86.ActiveCfg = Release|Win32
		{64FE4F0C-CE38-4688-976D-0249C2EDF5AA}.Release|x86.Build.0 = Release|Win32
		{4F0F380E-7A65-4D60-8EFD-BA1FA54C9B29}.Debug|x64.ActiveCfg = Debug|x64
		{4F0F380E-7A65-4D60-8EFD-BA1FA54C9B29}.Debug|x64.Build.0 = Debug|x64
		{4F0F380E-7A65-4D60-8EFD-BA1FA54C9B29}.Debug|x86.ActiveCfg = Debug|Win32
		{4F0F380E-7A65-4D60-8EFD-BA1FA54C9B29}.Debug|x86.Build.0 = Debug|Win32
		{4F0F380E-7A65-4D60-8EFD-BA1FA54C9B29}.Release|x64.ActiveCfg = Release|x64
		{4F0F380E-7A65-4D60-8EFD-BA1FA54C9B29}.Release|x64.Build.0 = Release|x64
		{4F0F380E-7A65-4D60-8EFD-BA1FA54C9B29}.Release|x86.ActiveCfg = Release|Win32
		{4F0F380E-7A65-4D60-8EFD-BA1FA54C9B29}.Release|x86.Build.0 = Release|Win32
		{4B1A4900-F646-432B-B152-FEDB33CFBDB5}.Debug|x64.ActiveCfg = Debug|x64
		{4B1A4900-F646-432B-B152-FEDB33CFBDB5}.Debug|x64.Build.0 = Debug|x64
		{4B1A4900-F646-432B-B152-FEDB33CFBDB5}.Debug|x86.ActiveCfg = Debug|Win32
		{4B1A4900-F646-432B-B152-FEDB33CFBDB5}.Debug|x86.Build.0 = Debug|Win32
		{4B1A4900-F646-432B-B152-FEDB33CFBDB5}.Release|x64.ActiveCfg = Release|x64
		{4B1A4900-F646-432B-B152-FEDB33CFBDB5}.Release|x64.Build.0 = Release|x64
		{4B1A4900-F646-432B-B152-FEDB33CFBDB5}.Release|x86.ActiveCfg = Release|Win32
		{4B1A4900-F646-432B-B152-FEDB33CFBDB5}.Release|x86.Build.0 = Release|Win32
		{2D508532-BB9D-49FA-A842-63307E3F9785}.Debug|x64.ActiveCfg = Debug|x64
		{2D508532-BB9D-49FA-A842-63307E3F9785}.Debug|x64.Build.0 = Debug|x64
		{2D508532-BB9D-49FA-A842-63307E3F9785}.Debug|x86.ActiveCfg = Debug|Win32
		{2D508532-BB9D-49FA-A842-63307E3F9785}.Debug|x86.Build.0 = Debug|Win32
		{2D508532-BB9D-49FA-A842-63307E3F9785}.Release|x64.ActiveCfg = Release|x64
		{2D508532-BB9D-49FA-A842-63307E3F9785}.Release|x64.Build.0 = Release|x64
		{2D508532-BB9D-49FA-A842-63307E3F9785}.Release|x86.ActiveCfg = Release|Win32
		{2D508532-BB9D-49FA-A842-63307E3F9785}.Release|x86.Build.0 = Release|Win32
		{7776064F-5CBC-4843-AB6A-4FE620EED52E}.Debug|x64.ActiveCfg = Debug|x64
		{7776064F-5CBC-4843-AB6A-4FE620EED52E}.Debug|x64.Build.0 = Debug|x64
		{7776064F-5CBC-4843-AB6A-4FE620EED52E}.Debug|x86.ActiveCfg = Debug|Win32
		{7776064F-5CBC-4843-AB6A-4FE620EED52E}.Debug|x86.Build.0 = Debug|Win32
		{7776064F-5CBC-4843-AB6A-4FE620EED52E}.Release|x64.ActiveCfg = Release|x64
		{7776064F-5CBC-4843-AB6A-4FE620EED52E}.Release|x64.Build.0 = Release|x64
		{7776064F-5CBC-4843-AB6A-4FE620EED52E}.Release|x86.ActiveCfg = Release|Win32
		{7776064F-5CBC-4843-AB6A-4FE620EED52E}.Release|x86.Build.0 = Release|Win32
		{FD04EAF2-A8C5-41C9-979F-6AE1FDA362BF}.Debug|x64.ActiveCfg = Debug|x64
		{FD04EAF2-A8C5-41C9-979F-6AE1FDA362BF}.Debug|x64.Build.0 = Debug|x64
		{FD04EAF2-A8C5-41C9-979F-6AE1FDA362BF}.Debug|x86.ActiveCfg = Debug|Win32
		{FD04EAF2-A8C5-41C9-979F-6AE1FDA362BF}.Debug|x86.Build.0 = Debug|Win32
		{FD04EAF2-A8C5-41C9-979F-6AE1FDA362BF}.Release|x64.ActiveCfg = Release|x64
		{FD04EAF2-A8C5-41C9-979F-6AE1FDA362BF}.Release|x64.Build.0 = Release|x64
		{FD04EAF2-A8C5-41C9-979F-6AE1FDA362BF}.Release|x86.ActiveCfg = Release|Win32
		{FD04EAF2-A8C5-41C9-979F-6AE1FDA362BF}.Release|x86.Build.0 = Release|Win32
		{4EEB58CD-43D1-44D5-BF49-88ED4155A1C5}.Debug|x64.ActiveCfg = Debug|x64
		{4EEB58CD-43D1-44D5-BF49-88ED4155A1C5}.Debug|x64.Build.0 = Debug|x64
		{4EEB58CD-43D1-44D5-BF49-88ED4155A1C5}.Debug|x86.ActiveCfg = Debug|Win32
		{4EEB58CD-43D1-44D5-BF49-88ED4155A1C5}.Debug|x86.Build.0 = Debug|Win32
		{4EEB58CD-43D1-44D5-BF49-88ED4155A1C5}.Release|x64.ActiveCfg = Release|x64
		{4EEB58CD-43D1-44D5-BF49-88ED4155A1C5}.Release|x64.Build.0 = Release|x64
		{4EEB58CD-43D1-44D5-BF49-88ED4155A1C5}.Release|x86.ActiveCfg = Release|Win32
		{4EEB58CD-43D1-44D5-BF49-88ED4155A1C5}.Release|x86.Build.0 = Release|Win32
		{60C24FA1-285E-4DA7-ACF3-D211C9408E92}.Debug|x64.ActiveCfg = Debug|x64
		{60C24FA1-285E-4DA7-ACF3-D211C9408E92}.Debug|x64.Build.0 = Debug|x64
		{60C24FA1-285E-4DA7-ACF3-D211C9408E92}.Debug|x86.ActiveCfg = Debug|Win32
		{60C24FA1-285E-4DA7-ACF3-D211C9408E92}.Debug|x86.Build.0 = Debug|Win32
		{60C24FA1-285E-4DA7-ACF3-D211C9408E92}.Release|x64.ActiveCfg = Release|x64
		{60C24FA1-285E-4DA7-ACF3-D211C9408E92}.Release|x64.Build.0 = Release|x64
		{60C24FA1-285E-4DA7-ACF3-D211C9408E92}.Release|x86.ActiveCfg = Release|Win32
		{60C24FA1-285E-4DA7-ACF3-D211C9408E92}.Release|x86.Build.0 = Release|Win32
		{827EB268-5968-450F-9FC0-9A804CB774EC}.Debug|x64.ActiveCfg = Debug|x64
		{827EB268-5968-450F-9FC0-9A804CB774EC}.Debug|x64.Build.0 = Debug|x64
		{827EB268-5968-450F-9FC0-9A804CB774EC}.Debug|x86.ActiveCfg = Debug|Win32
		{827EB268-5968-450F-9FC0-9A804CB774EC}.Debug|x86.Build.0 = Debug|Win32
		{827EB268-5968-450F-9FC0-9A804CB774EC}.Release|x64.ActiveCfg = Release|x64
		{827EB268-5968-450F-9FC0-9A804CB774EC}.Release|x64.Build.0 = Release|x64
		{827EB268-5968-450F-9FC0-9A804CB774EC}.Release|x86.ActiveCfg = Release|Win32
		{827EB268-5968-450F-9FC0-9A804CB774EC}.Release|x86.Build.0 = Release|Win32
		{62031519-E0AA-4A2E-BBA8-B9DA42682BB0}.Debug|x64.ActiveCfg = Debug|x64
		{62031519-E0AA-4A2E-BBA8-B9DA42682BB0}.Debug|x64.Build.0 = Debug|x64
		{62031519-E0AA-4A2E-BBA8-B9DA42682BB0}.Debug|x86.ActiveCfg = Debug|Win32
		{62031519-E0AA-4A2E-BBA8-B9DA42682BB0}.Debug|x86.Build.0 = Debug|Win32
		{62031519-E0AA-4A2E-BBA8-B9DA42682BB0}.Release|x64.ActiveCfg = Release|x64
		{62031519-E0AA-4A2E-BBA8-B9DA42682BB0}.Release|x64.Build.0 = Release|x64
		{62031519-E0AA-4A2E-BBA8-B9DA42682BB0}.Release|x86.ActiveCfg = Release|Win32
		{62031519-E0AA-4A2E-BBA8-B9DA42682BB0}.Release|x86.Build.0 = Release|Win32
		{5F3444C2-B365-46FC-99D3-B7DCE6C797BB}.Debug|x64.ActiveCfg = Debug|x64
		{5F3444C2-B365-46FC-99D3-B7DCE6C797BB}.Debug|x64.Build.0 = Debug|x64
		{5F3444C2-B365-46FC-99D3-B7DCE6C797BB}.Debug|x86.ActiveCfg = Debug|Win32
		{5F3444C2-B365-46FC-99D3-B7DCE6C797BB}.Debug|x86.Build.0 = Debug|Win32
		{5F3444C2-B365-46FC-99D3-B7DCE6C797BB}.Release|x64.ActiveCfg = Release|x64
		{5F3444C2-B365-46FC-99D3-B7DCE6C797BB}.Release|x64.Build.0 = Release|x64
		{5F3444C2-B365-46FC-99D3-B7DCE6C797BB}.Release|x86.ActiveCfg = Release|Win32
		{5F3444C2-B365-46FC-99D3-B7DCE6C797BB}.Release|x86.Build.0 = Release|Win32
		{4216B188-80AB-45C8-A170-A9575F7DB94E}.Debug|x64.ActiveCfg = Debug|x64
		{4216B188-80AB-45C8-A170-A9575F7DB94E}.Debug|x64.Build.0 = Debug|x64
		{4216B188-80AB-45C8-A170-A9575F7DB94E}.Debug|x86.ActiveCfg = Debug|Win32
		{4216B188-80AB-45C8-A170-A9575F7DB94E}.Debug|x86.Build.0 = Debug|Win32
		{4216B188-80AB-45C8-A170-A9575F7DB94E}.Release|x64.ActiveCfg = Release|x64
		{4216B188-80AB-45C8-A170-A9575F7DB94E}.Release|x64.Build.0 = Release|x64
		{4216B188-80AB-45C8-A170-A9575F7DB94E}.Release|x86.ActiveCfg = Release|Win32
		{4216B188-80AB-45C8-A170-A9575F7DB94E}.Release|x86.Build.0 = Release|Win32
		{5287E494-E278-46DD-AAE9-1B7A22435260}.Debug|x64.ActiveCfg = Debug|x64
		{5287E494-E278-46DD-AAE9-1B7A22435260}.Debug|x64.Build.0 = Debug|x64
		{5287E494-E278-46DD-AAE9-1B7A22435260}.Debug|x86.ActiveCfg = Debug|Win32
		{5287E494-E278-46DD-AAE9-1B7A22435260}.Debug|x86.Build.0 = Debug|Win32
		{5287E494-E278-46DD-AAE9-1B7A22435260}.Release|x64.ActiveCfg = Release|x64
		{5287E494-E278-46DD-AAE9-1B7A22435260}.Release|x64.Build.0 = Release|x64
		{5287E494-E278-46DD-AAE9-1B7A22435260}.Release|x86.ActiveCfg = Release|Win32
		{5287E494-E278-46DD-AAE9-1B7A22435260}.Release|x86.Build.0 = Release|Win32
		{BFB0B65D-3665-4BB3-B500-353C97F62476}.Debug|x64.ActiveCfg = Debug|x64
		{BFB0B65D-3665-4BB3-B500-353C97F62476}.Debug|x64.Build.0 = Debug|x64
		{BFB0B65D-3665-4BB3-B500-353C97F62476}.Debug|x86.ActiveCfg = Debug|Win32
		{BFB0B65D-3665-4BB3-B500-353C97F62476}.Debug|x86.Build.0 = Debug|Win32
		{BFB0B65D-3665-4BB3-B500-353C97F62476}.Release|x64.ActiveCfg = Release|x64
		{BFB0B65D-3665-4BB3-B500-353C97F62476}.Release|x64.Build.0 = Release|x64
		{BFB0B65D-3665-4BB3-B500-353C97F62476}.Release|x86.ActiveCfg = Release|Win32
		{BFB0B65D-3665-4BB3-B500-353C97F62476}.Release|x86.Build.0 = Release|Win32
		{AF3E39F6-952F-4E48-BD45-50E997DF6FB6}.Debug|x64.ActiveCfg = Debug|x64
		{AF3E39F6-952F-4E48-BD45-50E997DF6FB6}.Debug|x64.Build.0 = Debug|x64
		{AF3E39F6-952F-4E48-BD45-50E997DF6FB6}.Debug|x86.ActiveCfg = Debug|Win32
		{AF3E39F6-952F-4E48-BD45-50E997DF6FB6}.Debug|x86.Build.0 = Debug|Win32
		{AF3E39F6-952F-4E48-BD45-50E997DF6FB6}.Release|x64.ActiveCfg = Release|x64
		{AF3E39F6-952F-4E48-BD45-50E997DF6FB6}.Release|x64.Build.0 = Release|x64
		{AF3E39F6-952F-4E48-BD45-50E997DF6FB6}.Release|x86.ActiveCfg = Release|Win32
		{AF3E39F6-952F-4E48-BD45-50E997DF6FB6}.Release|x86.Build.0 = Release|Win32
		{CA7F82A6-5A00-4F16-A9ED-46FB16768EA9}.Debug|x64.ActiveCfg = Debug|x64
		{CA7F82A6-5A00-4F16-A9ED-46FB16768EA9}.Debug|x64.Build.0 = Debug|x64
		{CA7F82A6-5A00-4F16-A9ED-46FB16768EA9}.Debug|x86.ActiveCfg = Debug|Win32
		{CA7F82A6-5A00-4F16-A9ED-46FB16768EA9}.Debug|x86.Build.0 = Debug|Win32
		{CA7F82A6-5A00-4F16-A9ED-46FB16768EA9}.Release|x64.ActiveCfg = Release|x64
		{CA7F82A6-5A00-4F16-A9ED-46FB16768EA9}.Release|x64.Build.0 = Release|x64
		{CA7F82A6-5A00-4F16-A9ED-46FB16768EA9}.Release|x86.ActiveCfg = Release|Win32
		{CA7F82A6-5A00-4F16-A9ED-46FB16768EA9}.Release|x86.Build.0 = Release|Win32
	EndGlobalSection
	GlobalSection(SolutionProperties) = preSolution
		HideSolutionNode = FALSE
	EndGlobalSection
	GlobalSection(ExtensibilityGlobals) = postSolution
		SolutionGuid = {21DEC4F6-DA80-4937-9C7A-D652CF7A547D}
	EndGlobalSection
EndGlobal
