
Microsoft Visual Studio Solution File, Format Version 12.00
# Visual Studio Version 16
VisualStudioVersion = 16.0.28822.285
MinimumVisualStudioVersion = 10.0.40219.1
Project("{8BC9CEB8-8B4A-11D0-8D11-00A0C91BC942}") = "inline", "inline\inline.vcxproj", "{98A88C7B-B0D5-445E-A6E7-E0D9D1DE9604}"
EndProject
Project("{8BC9CEB8-8B4A-11D0-8D11-00A0C91BC942}") = "firstref", "firstref\firstref.vcxproj", "{20142E8B-D0FE-4D2E-9B45-55E5ECC65D53}"
EndProject
Project("{8BC9CEB8-8B4A-11D0-8D11-00A0C91BC942}") = "secref", "secref\secref.vcxproj", "{B2A59706-5798-4D99-B19E-6D21039567CA}"
EndProject
Project("{8BC9CEB8-8B4A-11D0-8D11-00A0C91BC942}") = "swaps", "swaps\swaps.vcxproj", "{66BCBE36-A04B-4D7D-BB68-D93187194C4B}"
EndProject
Project("{8BC9CEB8-8B4A-11D0-8D11-00A0C91BC942}") = "cubes", "cubes\cubes.vcxproj", "{EF2FACDE-2043-482D-8838-9F27D2C4179D}"
EndProject
Project("{8BC9CEB8-8B4A-11D0-8D11-00A0C91BC942}") = "strc_ref", "strc_ref\strc_ref.vcxproj", "{4B8C4361-3FF7-43EB-813E-B8760454A6DA}"
EndProject
Project("{8BC9CEB8-8B4A-11D0-8D11-00A0C91BC942}") = "strquote", "strquote\strquote.vcxproj", "{798BFED3-0B76-4B2B-88A5-3C3FC70ECD31}"
EndProject
Project("{8BC9CEB8-8B4A-11D0-8D11-00A0C91BC942}") = "filefunc", "filefunc\filefunc.vcxproj", "{3ED2070D-5743-40B7-AACE-E8EB1257A221}"
EndProject
Project("{8BC9CEB8-8B4A-11D0-8D11-00A0C91BC942}") = "left", "left\left.vcxproj", "{FF8C1EA3-661E-453B-A21A-406FF1E5C885}"
EndProject
Project("{8BC9CEB8-8B4A-11D0-8D11-00A0C91BC942}") = "leftover", "leftover\leftover.vcxproj", "{1A6434DF-C8A7-4B01-87E2-C17C9CEF0DB9}"
EndProject
Project("{8BC9CEB8-8B4A-11D0-8D11-00A0C91BC942}") = "funtemp", "funtemp\funtemp.vcxproj", "{EA0B6C79-003D-47BA-A650-D85EB810A99A}"
EndProject
Project("{8BC9CEB8-8B4A-11D0-8D11-00A0C91BC942}") = "twotemps", "twotemps\twotemps.vcxproj", "{959ED434-833C-4A3F-A4FC-61BD01F21B0E}"
EndProject
Project("{8BC9CEB8-8B4A-11D0-8D11-00A0C91BC942}") = "twoswap", "twoswap\twoswap.vcxproj", "{2494E271-8E8D-4C23-A682-CBA88AA7B515}"
EndProject
Project("{8BC9CEB8-8B4A-11D0-8D11-00A0C91BC942}") = "tempover", "tempover\tempover.vcxproj", "{0776235B-9EE8-4507-B513-93B7CFA6FD8F}"
EndProject
Project("{8BC9CEB8-8B4A-11D0-8D11-00A0C91BC942}") = "choices", "choices\choices.vcxproj", "{8E38D957-CD17-457E-8322-6D062B919DC3}"
EndProject
Project("{2150E333-8FDC-42A3-9474-1A3956D46DE8}") = "Chapter Review", "Chapter Review", "{69C53F15-77D7-4541-9236-4AB6B29C54CD}"
	ProjectSection(SolutionItems) = preProject
		ChapterReview01.txt = ChapterReview01.txt
		ChapterReview02.txt = ChapterReview02.txt
		ChapterReview05.txt = ChapterReview05.txt
		ChapterReview06.txt = ChapterReview06.txt
		ChapterReview09.txt = ChapterReview09.txt
	EndProjectSection
EndProject
Project("{8BC9CEB8-8B4A-11D0-8D11-00A0C91BC942}") = "ChapterReview03", "ChapterReview03\ChapterReview03.vcxproj", "{D7FF2B6B-38F5-42C8-B93C-BFB65463FC8C}"
EndProject
Project("{8BC9CEB8-8B4A-11D0-8D11-00A0C91BC942}") = "ChapterReview04", "ChapterReview04\ChapterReview04.vcxproj", "{1579F0A1-E1C5-440B-A755-7B36AE27F80C}"
EndProject
Project("{8BC9CEB8-8B4A-11D0-8D11-00A0C91BC942}") = "ChapterReview07", "ChapterReview07\ChapterReview07.vcxproj", "{59BC28CF-8064-4D75-8A64-E663438EED4E}"
EndProject
Project("{8BC9CEB8-8B4A-11D0-8D11-00A0C91BC942}") = "ChapterReview08", "ChapterReview08\ChapterReview08.vcxproj", "{A975D218-9538-47C4-9004-614A24FEBA11}"
EndProject
Project("{2150E333-8FDC-42A3-9474-1A3956D46DE8}") = "Programming Exercises", "Programming Exercises", "{4942599B-25F6-4A62-994D-EB9D1B8FEC25}"
EndProject
Project("{8BC9CEB8-8B4A-11D0-8D11-00A0C91BC942}") = "ProgrammingExercise01", "ProgrammingExercise01\ProgrammingExercise01.vcxproj", "{349A06E8-0D67-4F28-B070-8B90FA5B95E1}"
EndProject
Project("{8BC9CEB8-8B4A-11D0-8D11-00A0C91BC942}") = "ProgrammingExercise02", "ProgrammingExercise02\ProgrammingExercise02.vcxproj", "{D633683F-E7C5-4750-8744-1E7DDC9B2F82}"
EndProject
Project("{8BC9CEB8-8B4A-11D0-8D11-00A0C91BC942}") = "ProgrammingExercise03", "ProgrammingExercise03\ProgrammingExercise03.vcxproj", "{472AB15F-E561-4889-8F31-CA4A7665A728}"
EndProject
Project("{8BC9CEB8-8B4A-11D0-8D11-00A0C91BC942}") = "ProgrammingExercise04", "ProgrammingExercise04\ProgrammingExercise04.vcxproj", "{9B7DD463-4AC1-44F2-8F5B-E3B39FABBBCB}"
EndProject
Project("{8BC9CEB8-8B4A-11D0-8D11-00A0C91BC942}") = "ProgrammingExercise05", "ProgrammingExercise05\ProgrammingExercise05.vcxproj", "{342544EE-08B6-4D87-9F12-EA96695BFEF7}"
EndProject
Project("{8BC9CEB8-8B4A-11D0-8D11-00A0C91BC942}") = "ProgrammingExercise06", "ProgrammingExercise06\ProgrammingExercise06.vcxproj", "{60CFAA13-4561-4BA9-8FA2-1A49808D3205}"
EndProject
Project("{8BC9CEB8-8B4A-11D0-8D11-00A0C91BC942}") = "ProgrammingExercise07", "ProgrammingExercise07\ProgrammingExercise07.vcxproj", "{28710793-52E1-4FBF-BE84-803BB33F7D32}"
EndProject
Global
	GlobalSection(SolutionConfigurationPlatforms) = preSolution
		Debug|x64 = Debug|x64
		Debug|x86 = Debug|x86
		Release|x64 = Release|x64
		Release|x86 = Release|x86
	EndGlobalSection
	GlobalSection(ProjectConfigurationPlatforms) = postSolution
		{98A88C7B-B0D5-445E-A6E7-E0D9D1DE9604}.Debug|x64.ActiveCfg = Debug|x64
		{98A88C7B-B0D5-445E-A6E7-E0D9D1DE9604}.Debug|x64.Build.0 = Debug|x64
		{98A88C7B-B0D5-445E-A6E7-E0D9D1DE9604}.Debug|x86.ActiveCfg = Debug|Win32
		{98A88C7B-B0D5-445E-A6E7-E0D9D1DE9604}.Debug|x86.Build.0 = Debug|Win32
		{98A88C7B-B0D5-445E-A6E7-E0D9D1DE9604}.Release|x64.ActiveCfg = Release|x64
		{98A88C7B-B0D5-445E-A6E7-E0D9D1DE9604}.Release|x64.Build.0 = Release|x64
		{98A88C7B-B0D5-445E-A6E7-E0D9D1DE9604}.Release|x86.ActiveCfg = Release|Win32
		{98A88C7B-B0D5-445E-A6E7-E0D9D1DE9604}.Release|x86.Build.0 = Release|Win32
		{20142E8B-D0FE-4D2E-9B45-55E5ECC65D53}.Debug|x64.ActiveCfg = Debug|x64
		{20142E8B-D0FE-4D2E-9B45-55E5ECC65D53}.Debug|x64.Build.0 = Debug|x64
		{20142E8B-D0FE-4D2E-9B45-55E5ECC65D53}.Debug|x86.ActiveCfg = Debug|Win32
		{20142E8B-D0FE-4D2E-9B45-55E5ECC65D53}.Debug|x86.Build.0 = Debug|Win32
		{20142E8B-D0FE-4D2E-9B45-55E5ECC65D53}.Release|x64.ActiveCfg = Release|x64
		{20142E8B-D0FE-4D2E-9B45-55E5ECC65D53}.Release|x64.Build.0 = Release|x64
		{20142E8B-D0FE-4D2E-9B45-55E5ECC65D53}.Release|x86.ActiveCfg = Release|Win32
		{20142E8B-D0FE-4D2E-9B45-55E5ECC65D53}.Release|x86.Build.0 = Release|Win32
		{B2A59706-5798-4D99-B19E-6D21039567CA}.Debug|x64.ActiveCfg = Debug|x64
		{B2A59706-5798-4D99-B19E-6D21039567CA}.Debug|x64.Build.0 = Debug|x64
		{B2A59706-5798-4D99-B19E-6D21039567CA}.Debug|x86.ActiveCfg = Debug|Win32
		{B2A59706-5798-4D99-B19E-6D21039567CA}.Debug|x86.Build.0 = Debug|Win32
		{B2A59706-5798-4D99-B19E-6D21039567CA}.Release|x64.ActiveCfg = Release|x64
		{B2A59706-5798-4D99-B19E-6D21039567CA}.Release|x64.Build.0 = Release|x64
		{B2A59706-5798-4D99-B19E-6D21039567CA}.Release|x86.ActiveCfg = Release|Win32
		{B2A59706-5798-4D99-B19E-6D21039567CA}.Release|x86.Build.0 = Release|Win32
		{66BCBE36-A04B-4D7D-BB68-D93187194C4B}.Debug|x64.ActiveCfg = Debug|x64
		{66BCBE36-A04B-4D7D-BB68-D93187194C4B}.Debug|x64.Build.0 = Debug|x64
		{66BCBE36-A04B-4D7D-BB68-D93187194C4B}.Debug|x86.ActiveCfg = Debug|Win32
		{66BCBE36-A04B-4D7D-BB68-D93187194C4B}.Debug|x86.Build.0 = Debug|Win32
		{66BCBE36-A04B-4D7D-BB68-D93187194C4B}.Release|x64.ActiveCfg = Release|x64
		{66BCBE36-A04B-4D7D-BB68-D93187194C4B}.Release|x64.Build.0 = Release|x64
		{66BCBE36-A04B-4D7D-BB68-D93187194C4B}.Release|x86.ActiveCfg = Release|Win32
		{66BCBE36-A04B-4D7D-BB68-D93187194C4B}.Release|x86.Build.0 = Release|Win32
		{EF2FACDE-2043-482D-8838-9F27D2C4179D}.Debug|x64.ActiveCfg = Debug|x64
		{EF2FACDE-2043-482D-8838-9F27D2C4179D}.Debug|x64.Build.0 = Debug|x64
		{EF2FACDE-2043-482D-8838-9F27D2C4179D}.Debug|x86.ActiveCfg = Debug|Win32
		{EF2FACDE-2043-482D-8838-9F27D2C4179D}.Debug|x86.Build.0 = Debug|Win32
		{EF2FACDE-2043-482D-8838-9F27D2C4179D}.Release|x64.ActiveCfg = Release|x64
		{EF2FACDE-2043-482D-8838-9F27D2C4179D}.Release|x64.Build.0 = Release|x64
		{EF2FACDE-2043-482D-8838-9F27D2C4179D}.Release|x86.ActiveCfg = Release|Win32
		{EF2FACDE-2043-482D-8838-9F27D2C4179D}.Release|x86.Build.0 = Release|Win32
		{4B8C4361-3FF7-43EB-813E-B8760454A6DA}.Debug|x64.ActiveCfg = Debug|x64
		{4B8C4361-3FF7-43EB-813E-B8760454A6DA}.Debug|x64.Build.0 = Debug|x64
		{4B8C4361-3FF7-43EB-813E-B8760454A6DA}.Debug|x86.ActiveCfg = Debug|Win32
		{4B8C4361-3FF7-43EB-813E-B8760454A6DA}.Debug|x86.Build.0 = Debug|Win32
		{4B8C4361-3FF7-43EB-813E-B8760454A6DA}.Release|x64.ActiveCfg = Release|x64
		{4B8C4361-3FF7-43EB-813E-B8760454A6DA}.Release|x64.Build.0 = Release|x64
		{4B8C4361-3FF7-43EB-813E-B8760454A6DA}.Release|x86.ActiveCfg = Release|Win32
		{4B8C4361-3FF7-43EB-813E-B8760454A6DA}.Release|x86.Build.0 = Release|Win32
		{798BFED3-0B76-4B2B-88A5-3C3FC70ECD31}.Debug|x64.ActiveCfg = Debug|x64
		{798BFED3-0B76-4B2B-88A5-3C3FC70ECD31}.Debug|x64.Build.0 = Debug|x64
		{798BFED3-0B76-4B2B-88A5-3C3FC70ECD31}.Debug|x86.ActiveCfg = Debug|Win32
		{798BFED3-0B76-4B2B-88A5-3C3FC70ECD31}.Debug|x86.Build.0 = Debug|Win32
		{798BFED3-0B76-4B2B-88A5-3C3FC70ECD31}.Release|x64.ActiveCfg = Release|x64
		{798BFED3-0B76-4B2B-88A5-3C3FC70ECD31}.Release|x64.Build.0 = Release|x64
		{798BFED3-0B76-4B2B-88A5-3C3FC70ECD31}.Release|x86.ActiveCfg = Release|Win32
		{798BFED3-0B76-4B2B-88A5-3C3FC70ECD31}.Release|x86.Build.0 = Release|Win32
		{3ED2070D-5743-40B7-AACE-E8EB1257A221}.Debug|x64.ActiveCfg = Debug|x64
		{3ED2070D-5743-40B7-AACE-E8EB1257A221}.Debug|x64.Build.0 = Debug|x64
		{3ED2070D-5743-40B7-AACE-E8EB1257A221}.Debug|x86.ActiveCfg = Debug|Win32
		{3ED2070D-5743-40B7-AACE-E8EB1257A221}.Debug|x86.Build.0 = Debug|Win32
		{3ED2070D-5743-40B7-AACE-E8EB1257A221}.Release|x64.ActiveCfg = Release|x64
		{3ED2070D-5743-40B7-AACE-E8EB1257A221}.Release|x64.Build.0 = Release|x64
		{3ED2070D-5743-40B7-AACE-E8EB1257A221}.Release|x86.ActiveCfg = Release|Win32
		{3ED2070D-5743-40B7-AACE-E8EB1257A221}.Release|x86.Build.0 = Release|Win32
		{FF8C1EA3-661E-453B-A21A-406FF1E5C885}.Debug|x64.ActiveCfg = Debug|x64
		{FF8C1EA3-661E-453B-A21A-406FF1E5C885}.Debug|x64.Build.0 = Debug|x64
		{FF8C1EA3-661E-453B-A21A-406FF1E5C885}.Debug|x86.ActiveCfg = Debug|Win32
		{FF8C1EA3-661E-453B-A21A-406FF1E5C885}.Debug|x86.Build.0 = Debug|Win32
		{FF8C1EA3-661E-453B-A21A-406FF1E5C885}.Release|x64.ActiveCfg = Release|x64
		{FF8C1EA3-661E-453B-A21A-406FF1E5C885}.Release|x64.Build.0 = Release|x64
		{FF8C1EA3-661E-453B-A21A-406FF1E5C885}.Release|x86.ActiveCfg = Release|Win32
		{FF8C1EA3-661E-453B-A21A-406FF1E5C885}.Release|x86.Build.0 = Release|Win32
		{1A6434DF-C8A7-4B01-87E2-C17C9CEF0DB9}.Debug|x64.ActiveCfg = Debug|x64
		{1A6434DF-C8A7-4B01-87E2-C17C9CEF0DB9}.Debug|x64.Build.0 = Debug|x64
		{1A6434DF-C8A7-4B01-87E2-C17C9CEF0DB9}.Debug|x86.ActiveCfg = Debug|Win32
		{1A6434DF-C8A7-4B01-87E2-C17C9CEF0DB9}.Debug|x86.Build.0 = Debug|Win32
		{1A6434DF-C8A7-4B01-87E2-C17C9CEF0DB9}.Release|x64.ActiveCfg = Release|x64
		{1A6434DF-C8A7-4B01-87E2-C17C9CEF0DB9}.Release|x64.Build.0 = Release|x64
		{1A6434DF-C8A7-4B01-87E2-C17C9CEF0DB9}.Release|x86.ActiveCfg = Release|Win32
		{1A6434DF-C8A7-4B01-87E2-C17C9CEF0DB9}.Release|x86.Build.0 = Release|Win32
		{EA0B6C79-003D-47BA-A650-D85EB810A99A}.Debug|x64.ActiveCfg = Debug|x64
		{EA0B6C79-003D-47BA-A650-D85EB810A99A}.Debug|x64.Build.0 = Debug|x64
		{EA0B6C79-003D-47BA-A650-D85EB810A99A}.Debug|x86.ActiveCfg = Debug|Win32
		{EA0B6C79-003D-47BA-A650-D85EB810A99A}.Debug|x86.Build.0 = Debug|Win32
		{EA0B6C79-003D-47BA-A650-D85EB810A99A}.Release|x64.ActiveCfg = Release|x64
		{EA0B6C79-003D-47BA-A650-D85EB810A99A}.Release|x64.Build.0 = Release|x64
		{EA0B6C79-003D-47BA-A650-D85EB810A99A}.Release|x86.ActiveCfg = Release|Win32
		{EA0B6C79-003D-47BA-A650-D85EB810A99A}.Release|x86.Build.0 = Release|Win32
		{959ED434-833C-4A3F-A4FC-61BD01F21B0E}.Debug|x64.ActiveCfg = Debug|x64
		{959ED434-833C-4A3F-A4FC-61BD01F21B0E}.Debug|x64.Build.0 = Debug|x64
		{959ED434-833C-4A3F-A4FC-61BD01F21B0E}.Debug|x86.ActiveCfg = Debug|Win32
		{959ED434-833C-4A3F-A4FC-61BD01F21B0E}.Debug|x86.Build.0 = Debug|Win32
		{959ED434-833C-4A3F-A4FC-61BD01F21B0E}.Release|x64.ActiveCfg = Release|x64
		{959ED434-833C-4A3F-A4FC-61BD01F21B0E}.Release|x64.Build.0 = Release|x64
		{959ED434-833C-4A3F-A4FC-61BD01F21B0E}.Release|x86.ActiveCfg = Release|Win32
		{959ED434-833C-4A3F-A4FC-61BD01F21B0E}.Release|x86.Build.0 = Release|Win32
		{2494E271-8E8D-4C23-A682-CBA88AA7B515}.Debug|x64.ActiveCfg = Debug|x64
		{2494E271-8E8D-4C23-A682-CBA88AA7B515}.Debug|x64.Build.0 = Debug|x64
		{2494E271-8E8D-4C23-A682-CBA88AA7B515}.Debug|x86.ActiveCfg = Debug|Win32
		{2494E271-8E8D-4C23-A682-CBA88AA7B515}.Debug|x86.Build.0 = Debug|Win32
		{2494E271-8E8D-4C23-A682-CBA88AA7B515}.Release|x64.ActiveCfg = Release|x64
		{2494E271-8E8D-4C23-A682-CBA88AA7B515}.Release|x64.Build.0 = Release|x64
		{2494E271-8E8D-4C23-A682-CBA88AA7B515}.Release|x86.ActiveCfg = Release|Win32
		{2494E271-8E8D-4C23-A682-CBA88AA7B515}.Release|x86.Build.0 = Release|Win32
		{0776235B-9EE8-4507-B513-93B7CFA6FD8F}.Debug|x64.ActiveCfg = Debug|x64
		{0776235B-9EE8-4507-B513-93B7CFA6FD8F}.Debug|x64.Build.0 = Debug|x64
		{0776235B-9EE8-4507-B513-93B7CFA6FD8F}.Debug|x86.ActiveCfg = Debug|Win32
		{0776235B-9EE8-4507-B513-93B7CFA6FD8F}.Debug|x86.Build.0 = Debug|Win32
		{0776235B-9EE8-4507-B513-93B7CFA6FD8F}.Release|x64.ActiveCfg = Release|x64
		{0776235B-9EE8-4507-B513-93B7CFA6FD8F}.Release|x64.Build.0 = Release|x64
		{0776235B-9EE8-4507-B513-93B7CFA6FD8F}.Release|x86.ActiveCfg = Release|Win32
		{0776235B-9EE8-4507-B513-93B7CFA6FD8F}.Release|x86.Build.0 = Release|Win32
		{8E38D957-CD17-457E-8322-6D062B919DC3}.Debug|x64.ActiveCfg = Debug|x64
		{8E38D957-CD17-457E-8322-6D062B919DC3}.Debug|x64.Build.0 = Debug|x64
		{8E38D957-CD17-457E-8322-6D062B919DC3}.Debug|x86.ActiveCfg = Debug|Win32
		{8E38D957-CD17-457E-8322-6D062B919DC3}.Debug|x86.Build.0 = Debug|Win32
		{8E38D957-CD17-457E-8322-6D062B919DC3}.Release|x64.ActiveCfg = Release|x64
		{8E38D957-CD17-457E-8322-6D062B919DC3}.Release|x64.Build.0 = Release|x64
		{8E38D957-CD17-457E-8322-6D062B919DC3}.Release|x86.ActiveCfg = Release|Win32
		{8E38D957-CD17-457E-8322-6D062B919DC3}.Release|x86.Build.0 = Release|Win32
		{D7FF2B6B-38F5-42C8-B93C-BFB65463FC8C}.Debug|x64.ActiveCfg = Debug|x64
		{D7FF2B6B-38F5-42C8-B93C-BFB65463FC8C}.Debug|x64.Build.0 = Debug|x64
		{D7FF2B6B-38F5-42C8-B93C-BFB65463FC8C}.Debug|x86.ActiveCfg = Debug|Win32
		{D7FF2B6B-38F5-42C8-B93C-BFB65463FC8C}.Debug|x86.Build.0 = Debug|Win32
		{D7FF2B6B-38F5-42C8-B93C-BFB65463FC8C}.Release|x64.ActiveCfg = Release|x64
		{D7FF2B6B-38F5-42C8-B93C-BFB65463FC8C}.Release|x64.Build.0 = Release|x64
		{D7FF2B6B-38F5-42C8-B93C-BFB65463FC8C}.Release|x86.ActiveCfg = Release|Win32
		{D7FF2B6B-38F5-42C8-B93C-BFB65463FC8C}.Release|x86.Build.0 = Release|Win32
		{1579F0A1-E1C5-440B-A755-7B36AE27F80C}.Debug|x64.ActiveCfg = Debug|x64
		{1579F0A1-E1C5-440B-A755-7B36AE27F80C}.Debug|x64.Build.0 = Debug|x64
		{1579F0A1-E1C5-440B-A755-7B36AE27F80C}.Debug|x86.ActiveCfg = Debug|Win32
		{1579F0A1-E1C5-440B-A755-7B36AE27F80C}.Debug|x86.Build.0 = Debug|Win32
		{1579F0A1-E1C5-440B-A755-7B36AE27F80C}.Release|x64.ActiveCfg = Release|x64
		{1579F0A1-E1C5-440B-A755-7B36AE27F80C}.Release|x64.Build.0 = Release|x64
		{1579F0A1-E1C5-440B-A755-7B36AE27F80C}.Release|x86.ActiveCfg = Release|Win32
		{1579F0A1-E1C5-440B-A755-7B36AE27F80C}.Release|x86.Build.0 = Release|Win32
		{59BC28CF-8064-4D75-8A64-E663438EED4E}.Debug|x64.ActiveCfg = Debug|x64
		{59BC28CF-8064-4D75-8A64-E663438EED4E}.Debug|x64.Build.0 = Debug|x64
		{59BC28CF-8064-4D75-8A64-E663438EED4E}.Debug|x86.ActiveCfg = Debug|Win32
		{59BC28CF-8064-4D75-8A64-E663438EED4E}.Debug|x86.Build.0 = Debug|Win32
		{59BC28CF-8064-4D75-8A64-E663438EED4E}.Release|x64.ActiveCfg = Release|x64
		{59BC28CF-8064-4D75-8A64-E663438EED4E}.Release|x64.Build.0 = Release|x64
		{59BC28CF-8064-4D75-8A64-E663438EED4E}.Release|x86.ActiveCfg = Release|Win32
		{59BC28CF-8064-4D75-8A64-E663438EED4E}.Release|x86.Build.0 = Release|Win32
		{A975D218-9538-47C4-9004-614A24FEBA11}.Debug|x64.ActiveCfg = Debug|x64
		{A975D218-9538-47C4-9004-614A24FEBA11}.Debug|x64.Build.0 = Debug|x64
		{A975D218-9538-47C4-9004-614A24FEBA11}.Debug|x86.ActiveCfg = Debug|Win32
		{A975D218-9538-47C4-9004-614A24FEBA11}.Debug|x86.Build.0 = Debug|Win32
		{A975D218-9538-47C4-9004-614A24FEBA11}.Release|x64.ActiveCfg = Release|x64
		{A975D218-9538-47C4-9004-614A24FEBA11}.Release|x64.Build.0 = Release|x64
		{A975D218-9538-47C4-9004-614A24FEBA11}.Release|x86.ActiveCfg = Release|Win32
		{A975D218-9538-47C4-9004-614A24FEBA11}.Release|x86.Build.0 = Release|Win32
		{349A06E8-0D67-4F28-B070-8B90FA5B95E1}.Debug|x64.ActiveCfg = Debug|x64
		{349A06E8-0D67-4F28-B070-8B90FA5B95E1}.Debug|x64.Build.0 = Debug|x64
		{349A06E8-0D67-4F28-B070-8B90FA5B95E1}.Debug|x86.ActiveCfg = Debug|Win32
		{349A06E8-0D67-4F28-B070-8B90FA5B95E1}.Debug|x86.Build.0 = Debug|Win32
		{349A06E8-0D67-4F28-B070-8B90FA5B95E1}.Release|x64.ActiveCfg = Release|x64
		{349A06E8-0D67-4F28-B070-8B90FA5B95E1}.Release|x64.Build.0 = Release|x64
		{349A06E8-0D67-4F28-B070-8B90FA5B95E1}.Release|x86.ActiveCfg = Release|Win32
		{349A06E8-0D67-4F28-B070-8B90FA5B95E1}.Release|x86.Build.0 = Release|Win32
		{D633683F-E7C5-4750-8744-1E7DDC9B2F82}.Debug|x64.ActiveCfg = Debug|x64
		{D633683F-E7C5-4750-8744-1E7DDC9B2F82}.Debug|x64.Build.0 = Debug|x64
		{D633683F-E7C5-4750-8744-1E7DDC9B2F82}.Debug|x86.ActiveCfg = Debug|Win32
		{D633683F-E7C5-4750-8744-1E7DDC9B2F82}.Debug|x86.Build.0 = Debug|Win32
		{D633683F-E7C5-4750-8744-1E7DDC9B2F82}.Release|x64.ActiveCfg = Release|x64
		{D633683F-E7C5-4750-8744-1E7DDC9B2F82}.Release|x64.Build.0 = Release|x64
		{D633683F-E7C5-4750-8744-1E7DDC9B2F82}.Release|x86.ActiveCfg = Release|Win32
		{D633683F-E7C5-4750-8744-1E7DDC9B2F82}.Release|x86.Build.0 = Release|Win32
		{472AB15F-E561-4889-8F31-CA4A7665A728}.Debug|x64.ActiveCfg = Debug|x64
		{472AB15F-E561-4889-8F31-CA4A7665A728}.Debug|x64.Build.0 = Debug|x64
		{472AB15F-E561-4889-8F31-CA4A7665A728}.Debug|x86.ActiveCfg = Debug|Win32
		{472AB15F-E561-4889-8F31-CA4A7665A728}.Debug|x86.Build.0 = Debug|Win32
		{472AB15F-E561-4889-8F31-CA4A7665A728}.Release|x64.ActiveCfg = Release|x64
		{472AB15F-E561-4889-8F31-CA4A7665A728}.Release|x64.Build.0 = Release|x64
		{472AB15F-E561-4889-8F31-CA4A7665A728}.Release|x86.ActiveCfg = Release|Win32
		{472AB15F-E561-4889-8F31-CA4A7665A728}.Release|x86.Build.0 = Release|Win32
		{9B7DD463-4AC1-44F2-8F5B-E3B39FABBBCB}.Debug|x64.ActiveCfg = Debug|x64
		{9B7DD463-4AC1-44F2-8F5B-E3B39FABBBCB}.Debug|x64.Build.0 = Debug|x64
		{9B7DD463-4AC1-44F2-8F5B-E3B39FABBBCB}.Debug|x86.ActiveCfg = Debug|Win32
		{9B7DD463-4AC1-44F2-8F5B-E3B39FABBBCB}.Debug|x86.Build.0 = Debug|Win32
		{9B7DD463-4AC1-44F2-8F5B-E3B39FABBBCB}.Release|x64.ActiveCfg = Release|x64
		{9B7DD463-4AC1-44F2-8F5B-E3B39FABBBCB}.Release|x64.Build.0 = Release|x64
		{9B7DD463-4AC1-44F2-8F5B-E3B39FABBBCB}.Release|x86.ActiveCfg = Release|Win32
		{9B7DD463-4AC1-44F2-8F5B-E3B39FABBBCB}.Release|x86.Build.0 = Release|Win32
		{342544EE-08B6-4D87-9F12-EA96695BFEF7}.Debug|x64.ActiveCfg = Debug|x64
		{342544EE-08B6-4D87-9F12-EA96695BFEF7}.Debug|x64.Build.0 = Debug|x64
		{342544EE-08B6-4D87-9F12-EA96695BFEF7}.Debug|x86.ActiveCfg = Debug|Win32
		{342544EE-08B6-4D87-9F12-EA96695BFEF7}.Debug|x86.Build.0 = Debug|Win32
		{342544EE-08B6-4D87-9F12-EA96695BFEF7}.Release|x64.ActiveCfg = Release|x64
		{342544EE-08B6-4D87-9F12-EA96695BFEF7}.Release|x64.Build.0 = Release|x64
		{342544EE-08B6-4D87-9F12-EA96695BFEF7}.Release|x86.ActiveCfg = Release|Win32
		{342544EE-08B6-4D87-9F12-EA96695BFEF7}.Release|x86.Build.0 = Release|Win32
		{60CFAA13-4561-4BA9-8FA2-1A49808D3205}.Debug|x64.ActiveCfg = Debug|x64
		{60CFAA13-4561-4BA9-8FA2-1A49808D3205}.Debug|x64.Build.0 = Debug|x64
		{60CFAA13-4561-4BA9-8FA2-1A49808D3205}.Debug|x86.ActiveCfg = Debug|Win32
		{60CFAA13-4561-4BA9-8FA2-1A49808D3205}.Debug|x86.Build.0 = Debug|Win32
		{60CFAA13-4561-4BA9-8FA2-1A49808D3205}.Release|x64.ActiveCfg = Release|x64
		{60CFAA13-4561-4BA9-8FA2-1A49808D3205}.Release|x64.Build.0 = Release|x64
		{60CFAA13-4561-4BA9-8FA2-1A49808D3205}.Release|x86.ActiveCfg = Release|Win32
		{60CFAA13-4561-4BA9-8FA2-1A49808D3205}.Release|x86.Build.0 = Release|Win32
		{28710793-52E1-4FBF-BE84-803BB33F7D32}.Debug|x64.ActiveCfg = Debug|x64
		{28710793-52E1-4FBF-BE84-803BB33F7D32}.Debug|x64.Build.0 = Debug|x64
		{28710793-52E1-4FBF-BE84-803BB33F7D32}.Debug|x86.ActiveCfg = Debug|Win32
		{28710793-52E1-4FBF-BE84-803BB33F7D32}.Debug|x86.Build.0 = Debug|Win32
		{28710793-52E1-4FBF-BE84-803BB33F7D32}.Release|x64.ActiveCfg = Release|x64
		{28710793-52E1-4FBF-BE84-803BB33F7D32}.Release|x64.Build.0 = Release|x64
		{28710793-52E1-4FBF-BE84-803BB33F7D32}.Release|x86.ActiveCfg = Release|Win32
		{28710793-52E1-4FBF-BE84-803BB33F7D32}.Release|x86.Build.0 = Release|Win32
	EndGlobalSection
	GlobalSection(SolutionProperties) = preSolution
		HideSolutionNode = FALSE
	EndGlobalSection
	GlobalSection(NestedProjects) = preSolution
		{D7FF2B6B-38F5-42C8-B93C-BFB65463FC8C} = {69C53F15-77D7-4541-9236-4AB6B29C54CD}
		{1579F0A1-E1C5-440B-A755-7B36AE27F80C} = {69C53F15-77D7-4541-9236-4AB6B29C54CD}
		{59BC28CF-8064-4D75-8A64-E663438EED4E} = {69C53F15-77D7-4541-9236-4AB6B29C54CD}
		{A975D218-9538-47C4-9004-614A24FEBA11} = {69C53F15-77D7-4541-9236-4AB6B29C54CD}
		{349A06E8-0D67-4F28-B070-8B90FA5B95E1} = {4942599B-25F6-4A62-994D-EB9D1B8FEC25}
		{D633683F-E7C5-4750-8744-1E7DDC9B2F82} = {4942599B-25F6-4A62-994D-EB9D1B8FEC25}
		{472AB15F-E561-4889-8F31-CA4A7665A728} = {4942599B-25F6-4A62-994D-EB9D1B8FEC25}
		{9B7DD463-4AC1-44F2-8F5B-E3B39FABBBCB} = {4942599B-25F6-4A62-994D-EB9D1B8FEC25}
		{342544EE-08B6-4D87-9F12-EA96695BFEF7} = {4942599B-25F6-4A62-994D-EB9D1B8FEC25}
		{60CFAA13-4561-4BA9-8FA2-1A49808D3205} = {4942599B-25F6-4A62-994D-EB9D1B8FEC25}
		{28710793-52E1-4FBF-BE84-803BB33F7D32} = {4942599B-25F6-4A62-994D-EB9D1B8FEC25}
	EndGlobalSection
	GlobalSection(ExtensibilityGlobals) = postSolution
		SolutionGuid = {A2AA21CF-4AFC-467D-8457-7456C25464E9}
	EndGlobalSection
EndGlobal
