
Microsoft Visual Studio Solution File, Format Version 12.00
# Visual Studio 15
VisualStudioVersion = 15.0.28010.2046
MinimumVisualStudioVersion = 10.0.40219.1
Project("{8BC9CEB8-8B4A-11D0-8D11-00A0C91BC942}") = "myfirst", "myfirst\myfirst.vcxproj", "{5251504D-3E14-425B-BAF2-1BB9BB92038D}"
EndProject
Project("{8BC9CEB8-8B4A-11D0-8D11-00A0C91BC942}") = "carrots", "carrots\carrots.vcxproj", "{5DA79891-37DF-45E2-AAD1-78A064E16D6C}"
EndProject
Project("{8BC9CEB8-8B4A-11D0-8D11-00A0C91BC942}") = "getinfo", "getinfo\getinfo.vcxproj", "{2C0E8188-7F34-4206-AA16-233F3D93CEAA}"
EndProject
Project("{8BC9CEB8-8B4A-11D0-8D11-00A0C91BC942}") = "sqrt", "sqrt\sqrt.vcxproj", "{7A2D8B5F-06DD-4D12-893B-90EF0DBA84E4}"
EndProject
Project("{8BC9CEB8-8B4A-11D0-8D11-00A0C91BC942}") = "ourfunc", "ourfunc\ourfunc.vcxproj", "{600B7535-8F65-4FDE-9EE7-4357A3406FCD}"
EndProject
Project("{8BC9CEB8-8B4A-11D0-8D11-00A0C91BC942}") = "convert", "convert\convert.vcxproj", "{EF16A169-3172-4F1A-844B-2DC0F98F8135}"
EndProject
Project("{2150E333-8FDC-42A3-9474-1A3956D46DE8}") = "Solution Items", "Solution Items", "{4003DDB2-8B2F-4F6A-BA9E-8FB7A89CDBD7}"
	ProjectSection(SolutionItems) = preProject
		Chapter Review.txt = Chapter Review.txt
	EndProjectSection
EndProject
Project("{2150E333-8FDC-42A3-9474-1A3956D46DE8}") = "Programming Exercises", "Programming Exercises", "{7064C76C-8C96-44C4-9143-08E421915B14}"
EndProject
Project("{8BC9CEB8-8B4A-11D0-8D11-00A0C91BC942}") = "Programming Exercise 1", "Programming Exercise 1\Programming Exercise 1.vcxproj", "{EE004471-8433-4E2B-97FB-882EA51034AC}"
EndProject
Project("{8BC9CEB8-8B4A-11D0-8D11-00A0C91BC942}") = "Programming Exercise 2", "Programming Exercise 2\Programming Exercise 2.vcxproj", "{E60068A8-CC75-49FB-B2CD-EA5BD8108DE9}"
EndProject
Project("{8BC9CEB8-8B4A-11D0-8D11-00A0C91BC942}") = "Programming Exercise 3", "Programming Exercise 3\Programming Exercise 3.vcxproj", "{2B0CC79E-3C59-478C-BA62-EF46781EEC65}"
EndProject
Project("{8BC9CEB8-8B4A-11D0-8D11-00A0C91BC942}") = "Programming Exercise 4", "Programming Exercise 4\Programming Exercise 4.vcxproj", "{C59481AC-9A60-417B-B209-CFAD2B656999}"
EndProject
Project("{8BC9CEB8-8B4A-11D0-8D11-00A0C91BC942}") = "Programming Exercise 5", "Programming Exercise 5\Programming Exercise 5.vcxproj", "{86355923-11C2-4698-9798-E4E8242F2885}"
EndProject
Project("{8BC9CEB8-8B4A-11D0-8D11-00A0C91BC942}") = "Programming Exercise 6", "Programming Exercise 6\Programming Exercise 6.vcxproj", "{9F5D93A3-0923-48F6-9B04-1A090553FA9D}"
EndProject
Project("{8BC9CEB8-8B4A-11D0-8D11-00A0C91BC942}") = "Programming Exercise 7", "Programming Exercise 7\Programming Exercise 7.vcxproj", "{52DCC8C6-548F-4AA1-9210-14CB1677F65B}"
EndProject
Global
	GlobalSection(SolutionConfigurationPlatforms) = preSolution
		Debug|Any CPU = Debug|Any CPU
		Debug|x64 = Debug|x64
		Debug|x86 = Debug|x86
		Release|Any CPU = Release|Any CPU
		Release|x64 = Release|x64
		Release|x86 = Release|x86
	EndGlobalSection
	GlobalSection(ProjectConfigurationPlatforms) = postSolution
		{5251504D-3E14-425B-BAF2-1BB9BB92038D}.Debug|Any CPU.ActiveCfg = Debug|Win32
		{5251504D-3E14-425B-BAF2-1BB9BB92038D}.Debug|x64.ActiveCfg = Debug|x64
		{5251504D-3E14-425B-BAF2-1BB9BB92038D}.Debug|x64.Build.0 = Debug|x64
		{5251504D-3E14-425B-BAF2-1BB9BB92038D}.Debug|x86.ActiveCfg = Debug|Win32
		{5251504D-3E14-425B-BAF2-1BB9BB92038D}.Debug|x86.Build.0 = Debug|Win32
		{5251504D-3E14-425B-BAF2-1BB9BB92038D}.Release|Any CPU.ActiveCfg = Release|Win32
		{5251504D-3E14-425B-BAF2-1BB9BB92038D}.Release|x64.ActiveCfg = Release|x64
		{5251504D-3E14-425B-BAF2-1BB9BB92038D}.Release|x64.Build.0 = Release|x64
		{5251504D-3E14-425B-BAF2-1BB9BB92038D}.Release|x86.ActiveCfg = Release|Win32
		{5251504D-3E14-425B-BAF2-1BB9BB92038D}.Release|x86.Build.0 = Release|Win32
		{5DA79891-37DF-45E2-AAD1-78A064E16D6C}.Debug|Any CPU.ActiveCfg = Debug|Win32
		{5DA79891-37DF-45E2-AAD1-78A064E16D6C}.Debug|x64.ActiveCfg = Debug|x64
		{5DA79891-37DF-45E2-AAD1-78A064E16D6C}.Debug|x64.Build.0 = Debug|x64
		{5DA79891-37DF-45E2-AAD1-78A064E16D6C}.Debug|x86.ActiveCfg = Debug|Win32
		{5DA79891-37DF-45E2-AAD1-78A064E16D6C}.Debug|x86.Build.0 = Debug|Win32
		{5DA79891-37DF-45E2-AAD1-78A064E16D6C}.Release|Any CPU.ActiveCfg = Release|Win32
		{5DA79891-37DF-45E2-AAD1-78A064E16D6C}.Release|x64.ActiveCfg = Release|x64
		{5DA79891-37DF-45E2-AAD1-78A064E16D6C}.Release|x64.Build.0 = Release|x64
		{5DA79891-37DF-45E2-AAD1-78A064E16D6C}.Release|x86.ActiveCfg = Release|Win32
		{5DA79891-37DF-45E2-AAD1-78A064E16D6C}.Release|x86.Build.0 = Release|Win32
		{2C0E8188-7F34-4206-AA16-233F3D93CEAA}.Debug|Any CPU.ActiveCfg = Debug|Win32
		{2C0E8188-7F34-4206-AA16-233F3D93CEAA}.Debug|x64.ActiveCfg = Debug|x64
		{2C0E8188-7F34-4206-AA16-233F3D93CEAA}.Debug|x64.Build.0 = Debug|x64
		{2C0E8188-7F34-4206-AA16-233F3D93CEAA}.Debug|x86.ActiveCfg = Debug|Win32
		{2C0E8188-7F34-4206-AA16-233F3D93CEAA}.Debug|x86.Build.0 = Debug|Win32
		{2C0E8188-7F34-4206-AA16-233F3D93CEAA}.Release|Any CPU.ActiveCfg = Release|Win32
		{2C0E8188-7F34-4206-AA16-233F3D93CEAA}.Release|x64.ActiveCfg = Release|x64
		{2C0E8188-7F34-4206-AA16-233F3D93CEAA}.Release|x64.Build.0 = Release|x64
		{2C0E8188-7F34-4206-AA16-233F3D93CEAA}.Release|x86.ActiveCfg = Release|Win32
		{2C0E8188-7F34-4206-AA16-233F3D93CEAA}.Release|x86.Build.0 = Release|Win32
		{7A2D8B5F-06DD-4D12-893B-90EF0DBA84E4}.Debug|Any CPU.ActiveCfg = Debug|Win32
		{7A2D8B5F-06DD-4D12-893B-90EF0DBA84E4}.Debug|x64.ActiveCfg = Debug|x64
		{7A2D8B5F-06DD-4D12-893B-90EF0DBA84E4}.Debug|x64.Build.0 = Debug|x64
		{7A2D8B5F-06DD-4D12-893B-90EF0DBA84E4}.Debug|x86.ActiveCfg = Debug|Win32
		{7A2D8B5F-06DD-4D12-893B-90EF0DBA84E4}.Debug|x86.Build.0 = Debug|Win32
		{7A2D8B5F-06DD-4D12-893B-90EF0DBA84E4}.Release|Any CPU.ActiveCfg = Release|Win32
		{7A2D8B5F-06DD-4D12-893B-90EF0DBA84E4}.Release|x64.ActiveCfg = Release|x64
		{7A2D8B5F-06DD-4D12-893B-90EF0DBA84E4}.Release|x64.Build.0 = Release|x64
		{7A2D8B5F-06DD-4D12-893B-90EF0DBA84E4}.Release|x86.ActiveCfg = Release|Win32
		{7A2D8B5F-06DD-4D12-893B-90EF0DBA84E4}.Release|x86.Build.0 = Release|Win32
		{600B7535-8F65-4FDE-9EE7-4357A3406FCD}.Debug|Any CPU.ActiveCfg = Debug|Win32
		{600B7535-8F65-4FDE-9EE7-4357A3406FCD}.Debug|x64.ActiveCfg = Debug|x64
		{600B7535-8F65-4FDE-9EE7-4357A3406FCD}.Debug|x64.Build.0 = Debug|x64
		{600B7535-8F65-4FDE-9EE7-4357A3406FCD}.Debug|x86.ActiveCfg = Debug|Win32
		{600B7535-8F65-4FDE-9EE7-4357A3406FCD}.Debug|x86.Build.0 = Debug|Win32
		{600B7535-8F65-4FDE-9EE7-4357A3406FCD}.Release|Any CPU.ActiveCfg = Release|Win32
		{600B7535-8F65-4FDE-9EE7-4357A3406FCD}.Release|x64.ActiveCfg = Release|x64
		{600B7535-8F65-4FDE-9EE7-4357A3406FCD}.Release|x64.Build.0 = Release|x64
		{600B7535-8F65-4FDE-9EE7-4357A3406FCD}.Release|x86.ActiveCfg = Release|Win32
		{600B7535-8F65-4FDE-9EE7-4357A3406FCD}.Release|x86.Build.0 = Release|Win32
		{EF16A169-3172-4F1A-844B-2DC0F98F8135}.Debug|Any CPU.ActiveCfg = Debug|Win32
		{EF16A169-3172-4F1A-844B-2DC0F98F8135}.Debug|x64.ActiveCfg = Debug|x64
		{EF16A169-3172-4F1A-844B-2DC0F98F8135}.Debug|x64.Build.0 = Debug|x64
		{EF16A169-3172-4F1A-844B-2DC0F98F8135}.Debug|x86.ActiveCfg = Debug|Win32
		{EF16A169-3172-4F1A-844B-2DC0F98F8135}.Debug|x86.Build.0 = Debug|Win32
		{EF16A169-3172-4F1A-844B-2DC0F98F8135}.Release|Any CPU.ActiveCfg = Release|Win32
		{EF16A169-3172-4F1A-844B-2DC0F98F8135}.Release|x64.ActiveCfg = Release|x64
		{EF16A169-3172-4F1A-844B-2DC0F98F8135}.Release|x64.Build.0 = Release|x64
		{EF16A169-3172-4F1A-844B-2DC0F98F8135}.Release|x86.ActiveCfg = Release|Win32
		{EF16A169-3172-4F1A-844B-2DC0F98F8135}.Release|x86.Build.0 = Release|Win32
		{EE004471-8433-4E2B-97FB-882EA51034AC}.Debug|Any CPU.ActiveCfg = Debug|Win32
		{EE004471-8433-4E2B-97FB-882EA51034AC}.Debug|x64.ActiveCfg = Debug|x64
		{EE004471-8433-4E2B-97FB-882EA51034AC}.Debug|x64.Build.0 = Debug|x64
		{EE004471-8433-4E2B-97FB-882EA51034AC}.Debug|x86.ActiveCfg = Debug|Win32
		{EE004471-8433-4E2B-97FB-882EA51034AC}.Debug|x86.Build.0 = Debug|Win32
		{EE004471-8433-4E2B-97FB-882EA51034AC}.Release|Any CPU.ActiveCfg = Release|Win32
		{EE004471-8433-4E2B-97FB-882EA51034AC}.Release|x64.ActiveCfg = Release|x64
		{EE004471-8433-4E2B-97FB-882EA51034AC}.Release|x64.Build.0 = Release|x64
		{EE004471-8433-4E2B-97FB-882EA51034AC}.Release|x86.ActiveCfg = Release|Win32
		{EE004471-8433-4E2B-97FB-882EA51034AC}.Release|x86.Build.0 = Release|Win32
		{E60068A8-CC75-49FB-B2CD-EA5BD8108DE9}.Debug|Any CPU.ActiveCfg = Debug|Win32
		{E60068A8-CC75-49FB-B2CD-EA5BD8108DE9}.Debug|x64.ActiveCfg = Debug|x64
		{E60068A8-CC75-49FB-B2CD-EA5BD8108DE9}.Debug|x64.Build.0 = Debug|x64
		{E60068A8-CC75-49FB-B2CD-EA5BD8108DE9}.Debug|x86.ActiveCfg = Debug|Win32
		{E60068A8-CC75-49FB-B2CD-EA5BD8108DE9}.Debug|x86.Build.0 = Debug|Win32
		{E60068A8-CC75-49FB-B2CD-EA5BD8108DE9}.Release|Any CPU.ActiveCfg = Release|Win32
		{E60068A8-CC75-49FB-B2CD-EA5BD8108DE9}.Release|x64.ActiveCfg = Release|x64
		{E60068A8-CC75-49FB-B2CD-EA5BD8108DE9}.Release|x64.Build.0 = Release|x64
		{E60068A8-CC75-49FB-B2CD-EA5BD8108DE9}.Release|x86.ActiveCfg = Release|Win32
		{E60068A8-CC75-49FB-B2CD-EA5BD8108DE9}.Release|x86.Build.0 = Release|Win32
		{2B0CC79E-3C59-478C-BA62-EF46781EEC65}.Debug|Any CPU.ActiveCfg = Debug|Win32
		{2B0CC79E-3C59-478C-BA62-EF46781EEC65}.Debug|x64.ActiveCfg = Debug|x64
		{2B0CC79E-3C59-478C-BA62-EF46781EEC65}.Debug|x64.Build.0 = Debug|x64
		{2B0CC79E-3C59-478C-BA62-EF46781EEC65}.Debug|x86.ActiveCfg = Debug|Win32
		{2B0CC79E-3C59-478C-BA62-EF46781EEC65}.Debug|x86.Build.0 = Debug|Win32
		{2B0CC79E-3C59-478C-BA62-EF46781EEC65}.Release|Any CPU.ActiveCfg = Release|Win32
		{2B0CC79E-3C59-478C-BA62-EF46781EEC65}.Release|x64.ActiveCfg = Release|x64
		{2B0CC79E-3C59-478C-BA62-EF46781EEC65}.Release|x64.Build.0 = Release|x64
		{2B0CC79E-3C59-478C-BA62-EF46781EEC65}.Release|x86.ActiveCfg = Release|Win32
		{2B0CC79E-3C59-478C-BA62-EF46781EEC65}.Release|x86.Build.0 = Release|Win32
		{C59481AC-9A60-417B-B209-CFAD2B656999}.Debug|Any CPU.ActiveCfg = Debug|Win32
		{C59481AC-9A60-417B-B209-CFAD2B656999}.Debug|x64.ActiveCfg = Debug|x64
		{C59481AC-9A60-417B-B209-CFAD2B656999}.Debug|x64.Build.0 = Debug|x64
		{C59481AC-9A60-417B-B209-CFAD2B656999}.Debug|x86.ActiveCfg = Debug|Win32
		{C59481AC-9A60-417B-B209-CFAD2B656999}.Debug|x86.Build.0 = Debug|Win32
		{C59481AC-9A60-417B-B209-CFAD2B656999}.Release|Any CPU.ActiveCfg = Release|Win32
		{C59481AC-9A60-417B-B209-CFAD2B656999}.Release|x64.ActiveCfg = Release|x64
		{C59481AC-9A60-417B-B209-CFAD2B656999}.Release|x64.Build.0 = Release|x64
		{C59481AC-9A60-417B-B209-CFAD2B656999}.Release|x86.ActiveCfg = Release|Win32
		{C59481AC-9A60-417B-B209-CFAD2B656999}.Release|x86.Build.0 = Release|Win32
		{86355923-11C2-4698-9798-E4E8242F2885}.Debug|Any CPU.ActiveCfg = Debug|Win32
		{86355923-11C2-4698-9798-E4E8242F2885}.Debug|x64.ActiveCfg = Debug|x64
		{86355923-11C2-4698-9798-E4E8242F2885}.Debug|x64.Build.0 = Debug|x64
		{86355923-11C2-4698-9798-E4E8242F2885}.Debug|x86.ActiveCfg = Debug|Win32
		{86355923-11C2-4698-9798-E4E8242F2885}.Debug|x86.Build.0 = Debug|Win32
		{86355923-11C2-4698-9798-E4E8242F2885}.Release|Any CPU.ActiveCfg = Release|Win32
		{86355923-11C2-4698-9798-E4E8242F2885}.Release|x64.ActiveCfg = Release|x64
		{86355923-11C2-4698-9798-E4E8242F2885}.Release|x64.Build.0 = Release|x64
		{86355923-11C2-4698-9798-E4E8242F2885}.Release|x86.ActiveCfg = Release|Win32
		{86355923-11C2-4698-9798-E4E8242F2885}.Release|x86.Build.0 = Release|Win32
		{9F5D93A3-0923-48F6-9B04-1A090553FA9D}.Debug|Any CPU.ActiveCfg = Debug|Win32
		{9F5D93A3-0923-48F6-9B04-1A090553FA9D}.Debug|x64.ActiveCfg = Debug|x64
		{9F5D93A3-0923-48F6-9B04-1A090553FA9D}.Debug|x64.Build.0 = Debug|x64
		{9F5D93A3-0923-48F6-9B04-1A090553FA9D}.Debug|x86.ActiveCfg = Debug|Win32
		{9F5D93A3-0923-48F6-9B04-1A090553FA9D}.Debug|x86.Build.0 = Debug|Win32
		{9F5D93A3-0923-48F6-9B04-1A090553FA9D}.Release|Any CPU.ActiveCfg = Release|Win32
		{9F5D93A3-0923-48F6-9B04-1A090553FA9D}.Release|x64.ActiveCfg = Release|x64
		{9F5D93A3-0923-48F6-9B04-1A090553FA9D}.Release|x64.Build.0 = Release|x64
		{9F5D93A3-0923-48F6-9B04-1A090553FA9D}.Release|x86.ActiveCfg = Release|Win32
		{9F5D93A3-0923-48F6-9B04-1A090553FA9D}.Release|x86.Build.0 = Release|Win32
		{52DCC8C6-548F-4AA1-9210-14CB1677F65B}.Debug|Any CPU.ActiveCfg = Debug|Win32
		{52DCC8C6-548F-4AA1-9210-14CB1677F65B}.Debug|x64.ActiveCfg = Debug|x64
		{52DCC8C6-548F-4AA1-9210-14CB1677F65B}.Debug|x64.Build.0 = Debug|x64
		{52DCC8C6-548F-4AA1-9210-14CB1677F65B}.Debug|x86.ActiveCfg = Debug|Win32
		{52DCC8C6-548F-4AA1-9210-14CB1677F65B}.Debug|x86.Build.0 = Debug|Win32
		{52DCC8C6-548F-4AA1-9210-14CB1677F65B}.Release|Any CPU.ActiveCfg = Release|Win32
		{52DCC8C6-548F-4AA1-9210-14CB1677F65B}.Release|x64.ActiveCfg = Release|x64
		{52DCC8C6-548F-4AA1-9210-14CB1677F65B}.Release|x64.Build.0 = Release|x64
		{52DCC8C6-548F-4AA1-9210-14CB1677F65B}.Release|x86.ActiveCfg = Release|Win32
		{52DCC8C6-548F-4AA1-9210-14CB1677F65B}.Release|x86.Build.0 = Release|Win32
	EndGlobalSection
	GlobalSection(SolutionProperties) = preSolution
		HideSolutionNode = FALSE
	EndGlobalSection
	GlobalSection(NestedProjects) = preSolution
		{EE004471-8433-4E2B-97FB-882EA51034AC} = {7064C76C-8C96-44C4-9143-08E421915B14}
		{E60068A8-CC75-49FB-B2CD-EA5BD8108DE9} = {7064C76C-8C96-44C4-9143-08E421915B14}
		{2B0CC79E-3C59-478C-BA62-EF46781EEC65} = {7064C76C-8C96-44C4-9143-08E421915B14}
		{C59481AC-9A60-417B-B209-CFAD2B656999} = {7064C76C-8C96-44C4-9143-08E421915B14}
		{86355923-11C2-4698-9798-E4E8242F2885} = {7064C76C-8C96-44C4-9143-08E421915B14}
		{9F5D93A3-0923-48F6-9B04-1A090553FA9D} = {7064C76C-8C96-44C4-9143-08E421915B14}
		{52DCC8C6-548F-4AA1-9210-14CB1677F65B} = {7064C76C-8C96-44C4-9143-08E421915B14}
	EndGlobalSection
	GlobalSection(ExtensibilityGlobals) = postSolution
		SolutionGuid = {1034D27B-F3FD-40CE-8354-89602CDB9058}
	EndGlobalSection
EndGlobal
