
Microsoft Visual Studio Solution File, Format Version 12.00
# Visual Studio Version 16
VisualStudioVersion = 16.0.29006.145
MinimumVisualStudioVersion = 10.0.40219.1
Project("{8BC9CEB8-8B4A-11D0-8D11-00A0C91BC942}") = "defaults", "defaults\defaults.vcxproj", "{2947432D-091C-4B93-9000-7E961D24BC56}"
EndProject
Project("{8BC9CEB8-8B4A-11D0-8D11-00A0C91BC942}") = "manip", "manip\manip.vcxproj", "{446D5AD2-90B3-47EB-9878-0C3641CC7BA5}"
EndProject
Project("{8BC9CEB8-8B4A-11D0-8D11-00A0C91BC942}") = "width", "width\width.vcxproj", "{16DC9D36-968D-417A-9C4F-FC40DFE62F49}"
EndProject
Project("{8BC9CEB8-8B4A-11D0-8D11-00A0C91BC942}") = "fill", "fill\fill.vcxproj", "{2FC427D1-20E9-4A3F-8B72-7784CB1E2C82}"
EndProject
Project("{8BC9CEB8-8B4A-11D0-8D11-00A0C91BC942}") = "precise", "precise\precise.vcxproj", "{4FDF07B4-CEF1-4865-A78A-AF0FBF6ED877}"
EndProject
Project("{8BC9CEB8-8B4A-11D0-8D11-00A0C91BC942}") = "showpt", "showpt\showpt.vcxproj", "{20B3CB56-6684-4D56-9C7F-1FD886487E13}"
EndProject
Project("{8BC9CEB8-8B4A-11D0-8D11-00A0C91BC942}") = "setf", "setf\setf.vcxproj", "{836B298E-585A-4E7D-A10D-299E117F9FDA}"
EndProject
Project("{8BC9CEB8-8B4A-11D0-8D11-00A0C91BC942}") = "setf2", "setf2\setf2.vcxproj", "{DA47DAA9-C6C4-4A85-B892-4F36AB98BB4C}"
EndProject
Project("{8BC9CEB8-8B4A-11D0-8D11-00A0C91BC942}") = "iomanip", "iomanip\iomanip.vcxproj", "{50D5DEF4-6B63-42B2-8574-AAD346E71744}"
EndProject
Project("{8BC9CEB8-8B4A-11D0-8D11-00A0C91BC942}") = "check_it", "check_it\check_it.vcxproj", "{996A4EE3-2AB3-43C9-9F64-7520131DA650}"
EndProject
Project("{8BC9CEB8-8B4A-11D0-8D11-00A0C91BC942}") = "cinexcp", "cinexcp\cinexcp.vcxproj", "{C7DC71D4-4B12-4D5A-9503-9750834B0ABB}"
EndProject
Project("{8BC9CEB8-8B4A-11D0-8D11-00A0C91BC942}") = "get_fun", "get_fun\get_fun.vcxproj", "{D89F6CCC-77F3-43F4-9698-478B5B4F3BCD}"
EndProject
Project("{8BC9CEB8-8B4A-11D0-8D11-00A0C91BC942}") = "peeker", "peeker\peeker.vcxproj", "{7FD62533-CDC5-4762-ACB4-277DF3BC2123}"
EndProject
Project("{8BC9CEB8-8B4A-11D0-8D11-00A0C91BC942}") = "truncate", "truncate\truncate.vcxproj", "{56942D6E-28A9-4B3E-874B-44AE643AA160}"
EndProject
Project("{8BC9CEB8-8B4A-11D0-8D11-00A0C91BC942}") = "fileio", "fileio\fileio.vcxproj", "{C0617EA0-90D9-4231-A251-2BC95771F24C}"
EndProject
Project("{8BC9CEB8-8B4A-11D0-8D11-00A0C91BC942}") = "count", "count\count.vcxproj", "{D8EE1E74-AAFE-4837-96B3-5DE2B5468AF6}"
EndProject
Project("{8BC9CEB8-8B4A-11D0-8D11-00A0C91BC942}") = "append", "append\append.vcxproj", "{C0E6B7B2-AB21-4267-88FA-41954631CD44}"
EndProject
Project("{8BC9CEB8-8B4A-11D0-8D11-00A0C91BC942}") = "binary", "binary\binary.vcxproj", "{2A249427-EA02-4CDE-992B-30794A2A5D78}"
EndProject
Project("{8BC9CEB8-8B4A-11D0-8D11-00A0C91BC942}") = "random", "random\random.vcxproj", "{D9726BB5-4337-4196-9CBE-B5476C185749}"
EndProject
Project("{8BC9CEB8-8B4A-11D0-8D11-00A0C91BC942}") = "strout", "strout\strout.vcxproj", "{1CA7AF2F-25D5-44DE-A293-28D94E498B5B}"
EndProject
Project("{8BC9CEB8-8B4A-11D0-8D11-00A0C91BC942}") = "strin", "strin\strin.vcxproj", "{C4E1D17A-6E5B-4717-AC60-5C23594B881C}"
EndProject
Project("{2150E333-8FDC-42A3-9474-1A3956D46DE8}") = "Chapter Review", "Chapter Review", "{F74341F2-61AC-4233-A783-C2AD284073DA}"
	ProjectSection(SolutionItems) = preProject
		Chapter Review 01.txt = Chapter Review 01.txt
		Chapter Review 02.txt = Chapter Review 02.txt
		Chapter Review 03.txt = Chapter Review 03.txt
		Chapter Review 04.txt = Chapter Review 04.txt
		Chapter Review 05.txt = Chapter Review 05.txt
		Chapter Review 08.txt = Chapter Review 08.txt
		Chapter Review 09.txt = Chapter Review 09.txt
	EndProjectSection
EndProject
Project("{8BC9CEB8-8B4A-11D0-8D11-00A0C91BC942}") = "Chapter Review 06", "Chapter Review 06\Chapter Review 06.vcxproj", "{BEBB0BA1-131F-4991-BAA2-619B3878E51E}"
EndProject
Project("{8BC9CEB8-8B4A-11D0-8D11-00A0C91BC942}") = "Chapter Review 07", "Chapter Review 07\Chapter Review 07.vcxproj", "{A0412F70-D8AA-409E-8B07-2FBF520166B4}"
EndProject
Project("{2150E333-8FDC-42A3-9474-1A3956D46DE8}") = "Programming Exercises", "Programming Exercises", "{D54D6769-C6B7-40F8-9710-F9F54FB0F38E}"
EndProject
Project("{8BC9CEB8-8B4A-11D0-8D11-00A0C91BC942}") = "Programming Exercise 01", "Programming Exercise 01\Programming Exercise 01.vcxproj", "{815590F0-82E1-4AC7-A31A-0163927131B9}"
EndProject
Project("{8BC9CEB8-8B4A-11D0-8D11-00A0C91BC942}") = "Programming Exercise 02", "Programming Exercise 02\Programming Exercise 02.vcxproj", "{046FAD61-5A83-44E2-AFEC-AD1E4B7C00E8}"
EndProject
Project("{8BC9CEB8-8B4A-11D0-8D11-00A0C91BC942}") = "Programming Exercise 03", "Programming Exercise 03\Programming Exercise 03.vcxproj", "{7FD29D35-F2D5-44F6-A8E7-EFB2E564EB14}"
EndProject
Project("{8BC9CEB8-8B4A-11D0-8D11-00A0C91BC942}") = "Programming Exercise 04", "Programming Exercise 04\Programming Exercise 04.vcxproj", "{9FFADBDC-D4C1-4B28-AF7D-1B86408EF996}"
EndProject
Project("{8BC9CEB8-8B4A-11D0-8D11-00A0C91BC942}") = "Programming Exercise 05", "Programming Exercise 05\Programming Exercise 05.vcxproj", "{59F8605B-136F-40ED-9B53-13786B06AB17}"
EndProject
Global
	GlobalSection(SolutionConfigurationPlatforms) = preSolution
		Debug|x64 = Debug|x64
		Debug|x86 = Debug|x86
		Release|x64 = Release|x64
		Release|x86 = Release|x86
	EndGlobalSection
	GlobalSection(ProjectConfigurationPlatforms) = postSolution
		{2947432D-091C-4B93-9000-7E961D24BC56}.Debug|x64.ActiveCfg = Debug|x64
		{2947432D-091C-4B93-9000-7E961D24BC56}.Debug|x64.Build.0 = Debug|x64
		{2947432D-091C-4B93-9000-7E961D24BC56}.Debug|x86.ActiveCfg = Debug|Win32
		{2947432D-091C-4B93-9000-7E961D24BC56}.Debug|x86.Build.0 = Debug|Win32
		{2947432D-091C-4B93-9000-7E961D24BC56}.Release|x64.ActiveCfg = Release|x64
		{2947432D-091C-4B93-9000-7E961D24BC56}.Release|x64.Build.0 = Release|x64
		{2947432D-091C-4B93-9000-7E961D24BC56}.Release|x86.ActiveCfg = Release|Win32
		{2947432D-091C-4B93-9000-7E961D24BC56}.Release|x86.Build.0 = Release|Win32
		{446D5AD2-90B3-47EB-9878-0C3641CC7BA5}.Debug|x64.ActiveCfg = Debug|x64
		{446D5AD2-90B3-47EB-9878-0C3641CC7BA5}.Debug|x64.Build.0 = Debug|x64
		{446D5AD2-90B3-47EB-9878-0C3641CC7BA5}.Debug|x86.ActiveCfg = Debug|Win32
		{446D5AD2-90B3-47EB-9878-0C3641CC7BA5}.Debug|x86.Build.0 = Debug|Win32
		{446D5AD2-90B3-47EB-9878-0C3641CC7BA5}.Release|x64.ActiveCfg = Release|x64
		{446D5AD2-90B3-47EB-9878-0C3641CC7BA5}.Release|x64.Build.0 = Release|x64
		{446D5AD2-90B3-47EB-9878-0C3641CC7BA5}.Release|x86.ActiveCfg = Release|Win32
		{446D5AD2-90B3-47EB-9878-0C3641CC7BA5}.Release|x86.Build.0 = Release|Win32
		{16DC9D36-968D-417A-9C4F-FC40DFE62F49}.Debug|x64.ActiveCfg = Debug|x64
		{16DC9D36-968D-417A-9C4F-FC40DFE62F49}.Debug|x64.Build.0 = Debug|x64
		{16DC9D36-968D-417A-9C4F-FC40DFE62F49}.Debug|x86.ActiveCfg = Debug|Win32
		{16DC9D36-968D-417A-9C4F-FC40DFE62F49}.Debug|x86.Build.0 = Debug|Win32
		{16DC9D36-968D-417A-9C4F-FC40DFE62F49}.Release|x64.ActiveCfg = Release|x64
		{16DC9D36-968D-417A-9C4F-FC40DFE62F49}.Release|x64.Build.0 = Release|x64
		{16DC9D36-968D-417A-9C4F-FC40DFE62F49}.Release|x86.ActiveCfg = Release|Win32
		{16DC9D36-968D-417A-9C4F-FC40DFE62F49}.Release|x86.Build.0 = Release|Win32
		{2FC427D1-20E9-4A3F-8B72-7784CB1E2C82}.Debug|x64.ActiveCfg = Debug|x64
		{2FC427D1-20E9-4A3F-8B72-7784CB1E2C82}.Debug|x64.Build.0 = Debug|x64
		{2FC427D1-20E9-4A3F-8B72-7784CB1E2C82}.Debug|x86.ActiveCfg = Debug|Win32
		{2FC427D1-20E9-4A3F-8B72-7784CB1E2C82}.Debug|x86.Build.0 = Debug|Win32
		{2FC427D1-20E9-4A3F-8B72-7784CB1E2C82}.Release|x64.ActiveCfg = Release|x64
		{2FC427D1-20E9-4A3F-8B72-7784CB1E2C82}.Release|x64.Build.0 = Release|x64
		{2FC427D1-20E9-4A3F-8B72-7784CB1E2C82}.Release|x86.ActiveCfg = Release|Win32
		{2FC427D1-20E9-4A3F-8B72-7784CB1E2C82}.Release|x86.Build.0 = Release|Win32
		{4FDF07B4-CEF1-4865-A78A-AF0FBF6ED877}.Debug|x64.ActiveCfg = Debug|x64
		{4FDF07B4-CEF1-4865-A78A-AF0FBF6ED877}.Debug|x64.Build.0 = Debug|x64
		{4FDF07B4-CEF1-4865-A78A-AF0FBF6ED877}.Debug|x86.ActiveCfg = Debug|Win32
		{4FDF07B4-CEF1-4865-A78A-AF0FBF6ED877}.Debug|x86.Build.0 = Debug|Win32
		{4FDF07B4-CEF1-4865-A78A-AF0FBF6ED877}.Release|x64.ActiveCfg = Release|x64
		{4FDF07B4-CEF1-4865-A78A-AF0FBF6ED877}.Release|x64.Build.0 = Release|x64
		{4FDF07B4-CEF1-4865-A78A-AF0FBF6ED877}.Release|x86.ActiveCfg = Release|Win32
		{4FDF07B4-CEF1-4865-A78A-AF0FBF6ED877}.Release|x86.Build.0 = Release|Win32
		{20B3CB56-6684-4D56-9C7F-1FD886487E13}.Debug|x64.ActiveCfg = Debug|x64
		{20B3CB56-6684-4D56-9C7F-1FD886487E13}.Debug|x64.Build.0 = Debug|x64
		{20B3CB56-6684-4D56-9C7F-1FD886487E13}.Debug|x86.ActiveCfg = Debug|Win32
		{20B3CB56-6684-4D56-9C7F-1FD886487E13}.Debug|x86.Build.0 = Debug|Win32
		{20B3CB56-6684-4D56-9C7F-1FD886487E13}.Release|x64.ActiveCfg = Release|x64
		{20B3CB56-6684-4D56-9C7F-1FD886487E13}.Release|x64.Build.0 = Release|x64
		{20B3CB56-6684-4D56-9C7F-1FD886487E13}.Release|x86.ActiveCfg = Release|Win32
		{20B3CB56-6684-4D56-9C7F-1FD886487E13}.Release|x86.Build.0 = Release|Win32
		{836B298E-585A-4E7D-A10D-299E117F9FDA}.Debug|x64.ActiveCfg = Debug|x64
		{836B298E-585A-4E7D-A10D-299E117F9FDA}.Debug|x64.Build.0 = Debug|x64
		{836B298E-585A-4E7D-A10D-299E117F9FDA}.Debug|x86.ActiveCfg = Debug|Win32
		{836B298E-585A-4E7D-A10D-299E117F9FDA}.Debug|x86.Build.0 = Debug|Win32
		{836B298E-585A-4E7D-A10D-299E117F9FDA}.Release|x64.ActiveCfg = Release|x64
		{836B298E-585A-4E7D-A10D-299E117F9FDA}.Release|x64.Build.0 = Release|x64
		{836B298E-585A-4E7D-A10D-299E117F9FDA}.Release|x86.ActiveCfg = Release|Win32
		{836B298E-585A-4E7D-A10D-299E117F9FDA}.Release|x86.Build.0 = Release|Win32
		{DA47DAA9-C6C4-4A85-B892-4F36AB98BB4C}.Debug|x64.ActiveCfg = Debug|x64
		{DA47DAA9-C6C4-4A85-B892-4F36AB98BB4C}.Debug|x64.Build.0 = Debug|x64
		{DA47DAA9-C6C4-4A85-B892-4F36AB98BB4C}.Debug|x86.ActiveCfg = Debug|Win32
		{DA47DAA9-C6C4-4A85-B892-4F36AB98BB4C}.Debug|x86.Build.0 = Debug|Win32
		{DA47DAA9-C6C4-4A85-B892-4F36AB98BB4C}.Release|x64.ActiveCfg = Release|x64
		{DA47DAA9-C6C4-4A85-B892-4F36AB98BB4C}.Release|x64.Build.0 = Release|x64
		{DA47DAA9-C6C4-4A85-B892-4F36AB98BB4C}.Release|x86.ActiveCfg = Release|Win32
		{DA47DAA9-C6C4-4A85-B892-4F36AB98BB4C}.Release|x86.Build.0 = Release|Win32
		{50D5DEF4-6B63-42B2-8574-AAD346E71744}.Debug|x64.ActiveCfg = Debug|x64
		{50D5DEF4-6B63-42B2-8574-AAD346E71744}.Debug|x64.Build.0 = Debug|x64
		{50D5DEF4-6B63-42B2-8574-AAD346E71744}.Debug|x86.ActiveCfg = Debug|Win32
		{50D5DEF4-6B63-42B2-8574-AAD346E71744}.Debug|x86.Build.0 = Debug|Win32
		{50D5DEF4-6B63-42B2-8574-AAD346E71744}.Release|x64.ActiveCfg = Release|x64
		{50D5DEF4-6B63-42B2-8574-AAD346E71744}.Release|x64.Build.0 = Release|x64
		{50D5DEF4-6B63-42B2-8574-AAD346E71744}.Release|x86.ActiveCfg = Release|Win32
		{50D5DEF4-6B63-42B2-8574-AAD346E71744}.Release|x86.Build.0 = Release|Win32
		{996A4EE3-2AB3-43C9-9F64-7520131DA650}.Debug|x64.ActiveCfg = Debug|x64
		{996A4EE3-2AB3-43C9-9F64-7520131DA650}.Debug|x64.Build.0 = Debug|x64
		{996A4EE3-2AB3-43C9-9F64-7520131DA650}.Debug|x86.ActiveCfg = Debug|Win32
		{996A4EE3-2AB3-43C9-9F64-7520131DA650}.Debug|x86.Build.0 = Debug|Win32
		{996A4EE3-2AB3-43C9-9F64-7520131DA650}.Release|x64.ActiveCfg = Release|x64
		{996A4EE3-2AB3-43C9-9F64-7520131DA650}.Release|x64.Build.0 = Release|x64
		{996A4EE3-2AB3-43C9-9F64-7520131DA650}.Release|x86.ActiveCfg = Release|Win32
		{996A4EE3-2AB3-43C9-9F64-7520131DA650}.Release|x86.Build.0 = Release|Win32
		{C7DC71D4-4B12-4D5A-9503-9750834B0ABB}.Debug|x64.ActiveCfg = Debug|x64
		{C7DC71D4-4B12-4D5A-9503-9750834B0ABB}.Debug|x64.Build.0 = Debug|x64
		{C7DC71D4-4B12-4D5A-9503-9750834B0ABB}.Debug|x86.ActiveCfg = Debug|Win32
		{C7DC71D4-4B12-4D5A-9503-9750834B0ABB}.Debug|x86.Build.0 = Debug|Win32
		{C7DC71D4-4B12-4D5A-9503-9750834B0ABB}.Release|x64.ActiveCfg = Release|x64
		{C7DC71D4-4B12-4D5A-9503-9750834B0ABB}.Release|x64.Build.0 = Release|x64
		{C7DC71D4-4B12-4D5A-9503-9750834B0ABB}.Release|x86.ActiveCfg = Release|Win32
		{C7DC71D4-4B12-4D5A-9503-9750834B0ABB}.Release|x86.Build.0 = Release|Win32
		{D89F6CCC-77F3-43F4-9698-478B5B4F3BCD}.Debug|x64.ActiveCfg = Debug|x64
		{D89F6CCC-77F3-43F4-9698-478B5B4F3BCD}.Debug|x64.Build.0 = Debug|x64
		{D89F6CCC-77F3-43F4-9698-478B5B4F3BCD}.Debug|x86.ActiveCfg = Debug|Win32
		{D89F6CCC-77F3-43F4-9698-478B5B4F3BCD}.Debug|x86.Build.0 = Debug|Win32
		{D89F6CCC-77F3-43F4-9698-478B5B4F3BCD}.Release|x64.ActiveCfg = Release|x64
		{D89F6CCC-77F3-43F4-9698-478B5B4F3BCD}.Release|x64.Build.0 = Release|x64
		{D89F6CCC-77F3-43F4-9698-478B5B4F3BCD}.Release|x86.ActiveCfg = Release|Win32
		{D89F6CCC-77F3-43F4-9698-478B5B4F3BCD}.Release|x86.Build.0 = Release|Win32
		{7FD62533-CDC5-4762-ACB4-277DF3BC2123}.Debug|x64.ActiveCfg = Debug|x64
		{7FD62533-CDC5-4762-ACB4-277DF3BC2123}.Debug|x64.Build.0 = Debug|x64
		{7FD62533-CDC5-4762-ACB4-277DF3BC2123}.Debug|x86.ActiveCfg = Debug|Win32
		{7FD62533-CDC5-4762-ACB4-277DF3BC2123}.Debug|x86.Build.0 = Debug|Win32
		{7FD62533-CDC5-4762-ACB4-277DF3BC2123}.Release|x64.ActiveCfg = Release|x64
		{7FD62533-CDC5-4762-ACB4-277DF3BC2123}.Release|x64.Build.0 = Release|x64
		{7FD62533-CDC5-4762-ACB4-277DF3BC2123}.Release|x86.ActiveCfg = Release|Win32
		{7FD62533-CDC5-4762-ACB4-277DF3BC2123}.Release|x86.Build.0 = Release|Win32
		{56942D6E-28A9-4B3E-874B-44AE643AA160}.Debug|x64.ActiveCfg = Debug|x64
		{56942D6E-28A9-4B3E-874B-44AE643AA160}.Debug|x64.Build.0 = Debug|x64
		{56942D6E-28A9-4B3E-874B-44AE643AA160}.Debug|x86.ActiveCfg = Debug|Win32
		{56942D6E-28A9-4B3E-874B-44AE643AA160}.Debug|x86.Build.0 = Debug|Win32
		{56942D6E-28A9-4B3E-874B-44AE643AA160}.Release|x64.ActiveCfg = Release|x64
		{56942D6E-28A9-4B3E-874B-44AE643AA160}.Release|x64.Build.0 = Release|x64
		{56942D6E-28A9-4B3E-874B-44AE643AA160}.Release|x86.ActiveCfg = Release|Win32
		{56942D6E-28A9-4B3E-874B-44AE643AA160}.Release|x86.Build.0 = Release|Win32
		{C0617EA0-90D9-4231-A251-2BC95771F24C}.Debug|x64.ActiveCfg = Debug|x64
		{C0617EA0-90D9-4231-A251-2BC95771F24C}.Debug|x64.Build.0 = Debug|x64
		{C0617EA0-90D9-4231-A251-2BC95771F24C}.Debug|x86.ActiveCfg = Debug|Win32
		{C0617EA0-90D9-4231-A251-2BC95771F24C}.Debug|x86.Build.0 = Debug|Win32
		{C0617EA0-90D9-4231-A251-2BC95771F24C}.Release|x64.ActiveCfg = Release|x64
		{C0617EA0-90D9-4231-A251-2BC95771F24C}.Release|x64.Build.0 = Release|x64
		{C0617EA0-90D9-4231-A251-2BC95771F24C}.Release|x86.ActiveCfg = Release|Win32
		{C0617EA0-90D9-4231-A251-2BC95771F24C}.Release|x86.Build.0 = Release|Win32
		{D8EE1E74-AAFE-4837-96B3-5DE2B5468AF6}.Debug|x64.ActiveCfg = Debug|x64
		{D8EE1E74-AAFE-4837-96B3-5DE2B5468AF6}.Debug|x64.Build.0 = Debug|x64
		{D8EE1E74-AAFE-4837-96B3-5DE2B5468AF6}.Debug|x86.ActiveCfg = Debug|Win32
		{D8EE1E74-AAFE-4837-96B3-5DE2B5468AF6}.Debug|x86.Build.0 = Debug|Win32
		{D8EE1E74-AAFE-4837-96B3-5DE2B5468AF6}.Release|x64.ActiveCfg = Release|x64
		{D8EE1E74-AAFE-4837-96B3-5DE2B5468AF6}.Release|x64.Build.0 = Release|x64
		{D8EE1E74-AAFE-4837-96B3-5DE2B5468AF6}.Release|x86.ActiveCfg = Release|Win32
		{D8EE1E74-AAFE-4837-96B3-5DE2B5468AF6}.Release|x86.Build.0 = Release|Win32
		{C0E6B7B2-AB21-4267-88FA-41954631CD44}.Debug|x64.ActiveCfg = Debug|x64
		{C0E6B7B2-AB21-4267-88FA-41954631CD44}.Debug|x64.Build.0 = Debug|x64
		{C0E6B7B2-AB21-4267-88FA-41954631CD44}.Debug|x86.ActiveCfg = Debug|Win32
		{C0E6B7B2-AB21-4267-88FA-41954631CD44}.Debug|x86.Build.0 = Debug|Win32
		{C0E6B7B2-AB21-4267-88FA-41954631CD44}.Release|x64.ActiveCfg = Release|x64
		{C0E6B7B2-AB21-4267-88FA-41954631CD44}.Release|x64.Build.0 = Release|x64
		{C0E6B7B2-AB21-4267-88FA-41954631CD44}.Release|x86.ActiveCfg = Release|Win32
		{C0E6B7B2-AB21-4267-88FA-41954631CD44}.Release|x86.Build.0 = Release|Win32
		{2A249427-EA02-4CDE-992B-30794A2A5D78}.Debug|x64.ActiveCfg = Debug|x64
		{2A249427-EA02-4CDE-992B-30794A2A5D78}.Debug|x64.Build.0 = Debug|x64
		{2A249427-EA02-4CDE-992B-30794A2A5D78}.Debug|x86.ActiveCfg = Debug|Win32
		{2A249427-EA02-4CDE-992B-30794A2A5D78}.Debug|x86.Build.0 = Debug|Win32
		{2A249427-EA02-4CDE-992B-30794A2A5D78}.Release|x64.ActiveCfg = Release|x64
		{2A249427-EA02-4CDE-992B-30794A2A5D78}.Release|x64.Build.0 = Release|x64
		{2A249427-EA02-4CDE-992B-30794A2A5D78}.Release|x86.ActiveCfg = Release|Win32
		{2A249427-EA02-4CDE-992B-30794A2A5D78}.Release|x86.Build.0 = Release|Win32
		{D9726BB5-4337-4196-9CBE-B5476C185749}.Debug|x64.ActiveCfg = Debug|x64
		{D9726BB5-4337-4196-9CBE-B5476C185749}.Debug|x64.Build.0 = Debug|x64
		{D9726BB5-4337-4196-9CBE-B5476C185749}.Debug|x86.ActiveCfg = Debug|Win32
		{D9726BB5-4337-4196-9CBE-B5476C185749}.Debug|x86.Build.0 = Debug|Win32
		{D9726BB5-4337-4196-9CBE-B5476C185749}.Release|x64.ActiveCfg = Release|x64
		{D9726BB5-4337-4196-9CBE-B5476C185749}.Release|x64.Build.0 = Release|x64
		{D9726BB5-4337-4196-9CBE-B5476C185749}.Release|x86.ActiveCfg = Release|Win32
		{D9726BB5-4337-4196-9CBE-B5476C185749}.Release|x86.Build.0 = Release|Win32
		{1CA7AF2F-25D5-44DE-A293-28D94E498B5B}.Debug|x64.ActiveCfg = Debug|x64
		{1CA7AF2F-25D5-44DE-A293-28D94E498B5B}.Debug|x64.Build.0 = Debug|x64
		{1CA7AF2F-25D5-44DE-A293-28D94E498B5B}.Debug|x86.ActiveCfg = Debug|Win32
		{1CA7AF2F-25D5-44DE-A293-28D94E498B5B}.Debug|x86.Build.0 = Debug|Win32
		{1CA7AF2F-25D5-44DE-A293-28D94E498B5B}.Release|x64.ActiveCfg = Release|x64
		{1CA7AF2F-25D5-44DE-A293-28D94E498B5B}.Release|x64.Build.0 = Release|x64
		{1CA7AF2F-25D5-44DE-A293-28D94E498B5B}.Release|x86.ActiveCfg = Release|Win32
		{1CA7AF2F-25D5-44DE-A293-28D94E498B5B}.Release|x86.Build.0 = Release|Win32
		{C4E1D17A-6E5B-4717-AC60-5C23594B881C}.Debug|x64.ActiveCfg = Debug|x64
		{C4E1D17A-6E5B-4717-AC60-5C23594B881C}.Debug|x64.Build.0 = Debug|x64
		{C4E1D17A-6E5B-4717-AC60-5C23594B881C}.Debug|x86.ActiveCfg = Debug|Win32
		{C4E1D17A-6E5B-4717-AC60-5C23594B881C}.Debug|x86.Build.0 = Debug|Win32
		{C4E1D17A-6E5B-4717-AC60-5C23594B881C}.Release|x64.ActiveCfg = Release|x64
		{C4E1D17A-6E5B-4717-AC60-5C23594B881C}.Release|x64.Build.0 = Release|x64
		{C4E1D17A-6E5B-4717-AC60-5C23594B881C}.Release|x86.ActiveCfg = Release|Win32
		{C4E1D17A-6E5B-4717-AC60-5C23594B881C}.Release|x86.Build.0 = Release|Win32
		{BEBB0BA1-131F-4991-BAA2-619B3878E51E}.Debug|x64.ActiveCfg = Debug|x64
		{BEBB0BA1-131F-4991-BAA2-619B3878E51E}.Debug|x64.Build.0 = Debug|x64
		{BEBB0BA1-131F-4991-BAA2-619B3878E51E}.Debug|x86.ActiveCfg = Debug|Win32
		{BEBB0BA1-131F-4991-BAA2-619B3878E51E}.Debug|x86.Build.0 = Debug|Win32
		{BEBB0BA1-131F-4991-BAA2-619B3878E51E}.Release|x64.ActiveCfg = Release|x64
		{BEBB0BA1-131F-4991-BAA2-619B3878E51E}.Release|x64.Build.0 = Release|x64
		{BEBB0BA1-131F-4991-BAA2-619B3878E51E}.Release|x86.ActiveCfg = Release|Win32
		{BEBB0BA1-131F-4991-BAA2-619B3878E51E}.Release|x86.Build.0 = Release|Win32
		{A0412F70-D8AA-409E-8B07-2FBF520166B4}.Debug|x64.ActiveCfg = Debug|x64
		{A0412F70-D8AA-409E-8B07-2FBF520166B4}.Debug|x64.Build.0 = Debug|x64
		{A0412F70-D8AA-409E-8B07-2FBF520166B4}.Debug|x86.ActiveCfg = Debug|Win32
		{A0412F70-D8AA-409E-8B07-2FBF520166B4}.Debug|x86.Build.0 = Debug|Win32
		{A0412F70-D8AA-409E-8B07-2FBF520166B4}.Release|x64.ActiveCfg = Release|x64
		{A0412F70-D8AA-409E-8B07-2FBF520166B4}.Release|x64.Build.0 = Release|x64
		{A0412F70-D8AA-409E-8B07-2FBF520166B4}.Release|x86.ActiveCfg = Release|Win32
		{A0412F70-D8AA-409E-8B07-2FBF520166B4}.Release|x86.Build.0 = Release|Win32
		{815590F0-82E1-4AC7-A31A-0163927131B9}.Debug|x64.ActiveCfg = Debug|x64
		{815590F0-82E1-4AC7-A31A-0163927131B9}.Debug|x64.Build.0 = Debug|x64
		{815590F0-82E1-4AC7-A31A-0163927131B9}.Debug|x86.ActiveCfg = Debug|Win32
		{815590F0-82E1-4AC7-A31A-0163927131B9}.Debug|x86.Build.0 = Debug|Win32
		{815590F0-82E1-4AC7-A31A-0163927131B9}.Release|x64.ActiveCfg = Release|x64
		{815590F0-82E1-4AC7-A31A-0163927131B9}.Release|x64.Build.0 = Release|x64
		{815590F0-82E1-4AC7-A31A-0163927131B9}.Release|x86.ActiveCfg = Release|Win32
		{815590F0-82E1-4AC7-A31A-0163927131B9}.Release|x86.Build.0 = Release|Win32
		{046FAD61-5A83-44E2-AFEC-AD1E4B7C00E8}.Debug|x64.ActiveCfg = Debug|x64
		{046FAD61-5A83-44E2-AFEC-AD1E4B7C00E8}.Debug|x64.Build.0 = Debug|x64
		{046FAD61-5A83-44E2-AFEC-AD1E4B7C00E8}.Debug|x86.ActiveCfg = Debug|Win32
		{046FAD61-5A83-44E2-AFEC-AD1E4B7C00E8}.Debug|x86.Build.0 = Debug|Win32
		{046FAD61-5A83-44E2-AFEC-AD1E4B7C00E8}.Release|x64.ActiveCfg = Release|x64
		{046FAD61-5A83-44E2-AFEC-AD1E4B7C00E8}.Release|x64.Build.0 = Release|x64
		{046FAD61-5A83-44E2-AFEC-AD1E4B7C00E8}.Release|x86.ActiveCfg = Release|Win32
		{046FAD61-5A83-44E2-AFEC-AD1E4B7C00E8}.Release|x86.Build.0 = Release|Win32
		{7FD29D35-F2D5-44F6-A8E7-EFB2E564EB14}.Debug|x64.ActiveCfg = Debug|x64
		{7FD29D35-F2D5-44F6-A8E7-EFB2E564EB14}.Debug|x64.Build.0 = Debug|x64
		{7FD29D35-F2D5-44F6-A8E7-EFB2E564EB14}.Debug|x86.ActiveCfg = Debug|Win32
		{7FD29D35-F2D5-44F6-A8E7-EFB2E564EB14}.Debug|x86.Build.0 = Debug|Win32
		{7FD29D35-F2D5-44F6-A8E7-EFB2E564EB14}.Release|x64.ActiveCfg = Release|x64
		{7FD29D35-F2D5-44F6-A8E7-EFB2E564EB14}.Release|x64.Build.0 = Release|x64
		{7FD29D35-F2D5-44F6-A8E7-EFB2E564EB14}.Release|x86.ActiveCfg = Release|Win32
		{7FD29D35-F2D5-44F6-A8E7-EFB2E564EB14}.Release|x86.Build.0 = Release|Win32
		{9FFADBDC-D4C1-4B28-AF7D-1B86408EF996}.Debug|x64.ActiveCfg = Debug|x64
		{9FFADBDC-D4C1-4B28-AF7D-1B86408EF996}.Debug|x64.Build.0 = Debug|x64
		{9FFADBDC-D4C1-4B28-AF7D-1B86408EF996}.Debug|x86.ActiveCfg = Debug|Win32
		{9FFADBDC-D4C1-4B28-AF7D-1B86408EF996}.Debug|x86.Build.0 = Debug|Win32
		{9FFADBDC-D4C1-4B28-AF7D-1B86408EF996}.Release|x64.ActiveCfg = Release|x64
		{9FFADBDC-D4C1-4B28-AF7D-1B86408EF996}.Release|x64.Build.0 = Release|x64
		{9FFADBDC-D4C1-4B28-AF7D-1B86408EF996}.Release|x86.ActiveCfg = Release|Win32
		{9FFADBDC-D4C1-4B28-AF7D-1B86408EF996}.Release|x86.Build.0 = Release|Win32
		{59F8605B-136F-40ED-9B53-13786B06AB17}.Debug|x64.ActiveCfg = Debug|x64
		{59F8605B-136F-40ED-9B53-13786B06AB17}.Debug|x64.Build.0 = Debug|x64
		{59F8605B-136F-40ED-9B53-13786B06AB17}.Debug|x86.ActiveCfg = Debug|Win32
		{59F8605B-136F-40ED-9B53-13786B06AB17}.Debug|x86.Build.0 = Debug|Win32
		{59F8605B-136F-40ED-9B53-13786B06AB17}.Release|x64.ActiveCfg = Release|x64
		{59F8605B-136F-40ED-9B53-13786B06AB17}.Release|x64.Build.0 = Release|x64
		{59F8605B-136F-40ED-9B53-13786B06AB17}.Release|x86.ActiveCfg = Release|Win32
		{59F8605B-136F-40ED-9B53-13786B06AB17}.Release|x86.Build.0 = Release|Win32
	EndGlobalSection
	GlobalSection(SolutionProperties) = preSolution
		HideSolutionNode = FALSE
	EndGlobalSection
	GlobalSection(NestedProjects) = preSolution
		{BEBB0BA1-131F-4991-BAA2-619B3878E51E} = {F74341F2-61AC-4233-A783-C2AD284073DA}
		{A0412F70-D8AA-409E-8B07-2FBF520166B4} = {F74341F2-61AC-4233-A783-C2AD284073DA}
		{815590F0-82E1-4AC7-A31A-0163927131B9} = {D54D6769-C6B7-40F8-9710-F9F54FB0F38E}
		{046FAD61-5A83-44E2-AFEC-AD1E4B7C00E8} = {D54D6769-C6B7-40F8-9710-F9F54FB0F38E}
		{7FD29D35-F2D5-44F6-A8E7-EFB2E564EB14} = {D54D6769-C6B7-40F8-9710-F9F54FB0F38E}
		{9FFADBDC-D4C1-4B28-AF7D-1B86408EF996} = {D54D6769-C6B7-40F8-9710-F9F54FB0F38E}
		{59F8605B-136F-40ED-9B53-13786B06AB17} = {D54D6769-C6B7-40F8-9710-F9F54FB0F38E}
	EndGlobalSection
	GlobalSection(ExtensibilityGlobals) = postSolution
		SolutionGuid = {7F9066F8-F69B-443D-9384-4ED24BBB0CE4}
	EndGlobalSection
EndGlobal
