
Microsoft Visual Studio Solution File, Format Version 12.00
# Visual Studio 15
VisualStudioVersion = 15.0.28307.168
MinimumVisualStudioVersion = 10.0.40219.1
Project("{8BC9CEB8-8B4A-11D0-8D11-00A0C91BC942}") = "forloop", "forloop\forloop.vcxproj", "{9BAB54F1-CB74-4F6F-AB69-0F1DCD4BD5DF}"
EndProject
Project("{8BC9CEB8-8B4A-11D0-8D11-00A0C91BC942}") = "numtest", "numtest\numtest.vcxproj", "{980BA4B1-67BB-4B13-B30B-1C1E29FB5A3D}"
EndProject
Global
	GlobalSection(SolutionConfigurationPlatforms) = preSolution
		Debug|x64 = Debug|x64
		Debug|x86 = Debug|x86
		Release|x64 = Release|x64
		Release|x86 = Release|x86
	EndGlobalSection
	GlobalSection(ProjectConfigurationPlatforms) = postSolution
		{9BAB54F1-CB74-4F6F-AB69-0F1DCD4BD5DF}.Debug|x64.ActiveCfg = Debug|x64
		{9BAB54F1-CB74-4F6F-AB69-0F1DCD4BD5DF}.Debug|x64.Build.0 = Debug|x64
		{9BAB54F1-CB74-4F6F-AB69-0F1DCD4BD5DF}.Debug|x86.ActiveCfg = Debug|Win32
		{9BAB54F1-CB74-4F6F-AB69-0F1DCD4BD5DF}.Debug|x86.Build.0 = Debug|Win32
		{9BAB54F1-CB74-4F6F-AB69-0F1DCD4BD5DF}.Release|x64.ActiveCfg = Release|x64
		{9BAB54F1-CB74-4F6F-AB69-0F1DCD4BD5DF}.Release|x64.Build.0 = Release|x64
		{9BAB54F1-CB74-4F6F-AB69-0F1DCD4BD5DF}.Release|x86.ActiveCfg = Release|Win32
		{9BAB54F1-CB74-4F6F-AB69-0F1DCD4BD5DF}.Release|x86.Build.0 = Release|Win32
		{980BA4B1-67BB-4B13-B30B-1C1E29FB5A3D}.Debug|x64.ActiveCfg = Debug|x64
		{980BA4B1-67BB-4B13-B30B-1C1E29FB5A3D}.Debug|x64.Build.0 = Debug|x64
		{980BA4B1-67BB-4B13-B30B-1C1E29FB5A3D}.Debug|x86.ActiveCfg = Debug|Win32
		{980BA4B1-67BB-4B13-B30B-1C1E29FB5A3D}.Debug|x86.Build.0 = Debug|Win32
		{980BA4B1-67BB-4B13-B30B-1C1E29FB5A3D}.Release|x64.ActiveCfg = Release|x64
		{980BA4B1-67BB-4B13-B30B-1C1E29FB5A3D}.Release|x64.Build.0 = Release|x64
		{980BA4B1-67BB-4B13-B30B-1C1E29FB5A3D}.Release|x86.ActiveCfg = Release|Win32
		{980BA4B1-67BB-4B13-B30B-1C1E29FB5A3D}.Release|x86.Build.0 = Release|Win32
	EndGlobalSection
	GlobalSection(SolutionProperties) = preSolution
		HideSolutionNode = FALSE
	EndGlobalSection
	GlobalSection(ExtensibilityGlobals) = postSolution
		SolutionGuid = {B4BDCAB8-7CA6-4EFA-B86F-54D9FD3C6876}
	EndGlobalSection
EndGlobal
