
Microsoft Visual Studio Solution File, Format Version 12.00
# Visual Studio Version 16
VisualStudioVersion = 16.0.28809.33
MinimumVisualStudioVersion = 10.0.40219.1
Project("{8BC9CEB8-8B4A-11D0-8D11-00A0C91BC942}") = "calling", "calling\calling.vcxproj", "{4CFD897F-74F2-48FE-BF91-84B90F3397D1}"
EndProject
Project("{8BC9CEB8-8B4A-11D0-8D11-00A0C91BC942}") = "protos", "protos\protos.vcxproj", "{B16C16C4-5641-41F5-8109-1DFF5ABB8630}"
EndProject
Project("{8BC9CEB8-8B4A-11D0-8D11-00A0C91BC942}") = "twoarg", "twoarg\twoarg.vcxproj", "{4BD3E7FE-6444-4580-BB4E-D64556EFACAB}"
EndProject
Project("{8BC9CEB8-8B4A-11D0-8D11-00A0C91BC942}") = "lotto", "lotto\lotto.vcxproj", "{58F85996-400E-4023-920E-F04DF6EE779B}"
EndProject
Project("{8BC9CEB8-8B4A-11D0-8D11-00A0C91BC942}") = "arrfun1", "arrfun1\arrfun1.vcxproj", "{81AC92E3-D9B7-41BE-BC6A-C77DC40A2080}"
EndProject
Project("{8BC9CEB8-8B4A-11D0-8D11-00A0C91BC942}") = "arrfun2", "arrfun2\arrfun2.vcxproj", "{F6BE9AE7-53B3-4458-B9FA-DBC03D1FE596}"
EndProject
Project("{8BC9CEB8-8B4A-11D0-8D11-00A0C91BC942}") = "arrfun3", "arrfun3\arrfun3.vcxproj", "{4BCDB187-4D5E-4371-B871-D6A37A8FB40D}"
EndProject
Project("{8BC9CEB8-8B4A-11D0-8D11-00A0C91BC942}") = "arrfun4", "arrfun4\arrfun4.vcxproj", "{B6B901FD-72BD-4CFF-B610-65FCDED739C6}"
EndProject
Project("{8BC9CEB8-8B4A-11D0-8D11-00A0C91BC942}") = "strgfun", "strgfun\strgfun.vcxproj", "{19A99EBF-6CDA-4B04-A9BF-65C76E7CD00D}"
EndProject
Project("{8BC9CEB8-8B4A-11D0-8D11-00A0C91BC942}") = "strgback", "strgback\strgback.vcxproj", "{F60D77E8-37D8-4622-8FD8-5ADC9E298261}"
EndProject
Project("{8BC9CEB8-8B4A-11D0-8D11-00A0C91BC942}") = "travel", "travel\travel.vcxproj", "{3429FA92-AE8C-4151-870B-0136D5197711}"
EndProject
Project("{8BC9CEB8-8B4A-11D0-8D11-00A0C91BC942}") = "strctfun", "strctfun\strctfun.vcxproj", "{5BD4B5E3-0CF1-4375-81E5-5E566D3C0902}"
EndProject
Project("{8BC9CEB8-8B4A-11D0-8D11-00A0C91BC942}") = "strctptr", "strctptr\strctptr.vcxproj", "{F93D88B7-11A1-4F59-916E-82D566AF2D63}"
EndProject
Project("{8BC9CEB8-8B4A-11D0-8D11-00A0C91BC942}") = "topfive", "topfive\topfive.vcxproj", "{9A073E55-533B-4739-AE21-077235D9BBCD}"
EndProject
Project("{8BC9CEB8-8B4A-11D0-8D11-00A0C91BC942}") = "arrobj", "arrobj\arrobj.vcxproj", "{5FF816AB-7CB6-4B3D-9B45-81A0B6C5B0F4}"
EndProject
Project("{8BC9CEB8-8B4A-11D0-8D11-00A0C91BC942}") = "recur", "recur\recur.vcxproj", "{FA3F2AF7-91E9-41F2-AAD5-F7C084AFDF9B}"
EndProject
Project("{8BC9CEB8-8B4A-11D0-8D11-00A0C91BC942}") = "ruler", "ruler\ruler.vcxproj", "{A386FC50-BBDF-4A5A-A31C-4483149DAB45}"
EndProject
Project("{8BC9CEB8-8B4A-11D0-8D11-00A0C91BC942}") = "fun_ptr", "fun_ptr\fun_ptr.vcxproj", "{C9F76E10-2634-493B-A4E7-815A6ACA75EB}"
EndProject
Project("{8BC9CEB8-8B4A-11D0-8D11-00A0C91BC942}") = "arfupt", "arfupt\arfupt.vcxproj", "{25442BA3-A8E2-4ECC-AC68-45CDB5BA0514}"
EndProject
Global
	GlobalSection(SolutionConfigurationPlatforms) = preSolution
		Debug|x64 = Debug|x64
		Debug|x86 = Debug|x86
		Release|x64 = Release|x64
		Release|x86 = Release|x86
	EndGlobalSection
	GlobalSection(ProjectConfigurationPlatforms) = postSolution
		{4CFD897F-74F2-48FE-BF91-84B90F3397D1}.Debug|x64.ActiveCfg = Debug|x64
		{4CFD897F-74F2-48FE-BF91-84B90F3397D1}.Debug|x64.Build.0 = Debug|x64
		{4CFD897F-74F2-48FE-BF91-84B90F3397D1}.Debug|x86.ActiveCfg = Debug|Win32
		{4CFD897F-74F2-48FE-BF91-84B90F3397D1}.Debug|x86.Build.0 = Debug|Win32
		{4CFD897F-74F2-48FE-BF91-84B90F3397D1}.Release|x64.ActiveCfg = Release|x64
		{4CFD897F-74F2-48FE-BF91-84B90F3397D1}.Release|x64.Build.0 = Release|x64
		{4CFD897F-74F2-48FE-BF91-84B90F3397D1}.Release|x86.ActiveCfg = Release|Win32
		{4CFD897F-74F2-48FE-BF91-84B90F3397D1}.Release|x86.Build.0 = Release|Win32
		{B16C16C4-5641-41F5-8109-1DFF5ABB8630}.Debug|x64.ActiveCfg = Debug|x64
		{B16C16C4-5641-41F5-8109-1DFF5ABB8630}.Debug|x64.Build.0 = Debug|x64
		{B16C16C4-5641-41F5-8109-1DFF5ABB8630}.Debug|x86.ActiveCfg = Debug|Win32
		{B16C16C4-5641-41F5-8109-1DFF5ABB8630}.Debug|x86.Build.0 = Debug|Win32
		{B16C16C4-5641-41F5-8109-1DFF5ABB8630}.Release|x64.ActiveCfg = Release|x64
		{B16C16C4-5641-41F5-8109-1DFF5ABB8630}.Release|x64.Build.0 = Release|x64
		{B16C16C4-5641-41F5-8109-1DFF5ABB8630}.Release|x86.ActiveCfg = Release|Win32
		{B16C16C4-5641-41F5-8109-1DFF5ABB8630}.Release|x86.Build.0 = Release|Win32
		{4BD3E7FE-6444-4580-BB4E-D64556EFACAB}.Debug|x64.ActiveCfg = Debug|x64
		{4BD3E7FE-6444-4580-BB4E-D64556EFACAB}.Debug|x64.Build.0 = Debug|x64
		{4BD3E7FE-6444-4580-BB4E-D64556EFACAB}.Debug|x86.ActiveCfg = Debug|Win32
		{4BD3E7FE-6444-4580-BB4E-D64556EFACAB}.Debug|x86.Build.0 = Debug|Win32
		{4BD3E7FE-6444-4580-BB4E-D64556EFACAB}.Release|x64.ActiveCfg = Release|x64
		{4BD3E7FE-6444-4580-BB4E-D64556EFACAB}.Release|x64.Build.0 = Release|x64
		{4BD3E7FE-6444-4580-BB4E-D64556EFACAB}.Release|x86.ActiveCfg = Release|Win32
		{4BD3E7FE-6444-4580-BB4E-D64556EFACAB}.Release|x86.Build.0 = Release|Win32
		{58F85996-400E-4023-920E-F04DF6EE779B}.Debug|x64.ActiveCfg = Debug|x64
		{58F85996-400E-4023-920E-F04DF6EE779B}.Debug|x64.Build.0 = Debug|x64
		{58F85996-400E-4023-920E-F04DF6EE779B}.Debug|x86.ActiveCfg = Debug|Win32
		{58F85996-400E-4023-920E-F04DF6EE779B}.Debug|x86.Build.0 = Debug|Win32
		{58F85996-400E-4023-920E-F04DF6EE779B}.Release|x64.ActiveCfg = Release|x64
		{58F85996-400E-4023-920E-F04DF6EE779B}.Release|x64.Build.0 = Release|x64
		{58F85996-400E-4023-920E-F04DF6EE779B}.Release|x86.ActiveCfg = Release|Win32
		{58F85996-400E-4023-920E-F04DF6EE779B}.Release|x86.Build.0 = Release|Win32
		{81AC92E3-D9B7-41BE-BC6A-C77DC40A2080}.Debug|x64.ActiveCfg = Debug|x64
		{81AC92E3-D9B7-41BE-BC6A-C77DC40A2080}.Debug|x64.Build.0 = Debug|x64
		{81AC92E3-D9B7-41BE-BC6A-C77DC40A2080}.Debug|x86.ActiveCfg = Debug|Win32
		{81AC92E3-D9B7-41BE-BC6A-C77DC40A2080}.Debug|x86.Build.0 = Debug|Win32
		{81AC92E3-D9B7-41BE-BC6A-C77DC40A2080}.Release|x64.ActiveCfg = Release|x64
		{81AC92E3-D9B7-41BE-BC6A-C77DC40A2080}.Release|x64.Build.0 = Release|x64
		{81AC92E3-D9B7-41BE-BC6A-C77DC40A2080}.Release|x86.ActiveCfg = Release|Win32
		{81AC92E3-D9B7-41BE-BC6A-C77DC40A2080}.Release|x86.Build.0 = Release|Win32
		{F6BE9AE7-53B3-4458-B9FA-DBC03D1FE596}.Debug|x64.ActiveCfg = Debug|x64
		{F6BE9AE7-53B3-4458-B9FA-DBC03D1FE596}.Debug|x64.Build.0 = Debug|x64
		{F6BE9AE7-53B3-4458-B9FA-DBC03D1FE596}.Debug|x86.ActiveCfg = Debug|Win32
		{F6BE9AE7-53B3-4458-B9FA-DBC03D1FE596}.Debug|x86.Build.0 = Debug|Win32
		{F6BE9AE7-53B3-4458-B9FA-DBC03D1FE596}.Release|x64.ActiveCfg = Release|x64
		{F6BE9AE7-53B3-4458-B9FA-DBC03D1FE596}.Release|x64.Build.0 = Release|x64
		{F6BE9AE7-53B3-4458-B9FA-DBC03D1FE596}.Release|x86.ActiveCfg = Release|Win32
		{F6BE9AE7-53B3-4458-B9FA-DBC03D1FE596}.Release|x86.Build.0 = Release|Win32
		{4BCDB187-4D5E-4371-B871-D6A37A8FB40D}.Debug|x64.ActiveCfg = Debug|x64
		{4BCDB187-4D5E-4371-B871-D6A37A8FB40D}.Debug|x64.Build.0 = Debug|x64
		{4BCDB187-4D5E-4371-B871-D6A37A8FB40D}.Debug|x86.ActiveCfg = Debug|Win32
		{4BCDB187-4D5E-4371-B871-D6A37A8FB40D}.Debug|x86.Build.0 = Debug|Win32
		{4BCDB187-4D5E-4371-B871-D6A37A8FB40D}.Release|x64.ActiveCfg = Release|x64
		{4BCDB187-4D5E-4371-B871-D6A37A8FB40D}.Release|x64.Build.0 = Release|x64
		{4BCDB187-4D5E-4371-B871-D6A37A8FB40D}.Release|x86.ActiveCfg = Release|Win32
		{4BCDB187-4D5E-4371-B871-D6A37A8FB40D}.Release|x86.Build.0 = Release|Win32
		{B6B901FD-72BD-4CFF-B610-65FCDED739C6}.Debug|x64.ActiveCfg = Debug|x64
		{B6B901FD-72BD-4CFF-B610-65FCDED739C6}.Debug|x64.Build.0 = Debug|x64
		{B6B901FD-72BD-4CFF-B610-65FCDED739C6}.Debug|x86.ActiveCfg = Debug|Win32
		{B6B901FD-72BD-4CFF-B610-65FCDED739C6}.Debug|x86.Build.0 = Debug|Win32
		{B6B901FD-72BD-4CFF-B610-65FCDED739C6}.Release|x64.ActiveCfg = Release|x64
		{B6B901FD-72BD-4CFF-B610-65FCDED739C6}.Release|x64.Build.0 = Release|x64
		{B6B901FD-72BD-4CFF-B610-65FCDED739C6}.Release|x86.ActiveCfg = Release|Win32
		{B6B901FD-72BD-4CFF-B610-65FCDED739C6}.Release|x86.Build.0 = Release|Win32
		{19A99EBF-6CDA-4B04-A9BF-65C76E7CD00D}.Debug|x64.ActiveCfg = Debug|x64
		{19A99EBF-6CDA-4B04-A9BF-65C76E7CD00D}.Debug|x64.Build.0 = Debug|x64
		{19A99EBF-6CDA-4B04-A9BF-65C76E7CD00D}.Debug|x86.ActiveCfg = Debug|Win32
		{19A99EBF-6CDA-4B04-A9BF-65C76E7CD00D}.Debug|x86.Build.0 = Debug|Win32
		{19A99EBF-6CDA-4B04-A9BF-65C76E7CD00D}.Release|x64.ActiveCfg = Release|x64
		{19A99EBF-6CDA-4B04-A9BF-65C76E7CD00D}.Release|x64.Build.0 = Release|x64
		{19A99EBF-6CDA-4B04-A9BF-65C76E7CD00D}.Release|x86.ActiveCfg = Release|Win32
		{19A99EBF-6CDA-4B04-A9BF-65C76E7CD00D}.Release|x86.Build.0 = Release|Win32
		{F60D77E8-37D8-4622-8FD8-5ADC9E298261}.Debug|x64.ActiveCfg = Debug|x64
		{F60D77E8-37D8-4622-8FD8-5ADC9E298261}.Debug|x64.Build.0 = Debug|x64
		{F60D77E8-37D8-4622-8FD8-5ADC9E298261}.Debug|x86.ActiveCfg = Debug|Win32
		{F60D77E8-37D8-4622-8FD8-5ADC9E298261}.Debug|x86.Build.0 = Debug|Win32
		{F60D77E8-37D8-4622-8FD8-5ADC9E298261}.Release|x64.ActiveCfg = Release|x64
		{F60D77E8-37D8-4622-8FD8-5ADC9E298261}.Release|x64.Build.0 = Release|x64
		{F60D77E8-37D8-4622-8FD8-5ADC9E298261}.Release|x86.ActiveCfg = Release|Win32
		{F60D77E8-37D8-4622-8FD8-5ADC9E298261}.Release|x86.Build.0 = Release|Win32
		{3429FA92-AE8C-4151-870B-0136D5197711}.Debug|x64.ActiveCfg = Debug|x64
		{3429FA92-AE8C-4151-870B-0136D5197711}.Debug|x64.Build.0 = Debug|x64
		{3429FA92-AE8C-4151-870B-0136D5197711}.Debug|x86.ActiveCfg = Debug|Win32
		{3429FA92-AE8C-4151-870B-0136D5197711}.Debug|x86.Build.0 = Debug|Win32
		{3429FA92-AE8C-4151-870B-0136D5197711}.Release|x64.ActiveCfg = Release|x64
		{3429FA92-AE8C-4151-870B-0136D5197711}.Release|x64.Build.0 = Release|x64
		{3429FA92-AE8C-4151-870B-0136D5197711}.Release|x86.ActiveCfg = Release|Win32
		{3429FA92-AE8C-4151-870B-0136D5197711}.Release|x86.Build.0 = Release|Win32
		{5BD4B5E3-0CF1-4375-81E5-5E566D3C0902}.Debug|x64.ActiveCfg = Debug|x64
		{5BD4B5E3-0CF1-4375-81E5-5E566D3C0902}.Debug|x64.Build.0 = Debug|x64
		{5BD4B5E3-0CF1-4375-81E5-5E566D3C0902}.Debug|x86.ActiveCfg = Debug|Win32
		{5BD4B5E3-0CF1-4375-81E5-5E566D3C0902}.Debug|x86.Build.0 = Debug|Win32
		{5BD4B5E3-0CF1-4375-81E5-5E566D3C0902}.Release|x64.ActiveCfg = Release|x64
		{5BD4B5E3-0CF1-4375-81E5-5E566D3C0902}.Release|x64.Build.0 = Release|x64
		{5BD4B5E3-0CF1-4375-81E5-5E566D3C0902}.Release|x86.ActiveCfg = Release|Win32
		{5BD4B5E3-0CF1-4375-81E5-5E566D3C0902}.Release|x86.Build.0 = Release|Win32
		{F93D88B7-11A1-4F59-916E-82D566AF2D63}.Debug|x64.ActiveCfg = Debug|x64
		{F93D88B7-11A1-4F59-916E-82D566AF2D63}.Debug|x64.Build.0 = Debug|x64
		{F93D88B7-11A1-4F59-916E-82D566AF2D63}.Debug|x86.ActiveCfg = Debug|Win32
		{F93D88B7-11A1-4F59-916E-82D566AF2D63}.Debug|x86.Build.0 = Debug|Win32
		{F93D88B7-11A1-4F59-916E-82D566AF2D63}.Release|x64.ActiveCfg = Release|x64
		{F93D88B7-11A1-4F59-916E-82D566AF2D63}.Release|x64.Build.0 = Release|x64
		{F93D88B7-11A1-4F59-916E-82D566AF2D63}.Release|x86.ActiveCfg = Release|Win32
		{F93D88B7-11A1-4F59-916E-82D566AF2D63}.Release|x86.Build.0 = Release|Win32
		{9A073E55-533B-4739-AE21-077235D9BBCD}.Debug|x64.ActiveCfg = Debug|x64
		{9A073E55-533B-4739-AE21-077235D9BBCD}.Debug|x64.Build.0 = Debug|x64
		{9A073E55-533B-4739-AE21-077235D9BBCD}.Debug|x86.ActiveCfg = Debug|Win32
		{9A073E55-533B-4739-AE21-077235D9BBCD}.Debug|x86.Build.0 = Debug|Win32
		{9A073E55-533B-4739-AE21-077235D9BBCD}.Release|x64.ActiveCfg = Release|x64
		{9A073E55-533B-4739-AE21-077235D9BBCD}.Release|x64.Build.0 = Release|x64
		{9A073E55-533B-4739-AE21-077235D9BBCD}.Release|x86.ActiveCfg = Release|Win32
		{9A073E55-533B-4739-AE21-077235D9BBCD}.Release|x86.Build.0 = Release|Win32
		{5FF816AB-7CB6-4B3D-9B45-81A0B6C5B0F4}.Debug|x64.ActiveCfg = Debug|x64
		{5FF816AB-7CB6-4B3D-9B45-81A0B6C5B0F4}.Debug|x64.Build.0 = Debug|x64
		{5FF816AB-7CB6-4B3D-9B45-81A0B6C5B0F4}.Debug|x86.ActiveCfg = Debug|Win32
		{5FF816AB-7CB6-4B3D-9B45-81A0B6C5B0F4}.Debug|x86.Build.0 = Debug|Win32
		{5FF816AB-7CB6-4B3D-9B45-81A0B6C5B0F4}.Release|x64.ActiveCfg = Release|x64
		{5FF816AB-7CB6-4B3D-9B45-81A0B6C5B0F4}.Release|x64.Build.0 = Release|x64
		{5FF816AB-7CB6-4B3D-9B45-81A0B6C5B0F4}.Release|x86.ActiveCfg = Release|Win32
		{5FF816AB-7CB6-4B3D-9B45-81A0B6C5B0F4}.Release|x86.Build.0 = Release|Win32
		{FA3F2AF7-91E9-41F2-AAD5-F7C084AFDF9B}.Debug|x64.ActiveCfg = Debug|x64
		{FA3F2AF7-91E9-41F2-AAD5-F7C084AFDF9B}.Debug|x64.Build.0 = Debug|x64
		{FA3F2AF7-91E9-41F2-AAD5-F7C084AFDF9B}.Debug|x86.ActiveCfg = Debug|Win32
		{FA3F2AF7-91E9-41F2-AAD5-F7C084AFDF9B}.Debug|x86.Build.0 = Debug|Win32
		{FA3F2AF7-91E9-41F2-AAD5-F7C084AFDF9B}.Release|x64.ActiveCfg = Release|x64
		{FA3F2AF7-91E9-41F2-AAD5-F7C084AFDF9B}.Release|x64.Build.0 = Release|x64
		{FA3F2AF7-91E9-41F2-AAD5-F7C084AFDF9B}.Release|x86.ActiveCfg = Release|Win32
		{FA3F2AF7-91E9-41F2-AAD5-F7C084AFDF9B}.Release|x86.Build.0 = Release|Win32
		{A386FC50-BBDF-4A5A-A31C-4483149DAB45}.Debug|x64.ActiveCfg = Debug|x64
		{A386FC50-BBDF-4A5A-A31C-4483149DAB45}.Debug|x64.Build.0 = Debug|x64
		{A386FC50-BBDF-4A5A-A31C-4483149DAB45}.Debug|x86.ActiveCfg = Debug|Win32
		{A386FC50-BBDF-4A5A-A31C-4483149DAB45}.Debug|x86.Build.0 = Debug|Win32
		{A386FC50-BBDF-4A5A-A31C-4483149DAB45}.Release|x64.ActiveCfg = Release|x64
		{A386FC50-BBDF-4A5A-A31C-4483149DAB45}.Release|x64.Build.0 = Release|x64
		{A386FC50-BBDF-4A5A-A31C-4483149DAB45}.Release|x86.ActiveCfg = Release|Win32
		{A386FC50-BBDF-4A5A-A31C-4483149DAB45}.Release|x86.Build.0 = Release|Win32
		{C9F76E10-2634-493B-A4E7-815A6ACA75EB}.Debug|x64.ActiveCfg = Debug|x64
		{C9F76E10-2634-493B-A4E7-815A6ACA75EB}.Debug|x64.Build.0 = Debug|x64
		{C9F76E10-2634-493B-A4E7-815A6ACA75EB}.Debug|x86.ActiveCfg = Debug|Win32
		{C9F76E10-2634-493B-A4E7-815A6ACA75EB}.Debug|x86.Build.0 = Debug|Win32
		{C9F76E10-2634-493B-A4E7-815A6ACA75EB}.Release|x64.ActiveCfg = Release|x64
		{C9F76E10-2634-493B-A4E7-815A6ACA75EB}.Release|x64.Build.0 = Release|x64
		{C9F76E10-2634-493B-A4E7-815A6ACA75EB}.Release|x86.ActiveCfg = Release|Win32
		{C9F76E10-2634-493B-A4E7-815A6ACA75EB}.Release|x86.Build.0 = Release|Win32
		{25442BA3-A8E2-4ECC-AC68-45CDB5BA0514}.Debug|x64.ActiveCfg = Debug|x64
		{25442BA3-A8E2-4ECC-AC68-45CDB5BA0514}.Debug|x64.Build.0 = Debug|x64
		{25442BA3-A8E2-4ECC-AC68-45CDB5BA0514}.Debug|x86.ActiveCfg = Debug|Win32
		{25442BA3-A8E2-4ECC-AC68-45CDB5BA0514}.Debug|x86.Build.0 = Debug|Win32
		{25442BA3-A8E2-4ECC-AC68-45CDB5BA0514}.Release|x64.ActiveCfg = Release|x64
		{25442BA3-A8E2-4ECC-AC68-45CDB5BA0514}.Release|x64.Build.0 = Release|x64
		{25442BA3-A8E2-4ECC-AC68-45CDB5BA0514}.Release|x86.ActiveCfg = Release|Win32
		{25442BA3-A8E2-4ECC-AC68-45CDB5BA0514}.Release|x86.Build.0 = Release|Win32
	EndGlobalSection
	GlobalSection(SolutionProperties) = preSolution
		HideSolutionNode = FALSE
	EndGlobalSection
	GlobalSection(ExtensibilityGlobals) = postSolution
		SolutionGuid = {EE981405-028F-4C55-BA06-A182C8910664}
	EndGlobalSection
EndGlobal
