
Microsoft Visual Studio Solution File, Format Version 12.00
# Visual Studio 15
VisualStudioVersion = 15.0.28307.421
MinimumVisualStudioVersion = 10.0.40219.1
Project("{8BC9CEB8-8B4A-11D0-8D11-00A0C91BC942}") = "if", "if\if.vcxproj", "{4E550D25-55D1-49AC-A2D1-66B067C83F7D}"
EndProject
Project("{8BC9CEB8-8B4A-11D0-8D11-00A0C91BC942}") = "ifelse", "ifelse\ifelse.vcxproj", "{31C01FE3-D24D-4512-B7A7-E9954BED3DD4}"
EndProject
Project("{8BC9CEB8-8B4A-11D0-8D11-00A0C91BC942}") = "ifelseif", "ifelseif\ifelseif.vcxproj", "{30281AEC-A135-4F4D-8FE6-90A2E5D13C06}"
EndProject
Project("{8BC9CEB8-8B4A-11D0-8D11-00A0C91BC942}") = "or", "or\or.vcxproj", "{1380D812-88BF-4E44-8D72-59F21975F5A2}"
EndProject
Project("{8BC9CEB8-8B4A-11D0-8D11-00A0C91BC942}") = "and", "and\and.vcxproj", "{CD40D66D-CE8C-4BE9-B5FA-F34BB4781305}"
EndProject
Project("{8BC9CEB8-8B4A-11D0-8D11-00A0C91BC942}") = "more_and", "more_and\more_and.vcxproj", "{A1762672-432D-458F-BA45-6E0CE5C0E576}"
EndProject
Project("{8BC9CEB8-8B4A-11D0-8D11-00A0C91BC942}") = "not", "not\not.vcxproj", "{875181E1-0A19-473D-9B8A-20282DA5186E}"
EndProject
Project("{8BC9CEB8-8B4A-11D0-8D11-00A0C91BC942}") = "cctypes", "cctypes\cctypes.vcxproj", "{7FA6C816-58F9-4F62-A65C-A7491B430CD9}"
EndProject
Project("{8BC9CEB8-8B4A-11D0-8D11-00A0C91BC942}") = "condit", "condit\condit.vcxproj", "{DAB80F59-82A9-43AA-A3E9-1890951BACCF}"
EndProject
Project("{8BC9CEB8-8B4A-11D0-8D11-00A0C91BC942}") = "switch", "switch\switch.vcxproj", "{E8E1A081-0F21-438C-9A37-26C391249224}"
EndProject
Project("{8BC9CEB8-8B4A-11D0-8D11-00A0C91BC942}") = "enum", "enum\enum.vcxproj", "{3436F307-CD1F-408A-A8D0-7ACEDE826F15}"
EndProject
Project("{8BC9CEB8-8B4A-11D0-8D11-00A0C91BC942}") = "jump", "jump\jump.vcxproj", "{7C8F789A-ACB5-4851-A532-BABBC485B40D}"
EndProject
Project("{8BC9CEB8-8B4A-11D0-8D11-00A0C91BC942}") = "cinfish", "cinfish\cinfish.vcxproj", "{BCB7565A-C8BD-4750-90AF-96CDBA08538E}"
EndProject
Project("{8BC9CEB8-8B4A-11D0-8D11-00A0C91BC942}") = "cingolf", "cingolf\cingolf.vcxproj", "{83147D3C-1AC7-4226-AF43-C1AFE88FE84A}"
EndProject
Project("{8BC9CEB8-8B4A-11D0-8D11-00A0C91BC942}") = "outfile", "outfile\outfile.vcxproj", "{8E4950C1-3101-4428-B741-DC5F21910D53}"
EndProject
Project("{8BC9CEB8-8B4A-11D0-8D11-00A0C91BC942}") = "sumafile", "sumafile\sumafile.vcxproj", "{5281640B-FA4B-4DCF-8A58-ED60FE55FB4F}"
EndProject
Project("{2150E333-8FDC-42A3-9474-1A3956D46DE8}") = "Chapter Review", "Chapter Review", "{2C63DA67-1CA8-453F-9BAD-5F3F95A6A1D4}"
	ProjectSection(SolutionItems) = preProject
		ChapterReview01.txt = ChapterReview01.txt
		ChapterReview02.txt = ChapterReview02.txt
		ChapterReview04.txt = ChapterReview04.txt
		ChapterReview05.txt = ChapterReview05.txt
		ChapterReview06.txt = ChapterReview06.txt
		ChapterReview07.txt = ChapterReview07.txt
		ChapterReview08.txt = ChapterReview08.txt
	EndProjectSection
EndProject
Project("{8BC9CEB8-8B4A-11D0-8D11-00A0C91BC942}") = "ChapterReview03", "ChapterReview03\ChapterReview03.vcxproj", "{91091DB1-5B2E-4149-AF14-BFFE392B57B9}"
EndProject
Project("{8BC9CEB8-8B4A-11D0-8D11-00A0C91BC942}") = "ChapterReview09", "ChapterReview09\ChapterReview09.vcxproj", "{BF5E637A-D6EE-418C-B681-445BB7EC8B1E}"
EndProject
Project("{2150E333-8FDC-42A3-9474-1A3956D46DE8}") = "Programming Exercises", "Programming Exercises", "{0DF310E6-79DF-4791-BFD9-B30F2560D8C5}"
EndProject
Project("{8BC9CEB8-8B4A-11D0-8D11-00A0C91BC942}") = "ProgrammingExercise01", "ProgrammingExercise01\ProgrammingExercise01.vcxproj", "{B0DFF7A2-8500-420B-9D18-C08F4B0823C5}"
EndProject
Project("{8BC9CEB8-8B4A-11D0-8D11-00A0C91BC942}") = "ProgrammingExercise02", "ProgrammingExercise02\ProgrammingExercise02.vcxproj", "{8AA1FF26-0D45-457C-A25B-1F10ABA31E24}"
EndProject
Project("{8BC9CEB8-8B4A-11D0-8D11-00A0C91BC942}") = "ProgrammingExercise03", "ProgrammingExercise03\ProgrammingExercise03.vcxproj", "{24E0E456-C9D1-4A7E-BD80-ADEDF2B29060}"
EndProject
Project("{8BC9CEB8-8B4A-11D0-8D11-00A0C91BC942}") = "ProgrammingExercise04", "ProgrammingExercise04\ProgrammingExercise04.vcxproj", "{7C6C2FCC-9A9B-438D-96C7-36ED6919491C}"
EndProject
Project("{8BC9CEB8-8B4A-11D0-8D11-00A0C91BC942}") = "ProgrammingExercise05", "ProgrammingExercise05\ProgrammingExercise05.vcxproj", "{A69E3F21-DBF7-46E8-8C3A-C1F46EE26AA9}"
EndProject
Project("{8BC9CEB8-8B4A-11D0-8D11-00A0C91BC942}") = "ProgrammingExercise06", "ProgrammingExercise06\ProgrammingExercise06.vcxproj", "{BF81A804-6282-431E-B490-FF9B2111331D}"
EndProject
Project("{8BC9CEB8-8B4A-11D0-8D11-00A0C91BC942}") = "ProgrammingExercise07", "ProgrammingExercise07\ProgrammingExercise07.vcxproj", "{F5E98987-10B3-4B79-9152-2B858369B526}"
EndProject
Project("{8BC9CEB8-8B4A-11D0-8D11-00A0C91BC942}") = "ProgrammingExercise08", "ProgrammingExercise08\ProgrammingExercise08.vcxproj", "{16CD3101-8848-41DB-9663-509CE1C49FB9}"
EndProject
Project("{8BC9CEB8-8B4A-11D0-8D11-00A0C91BC942}") = "ProgrammingExercise09", "ProgrammingExercise09\ProgrammingExercise09.vcxproj", "{A455C15F-B1E5-4476-9378-9085EF3CDAD1}"
EndProject
Global
	GlobalSection(SolutionConfigurationPlatforms) = preSolution
		Debug|x64 = Debug|x64
		Debug|x86 = Debug|x86
		Release|x64 = Release|x64
		Release|x86 = Release|x86
	EndGlobalSection
	GlobalSection(ProjectConfigurationPlatforms) = postSolution
		{4E550D25-55D1-49AC-A2D1-66B067C83F7D}.Debug|x64.ActiveCfg = Debug|x64
		{4E550D25-55D1-49AC-A2D1-66B067C83F7D}.Debug|x64.Build.0 = Debug|x64
		{4E550D25-55D1-49AC-A2D1-66B067C83F7D}.Debug|x86.ActiveCfg = Debug|Win32
		{4E550D25-55D1-49AC-A2D1-66B067C83F7D}.Debug|x86.Build.0 = Debug|Win32
		{4E550D25-55D1-49AC-A2D1-66B067C83F7D}.Release|x64.ActiveCfg = Release|x64
		{4E550D25-55D1-49AC-A2D1-66B067C83F7D}.Release|x64.Build.0 = Release|x64
		{4E550D25-55D1-49AC-A2D1-66B067C83F7D}.Release|x86.ActiveCfg = Release|Win32
		{4E550D25-55D1-49AC-A2D1-66B067C83F7D}.Release|x86.Build.0 = Release|Win32
		{31C01FE3-D24D-4512-B7A7-E9954BED3DD4}.Debug|x64.ActiveCfg = Debug|x64
		{31C01FE3-D24D-4512-B7A7-E9954BED3DD4}.Debug|x64.Build.0 = Debug|x64
		{31C01FE3-D24D-4512-B7A7-E9954BED3DD4}.Debug|x86.ActiveCfg = Debug|Win32
		{31C01FE3-D24D-4512-B7A7-E9954BED3DD4}.Debug|x86.Build.0 = Debug|Win32
		{31C01FE3-D24D-4512-B7A7-E9954BED3DD4}.Release|x64.ActiveCfg = Release|x64
		{31C01FE3-D24D-4512-B7A7-E9954BED3DD4}.Release|x64.Build.0 = Release|x64
		{31C01FE3-D24D-4512-B7A7-E9954BED3DD4}.Release|x86.ActiveCfg = Release|Win32
		{31C01FE3-D24D-4512-B7A7-E9954BED3DD4}.Release|x86.Build.0 = Release|Win32
		{30281AEC-A135-4F4D-8FE6-90A2E5D13C06}.Debug|x64.ActiveCfg = Debug|x64
		{30281AEC-A135-4F4D-8FE6-90A2E5D13C06}.Debug|x64.Build.0 = Debug|x64
		{30281AEC-A135-4F4D-8FE6-90A2E5D13C06}.Debug|x86.ActiveCfg = Debug|Win32
		{30281AEC-A135-4F4D-8FE6-90A2E5D13C06}.Debug|x86.Build.0 = Debug|Win32
		{30281AEC-A135-4F4D-8FE6-90A2E5D13C06}.Release|x64.ActiveCfg = Release|x64
		{30281AEC-A135-4F4D-8FE6-90A2E5D13C06}.Release|x64.Build.0 = Release|x64
		{30281AEC-A135-4F4D-8FE6-90A2E5D13C06}.Release|x86.ActiveCfg = Release|Win32
		{30281AEC-A135-4F4D-8FE6-90A2E5D13C06}.Release|x86.Build.0 = Release|Win32
		{1380D812-88BF-4E44-8D72-59F21975F5A2}.Debug|x64.ActiveCfg = Debug|x64
		{1380D812-88BF-4E44-8D72-59F21975F5A2}.Debug|x64.Build.0 = Debug|x64
		{1380D812-88BF-4E44-8D72-59F21975F5A2}.Debug|x86.ActiveCfg = Debug|Win32
		{1380D812-88BF-4E44-8D72-59F21975F5A2}.Debug|x86.Build.0 = Debug|Win32
		{1380D812-88BF-4E44-8D72-59F21975F5A2}.Release|x64.ActiveCfg = Release|x64
		{1380D812-88BF-4E44-8D72-59F21975F5A2}.Release|x64.Build.0 = Release|x64
		{1380D812-88BF-4E44-8D72-59F21975F5A2}.Release|x86.ActiveCfg = Release|Win32
		{1380D812-88BF-4E44-8D72-59F21975F5A2}.Release|x86.Build.0 = Release|Win32
		{CD40D66D-CE8C-4BE9-B5FA-F34BB4781305}.Debug|x64.ActiveCfg = Debug|x64
		{CD40D66D-CE8C-4BE9-B5FA-F34BB4781305}.Debug|x64.Build.0 = Debug|x64
		{CD40D66D-CE8C-4BE9-B5FA-F34BB4781305}.Debug|x86.ActiveCfg = Debug|Win32
		{CD40D66D-CE8C-4BE9-B5FA-F34BB4781305}.Debug|x86.Build.0 = Debug|Win32
		{CD40D66D-CE8C-4BE9-B5FA-F34BB4781305}.Release|x64.ActiveCfg = Release|x64
		{CD40D66D-CE8C-4BE9-B5FA-F34BB4781305}.Release|x64.Build.0 = Release|x64
		{CD40D66D-CE8C-4BE9-B5FA-F34BB4781305}.Release|x86.ActiveCfg = Release|Win32
		{CD40D66D-CE8C-4BE9-B5FA-F34BB4781305}.Release|x86.Build.0 = Release|Win32
		{A1762672-432D-458F-BA45-6E0CE5C0E576}.Debug|x64.ActiveCfg = Debug|x64
		{A1762672-432D-458F-BA45-6E0CE5C0E576}.Debug|x64.Build.0 = Debug|x64
		{A1762672-432D-458F-BA45-6E0CE5C0E576}.Debug|x86.ActiveCfg = Debug|Win32
		{A1762672-432D-458F-BA45-6E0CE5C0E576}.Debug|x86.Build.0 = Debug|Win32
		{A1762672-432D-458F-BA45-6E0CE5C0E576}.Release|x64.ActiveCfg = Release|x64
		{A1762672-432D-458F-BA45-6E0CE5C0E576}.Release|x64.Build.0 = Release|x64
		{A1762672-432D-458F-BA45-6E0CE5C0E576}.Release|x86.ActiveCfg = Release|Win32
		{A1762672-432D-458F-BA45-6E0CE5C0E576}.Release|x86.Build.0 = Release|Win32
		{875181E1-0A19-473D-9B8A-20282DA5186E}.Debug|x64.ActiveCfg = Debug|x64
		{875181E1-0A19-473D-9B8A-20282DA5186E}.Debug|x64.Build.0 = Debug|x64
		{875181E1-0A19-473D-9B8A-20282DA5186E}.Debug|x86.ActiveCfg = Debug|Win32
		{875181E1-0A19-473D-9B8A-20282DA5186E}.Debug|x86.Build.0 = Debug|Win32
		{875181E1-0A19-473D-9B8A-20282DA5186E}.Release|x64.ActiveCfg = Release|x64
		{875181E1-0A19-473D-9B8A-20282DA5186E}.Release|x64.Build.0 = Release|x64
		{875181E1-0A19-473D-9B8A-20282DA5186E}.Release|x86.ActiveCfg = Release|Win32
		{875181E1-0A19-473D-9B8A-20282DA5186E}.Release|x86.Build.0 = Release|Win32
		{7FA6C816-58F9-4F62-A65C-A7491B430CD9}.Debug|x64.ActiveCfg = Debug|x64
		{7FA6C816-58F9-4F62-A65C-A7491B430CD9}.Debug|x64.Build.0 = Debug|x64
		{7FA6C816-58F9-4F62-A65C-A7491B430CD9}.Debug|x86.ActiveCfg = Debug|Win32
		{7FA6C816-58F9-4F62-A65C-A7491B430CD9}.Debug|x86.Build.0 = Debug|Win32
		{7FA6C816-58F9-4F62-A65C-A7491B430CD9}.Release|x64.ActiveCfg = Release|x64
		{7FA6C816-58F9-4F62-A65C-A7491B430CD9}.Release|x64.Build.0 = Release|x64
		{7FA6C816-58F9-4F62-A65C-A7491B430CD9}.Release|x86.ActiveCfg = Release|Win32
		{7FA6C816-58F9-4F62-A65C-A7491B430CD9}.Release|x86.Build.0 = Release|Win32
		{DAB80F59-82A9-43AA-A3E9-1890951BACCF}.Debug|x64.ActiveCfg = Debug|x64
		{DAB80F59-82A9-43AA-A3E9-1890951BACCF}.Debug|x64.Build.0 = Debug|x64
		{DAB80F59-82A9-43AA-A3E9-1890951BACCF}.Debug|x86.ActiveCfg = Debug|Win32
		{DAB80F59-82A9-43AA-A3E9-1890951BACCF}.Debug|x86.Build.0 = Debug|Win32
		{DAB80F59-82A9-43AA-A3E9-1890951BACCF}.Release|x64.ActiveCfg = Release|x64
		{DAB80F59-82A9-43AA-A3E9-1890951BACCF}.Release|x64.Build.0 = Release|x64
		{DAB80F59-82A9-43AA-A3E9-1890951BACCF}.Release|x86.ActiveCfg = Release|Win32
		{DAB80F59-82A9-43AA-A3E9-1890951BACCF}.Release|x86.Build.0 = Release|Win32
		{E8E1A081-0F21-438C-9A37-26C391249224}.Debug|x64.ActiveCfg = Debug|x64
		{E8E1A081-0F21-438C-9A37-26C391249224}.Debug|x64.Build.0 = Debug|x64
		{E8E1A081-0F21-438C-9A37-26C391249224}.Debug|x86.ActiveCfg = Debug|Win32
		{E8E1A081-0F21-438C-9A37-26C391249224}.Debug|x86.Build.0 = Debug|Win32
		{E8E1A081-0F21-438C-9A37-26C391249224}.Release|x64.ActiveCfg = Release|x64
		{E8E1A081-0F21-438C-9A37-26C391249224}.Release|x64.Build.0 = Release|x64
		{E8E1A081-0F21-438C-9A37-26C391249224}.Release|x86.ActiveCfg = Release|Win32
		{E8E1A081-0F21-438C-9A37-26C391249224}.Release|x86.Build.0 = Release|Win32
		{3436F307-CD1F-408A-A8D0-7ACEDE826F15}.Debug|x64.ActiveCfg = Debug|x64
		{3436F307-CD1F-408A-A8D0-7ACEDE826F15}.Debug|x64.Build.0 = Debug|x64
		{3436F307-CD1F-408A-A8D0-7ACEDE826F15}.Debug|x86.ActiveCfg = Debug|Win32
		{3436F307-CD1F-408A-A8D0-7ACEDE826F15}.Debug|x86.Build.0 = Debug|Win32
		{3436F307-CD1F-408A-A8D0-7ACEDE826F15}.Release|x64.ActiveCfg = Release|x64
		{3436F307-CD1F-408A-A8D0-7ACEDE826F15}.Release|x64.Build.0 = Release|x64
		{3436F307-CD1F-408A-A8D0-7ACEDE826F15}.Release|x86.ActiveCfg = Release|Win32
		{3436F307-CD1F-408A-A8D0-7ACEDE826F15}.Release|x86.Build.0 = Release|Win32
		{7C8F789A-ACB5-4851-A532-BABBC485B40D}.Debug|x64.ActiveCfg = Debug|x64
		{7C8F789A-ACB5-4851-A532-BABBC485B40D}.Debug|x64.Build.0 = Debug|x64
		{7C8F789A-ACB5-4851-A532-BABBC485B40D}.Debug|x86.ActiveCfg = Debug|Win32
		{7C8F789A-ACB5-4851-A532-BABBC485B40D}.Debug|x86.Build.0 = Debug|Win32
		{7C8F789A-ACB5-4851-A532-BABBC485B40D}.Release|x64.ActiveCfg = Release|x64
		{7C8F789A-ACB5-4851-A532-BABBC485B40D}.Release|x64.Build.0 = Release|x64
		{7C8F789A-ACB5-4851-A532-BABBC485B40D}.Release|x86.ActiveCfg = Release|Win32
		{7C8F789A-ACB5-4851-A532-BABBC485B40D}.Release|x86.Build.0 = Release|Win32
		{BCB7565A-C8BD-4750-90AF-96CDBA08538E}.Debug|x64.ActiveCfg = Debug|x64
		{BCB7565A-C8BD-4750-90AF-96CDBA08538E}.Debug|x64.Build.0 = Debug|x64
		{BCB7565A-C8BD-4750-90AF-96CDBA08538E}.Debug|x86.ActiveCfg = Debug|Win32
		{BCB7565A-C8BD-4750-90AF-96CDBA08538E}.Debug|x86.Build.0 = Debug|Win32
		{BCB7565A-C8BD-4750-90AF-96CDBA08538E}.Release|x64.ActiveCfg = Release|x64
		{BCB7565A-C8BD-4750-90AF-96CDBA08538E}.Release|x64.Build.0 = Release|x64
		{BCB7565A-C8BD-4750-90AF-96CDBA08538E}.Release|x86.ActiveCfg = Release|Win32
		{BCB7565A-C8BD-4750-90AF-96CDBA08538E}.Release|x86.Build.0 = Release|Win32
		{83147D3C-1AC7-4226-AF43-C1AFE88FE84A}.Debug|x64.ActiveCfg = Debug|x64
		{83147D3C-1AC7-4226-AF43-C1AFE88FE84A}.Debug|x64.Build.0 = Debug|x64
		{83147D3C-1AC7-4226-AF43-C1AFE88FE84A}.Debug|x86.ActiveCfg = Debug|Win32
		{83147D3C-1AC7-4226-AF43-C1AFE88FE84A}.Debug|x86.Build.0 = Debug|Win32
		{83147D3C-1AC7-4226-AF43-C1AFE88FE84A}.Release|x64.ActiveCfg = Release|x64
		{83147D3C-1AC7-4226-AF43-C1AFE88FE84A}.Release|x64.Build.0 = Release|x64
		{83147D3C-1AC7-4226-AF43-C1AFE88FE84A}.Release|x86.ActiveCfg = Release|Win32
		{83147D3C-1AC7-4226-AF43-C1AFE88FE84A}.Release|x86.Build.0 = Release|Win32
		{8E4950C1-3101-4428-B741-DC5F21910D53}.Debug|x64.ActiveCfg = Debug|x64
		{8E4950C1-3101-4428-B741-DC5F21910D53}.Debug|x64.Build.0 = Debug|x64
		{8E4950C1-3101-4428-B741-DC5F21910D53}.Debug|x86.ActiveCfg = Debug|Win32
		{8E4950C1-3101-4428-B741-DC5F21910D53}.Debug|x86.Build.0 = Debug|Win32
		{8E4950C1-3101-4428-B741-DC5F21910D53}.Release|x64.ActiveCfg = Release|x64
		{8E4950C1-3101-4428-B741-DC5F21910D53}.Release|x64.Build.0 = Release|x64
		{8E4950C1-3101-4428-B741-DC5F21910D53}.Release|x86.ActiveCfg = Release|Win32
		{8E4950C1-3101-4428-B741-DC5F21910D53}.Release|x86.Build.0 = Release|Win32
		{5281640B-FA4B-4DCF-8A58-ED60FE55FB4F}.Debug|x64.ActiveCfg = Debug|x64
		{5281640B-FA4B-4DCF-8A58-ED60FE55FB4F}.Debug|x64.Build.0 = Debug|x64
		{5281640B-FA4B-4DCF-8A58-ED60FE55FB4F}.Debug|x86.ActiveCfg = Debug|Win32
		{5281640B-FA4B-4DCF-8A58-ED60FE55FB4F}.Debug|x86.Build.0 = Debug|Win32
		{5281640B-FA4B-4DCF-8A58-ED60FE55FB4F}.Release|x64.ActiveCfg = Release|x64
		{5281640B-FA4B-4DCF-8A58-ED60FE55FB4F}.Release|x64.Build.0 = Release|x64
		{5281640B-FA4B-4DCF-8A58-ED60FE55FB4F}.Release|x86.ActiveCfg = Release|Win32
		{5281640B-FA4B-4DCF-8A58-ED60FE55FB4F}.Release|x86.Build.0 = Release|Win32
		{91091DB1-5B2E-4149-AF14-BFFE392B57B9}.Debug|x64.ActiveCfg = Debug|x64
		{91091DB1-5B2E-4149-AF14-BFFE392B57B9}.Debug|x64.Build.0 = Debug|x64
		{91091DB1-5B2E-4149-AF14-BFFE392B57B9}.Debug|x86.ActiveCfg = Debug|Win32
		{91091DB1-5B2E-4149-AF14-BFFE392B57B9}.Debug|x86.Build.0 = Debug|Win32
		{91091DB1-5B2E-4149-AF14-BFFE392B57B9}.Release|x64.ActiveCfg = Release|x64
		{91091DB1-5B2E-4149-AF14-BFFE392B57B9}.Release|x64.Build.0 = Release|x64
		{91091DB1-5B2E-4149-AF14-BFFE392B57B9}.Release|x86.ActiveCfg = Release|Win32
		{91091DB1-5B2E-4149-AF14-BFFE392B57B9}.Release|x86.Build.0 = Release|Win32
		{BF5E637A-D6EE-418C-B681-445BB7EC8B1E}.Debug|x64.ActiveCfg = Debug|x64
		{BF5E637A-D6EE-418C-B681-445BB7EC8B1E}.Debug|x64.Build.0 = Debug|x64
		{BF5E637A-D6EE-418C-B681-445BB7EC8B1E}.Debug|x86.ActiveCfg = Debug|Win32
		{BF5E637A-D6EE-418C-B681-445BB7EC8B1E}.Debug|x86.Build.0 = Debug|Win32
		{BF5E637A-D6EE-418C-B681-445BB7EC8B1E}.Release|x64.ActiveCfg = Release|x64
		{BF5E637A-D6EE-418C-B681-445BB7EC8B1E}.Release|x64.Build.0 = Release|x64
		{BF5E637A-D6EE-418C-B681-445BB7EC8B1E}.Release|x86.ActiveCfg = Release|Win32
		{BF5E637A-D6EE-418C-B681-445BB7EC8B1E}.Release|x86.Build.0 = Release|Win32
		{B0DFF7A2-8500-420B-9D18-C08F4B0823C5}.Debug|x64.ActiveCfg = Debug|x64
		{B0DFF7A2-8500-420B-9D18-C08F4B0823C5}.Debug|x64.Build.0 = Debug|x64
		{B0DFF7A2-8500-420B-9D18-C08F4B0823C5}.Debug|x86.ActiveCfg = Debug|Win32
		{B0DFF7A2-8500-420B-9D18-C08F4B0823C5}.Debug|x86.Build.0 = Debug|Win32
		{B0DFF7A2-8500-420B-9D18-C08F4B0823C5}.Release|x64.ActiveCfg = Release|x64
		{B0DFF7A2-8500-420B-9D18-C08F4B0823C5}.Release|x64.Build.0 = Release|x64
		{B0DFF7A2-8500-420B-9D18-C08F4B0823C5}.Release|x86.ActiveCfg = Release|Win32
		{B0DFF7A2-8500-420B-9D18-C08F4B0823C5}.Release|x86.Build.0 = Release|Win32
		{8AA1FF26-0D45-457C-A25B-1F10ABA31E24}.Debug|x64.ActiveCfg = Debug|x64
		{8AA1FF26-0D45-457C-A25B-1F10ABA31E24}.Debug|x64.Build.0 = Debug|x64
		{8AA1FF26-0D45-457C-A25B-1F10ABA31E24}.Debug|x86.ActiveCfg = Debug|Win32
		{8AA1FF26-0D45-457C-A25B-1F10ABA31E24}.Debug|x86.Build.0 = Debug|Win32
		{8AA1FF26-0D45-457C-A25B-1F10ABA31E24}.Release|x64.ActiveCfg = Release|x64
		{8AA1FF26-0D45-457C-A25B-1F10ABA31E24}.Release|x64.Build.0 = Release|x64
		{8AA1FF26-0D45-457C-A25B-1F10ABA31E24}.Release|x86.ActiveCfg = Release|Win32
		{8AA1FF26-0D45-457C-A25B-1F10ABA31E24}.Release|x86.Build.0 = Release|Win32
		{24E0E456-C9D1-4A7E-BD80-ADEDF2B29060}.Debug|x64.ActiveCfg = Debug|x64
		{24E0E456-C9D1-4A7E-BD80-ADEDF2B29060}.Debug|x64.Build.0 = Debug|x64
		{24E0E456-C9D1-4A7E-BD80-ADEDF2B29060}.Debug|x86.ActiveCfg = Debug|Win32
		{24E0E456-C9D1-4A7E-BD80-ADEDF2B29060}.Debug|x86.Build.0 = Debug|Win32
		{24E0E456-C9D1-4A7E-BD80-ADEDF2B29060}.Release|x64.ActiveCfg = Release|x64
		{24E0E456-C9D1-4A7E-BD80-ADEDF2B29060}.Release|x64.Build.0 = Release|x64
		{24E0E456-C9D1-4A7E-BD80-ADEDF2B29060}.Release|x86.ActiveCfg = Release|Win32
		{24E0E456-C9D1-4A7E-BD80-ADEDF2B29060}.Release|x86.Build.0 = Release|Win32
		{7C6C2FCC-9A9B-438D-96C7-36ED6919491C}.Debug|x64.ActiveCfg = Debug|x64
		{7C6C2FCC-9A9B-438D-96C7-36ED6919491C}.Debug|x64.Build.0 = Debug|x64
		{7C6C2FCC-9A9B-438D-96C7-36ED6919491C}.Debug|x86.ActiveCfg = Debug|Win32
		{7C6C2FCC-9A9B-438D-96C7-36ED6919491C}.Debug|x86.Build.0 = Debug|Win32
		{7C6C2FCC-9A9B-438D-96C7-36ED6919491C}.Release|x64.ActiveCfg = Release|x64
		{7C6C2FCC-9A9B-438D-96C7-36ED6919491C}.Release|x64.Build.0 = Release|x64
		{7C6C2FCC-9A9B-438D-96C7-36ED6919491C}.Release|x86.ActiveCfg = Release|Win32
		{7C6C2FCC-9A9B-438D-96C7-36ED6919491C}.Release|x86.Build.0 = Release|Win32
		{A69E3F21-DBF7-46E8-8C3A-C1F46EE26AA9}.Debug|x64.ActiveCfg = Debug|x64
		{A69E3F21-DBF7-46E8-8C3A-C1F46EE26AA9}.Debug|x64.Build.0 = Debug|x64
		{A69E3F21-DBF7-46E8-8C3A-C1F46EE26AA9}.Debug|x86.ActiveCfg = Debug|Win32
		{A69E3F21-DBF7-46E8-8C3A-C1F46EE26AA9}.Debug|x86.Build.0 = Debug|Win32
		{A69E3F21-DBF7-46E8-8C3A-C1F46EE26AA9}.Release|x64.ActiveCfg = Release|x64
		{A69E3F21-DBF7-46E8-8C3A-C1F46EE26AA9}.Release|x64.Build.0 = Release|x64
		{A69E3F21-DBF7-46E8-8C3A-C1F46EE26AA9}.Release|x86.ActiveCfg = Release|Win32
		{A69E3F21-DBF7-46E8-8C3A-C1F46EE26AA9}.Release|x86.Build.0 = Release|Win32
		{BF81A804-6282-431E-B490-FF9B2111331D}.Debug|x64.ActiveCfg = Debug|x64
		{BF81A804-6282-431E-B490-FF9B2111331D}.Debug|x64.Build.0 = Debug|x64
		{BF81A804-6282-431E-B490-FF9B2111331D}.Debug|x86.ActiveCfg = Debug|Win32
		{BF81A804-6282-431E-B490-FF9B2111331D}.Debug|x86.Build.0 = Debug|Win32
		{BF81A804-6282-431E-B490-FF9B2111331D}.Release|x64.ActiveCfg = Release|x64
		{BF81A804-6282-431E-B490-FF9B2111331D}.Release|x64.Build.0 = Release|x64
		{BF81A804-6282-431E-B490-FF9B2111331D}.Release|x86.ActiveCfg = Release|Win32
		{BF81A804-6282-431E-B490-FF9B2111331D}.Release|x86.Build.0 = Release|Win32
		{F5E98987-10B3-4B79-9152-2B858369B526}.Debug|x64.ActiveCfg = Debug|x64
		{F5E98987-10B3-4B79-9152-2B858369B526}.Debug|x64.Build.0 = Debug|x64
		{F5E98987-10B3-4B79-9152-2B858369B526}.Debug|x86.ActiveCfg = Debug|Win32
		{F5E98987-10B3-4B79-9152-2B858369B526}.Debug|x86.Build.0 = Debug|Win32
		{F5E98987-10B3-4B79-9152-2B858369B526}.Release|x64.ActiveCfg = Release|x64
		{F5E98987-10B3-4B79-9152-2B858369B526}.Release|x64.Build.0 = Release|x64
		{F5E98987-10B3-4B79-9152-2B858369B526}.Release|x86.ActiveCfg = Release|Win32
		{F5E98987-10B3-4B79-9152-2B858369B526}.Release|x86.Build.0 = Release|Win32
		{16CD3101-8848-41DB-9663-509CE1C49FB9}.Debug|x64.ActiveCfg = Debug|x64
		{16CD3101-8848-41DB-9663-509CE1C49FB9}.Debug|x64.Build.0 = Debug|x64
		{16CD3101-8848-41DB-9663-509CE1C49FB9}.Debug|x86.ActiveCfg = Debug|Win32
		{16CD3101-8848-41DB-9663-509CE1C49FB9}.Debug|x86.Build.0 = Debug|Win32
		{16CD3101-8848-41DB-9663-509CE1C49FB9}.Release|x64.ActiveCfg = Release|x64
		{16CD3101-8848-41DB-9663-509CE1C49FB9}.Release|x64.Build.0 = Release|x64
		{16CD3101-8848-41DB-9663-509CE1C49FB9}.Release|x86.ActiveCfg = Release|Win32
		{16CD3101-8848-41DB-9663-509CE1C49FB9}.Release|x86.Build.0 = Release|Win32
		{A455C15F-B1E5-4476-9378-9085EF3CDAD1}.Debug|x64.ActiveCfg = Debug|x64
		{A455C15F-B1E5-4476-9378-9085EF3CDAD1}.Debug|x64.Build.0 = Debug|x64
		{A455C15F-B1E5-4476-9378-9085EF3CDAD1}.Debug|x86.ActiveCfg = Debug|Win32
		{A455C15F-B1E5-4476-9378-9085EF3CDAD1}.Debug|x86.Build.0 = Debug|Win32
		{A455C15F-B1E5-4476-9378-9085EF3CDAD1}.Release|x64.ActiveCfg = Release|x64
		{A455C15F-B1E5-4476-9378-9085EF3CDAD1}.Release|x64.Build.0 = Release|x64
		{A455C15F-B1E5-4476-9378-9085EF3CDAD1}.Release|x86.ActiveCfg = Release|Win32
		{A455C15F-B1E5-4476-9378-9085EF3CDAD1}.Release|x86.Build.0 = Release|Win32
	EndGlobalSection
	GlobalSection(SolutionProperties) = preSolution
		HideSolutionNode = FALSE
	EndGlobalSection
	GlobalSection(NestedProjects) = preSolution
		{91091DB1-5B2E-4149-AF14-BFFE392B57B9} = {2C63DA67-1CA8-453F-9BAD-5F3F95A6A1D4}
		{BF5E637A-D6EE-418C-B681-445BB7EC8B1E} = {2C63DA67-1CA8-453F-9BAD-5F3F95A6A1D4}
		{B0DFF7A2-8500-420B-9D18-C08F4B0823C5} = {0DF310E6-79DF-4791-BFD9-B30F2560D8C5}
		{8AA1FF26-0D45-457C-A25B-1F10ABA31E24} = {0DF310E6-79DF-4791-BFD9-B30F2560D8C5}
		{24E0E456-C9D1-4A7E-BD80-ADEDF2B29060} = {0DF310E6-79DF-4791-BFD9-B30F2560D8C5}
		{7C6C2FCC-9A9B-438D-96C7-36ED6919491C} = {0DF310E6-79DF-4791-BFD9-B30F2560D8C5}
		{A69E3F21-DBF7-46E8-8C3A-C1F46EE26AA9} = {0DF310E6-79DF-4791-BFD9-B30F2560D8C5}
		{BF81A804-6282-431E-B490-FF9B2111331D} = {0DF310E6-79DF-4791-BFD9-B30F2560D8C5}
		{F5E98987-10B3-4B79-9152-2B858369B526} = {0DF310E6-79DF-4791-BFD9-B30F2560D8C5}
		{16CD3101-8848-41DB-9663-509CE1C49FB9} = {0DF310E6-79DF-4791-BFD9-B30F2560D8C5}
		{A455C15F-B1E5-4476-9378-9085EF3CDAD1} = {0DF310E6-79DF-4791-BFD9-B30F2560D8C5}
	EndGlobalSection
	GlobalSection(ExtensibilityGlobals) = postSolution
		SolutionGuid = {2E937C0E-62EB-4BF6-BB2F-7BCEE924DB6D}
	EndGlobalSection
EndGlobal
